<?xml version="1.0" encoding="utf-8"?>
<Project ToolsVersion="17.0" xmlns="http://schemas.microsoft.com/developer/msbuild/2003">
  <ItemGroup>
    <CustomBuild Include="D:\Repos\OpenAvnu\build_test\CMakeFiles\3c7cedaccba6bc87926e6b623bb4f209\RUN_TESTS_force.rule">
      <Filter>CMake Rules</Filter>
    </CustomBuild>
  </ItemGroup>
  <ItemGroup>
    <Filter Include="CMake Rules">
      <UniqueIdentifier>{587EB557-70DC-36D4-83AD-7AC3938198FC}</UniqueIdentifier>
    </Filter>
  </ItemGroup>
</Project>
