
Microsoft Visual Studio Solution File, Format Version 12.00
# Visual Studio Version 17
Project("{2150E333-8FDC-42A3-9474-1A3956D46DE8}") = "CMakePredefinedTargets", "CMakePredefinedTargets", "{48FEC547-EF26-3C7B-82DE-14A3EB7A3341}"
EndProject
Project("{8BC9CEB8-8B4A-11D0-8D11-00A0C91BC942}") = "ALL_BUILD", "ALL_BUILD.vcxproj", "{B40ACBF8-F604-329B-82D9-F2C4E05B0E26}"
	ProjectSection(ProjectDependencies) = postProject
		{FC89F9E1-C6FA-31CA-94DA-25D0D726CA35} = {FC89F9E1-C6FA-31CA-94DA-25D0D726CA35}
		{16BD93A5-8B4E-393B-AA50-A62A3652132F} = {16BD93A5-8B4E-393B-AA50-A62A3652132F}
		{F88D1E1D-AC37-3229-BADD-1C1CED8DE890} = {F88D1E1D-AC37-3229-BADD-1C1CED8DE890}
		{7326523F-F9D2-3888-8666-5FAF0C80B735} = {7326523F-F9D2-3888-8666-5FAF0C80B735}
		{BBDE252F-CC91-38D2-BD91-1DB8E9B459D9} = {BBDE252F-CC91-38D2-BD91-1DB8E9B459D9}
		{E13FE13C-4BB4-347F-9525-56736D1A5454} = {E13FE13C-4BB4-347F-9525-56736D1A5454}
		{57CAF05E-E3DC-3B7E-A00E-07B382EA8CF7} = {57CAF05E-E3DC-3B7E-A00E-07B382EA8CF7}
		{3AFED3ED-6D26-3EDF-9B6C-715A66A83C28} = {3AFED3ED-6D26-3EDF-9B6C-715A66A83C28}
		{E38DB801-415B-3879-B3C4-87129B4FDA22} = {E38DB801-415B-3879-B3C4-87129B4FDA22}
	EndProjectSection
EndProject
Project("{8BC9CEB8-8B4A-11D0-8D11-00A0C91BC942}") = "INSTALL", "INSTALL.vcxproj", "{E53D2805-0FF2-3DD4-8FF9-EBAF54FE2855}"
	ProjectSection(ProjectDependencies) = postProject
		{B40ACBF8-F604-329B-82D9-F2C4E05B0E26} = {B40ACBF8-F604-329B-82D9-F2C4E05B0E26}
		{FC89F9E1-C6FA-31CA-94DA-25D0D726CA35} = {FC89F9E1-C6FA-31CA-94DA-25D0D726CA35}
	EndProjectSection
EndProject
Project("{8BC9CEB8-8B4A-11D0-8D11-00A0C91BC942}") = "RUN_TESTS", "RUN_TESTS.vcxproj", "{769EEFFB-A88C-31B3-B2A2-DBD531D20739}"
	ProjectSection(ProjectDependencies) = postProject
		{FC89F9E1-C6FA-31CA-94DA-25D0D726CA35} = {FC89F9E1-C6FA-31CA-94DA-25D0D726CA35}
	EndProjectSection
EndProject
Project("{8BC9CEB8-8B4A-11D0-8D11-00A0C91BC942}") = "ZERO_CHECK", "..\\ZERO_CHECK.vcxproj", "{FC89F9E1-C6FA-31CA-94DA-25D0D726CA35}"
	ProjectSection(ProjectDependencies) = postProject
	EndProjectSection
EndProject
Project("{8BC9CEB8-8B4A-11D0-8D11-00A0C91BC942}") = "clock_quality_tests_consolidated", "conformance\avnu_alliance\gptp\clock_quality\clock_quality_tests_consolidated.vcxproj", "{16BD93A5-8B4E-393B-AA50-A62A3652132F}"
	ProjectSection(ProjectDependencies) = postProject
		{FC89F9E1-C6FA-31CA-94DA-25D0D726CA35} = {FC89F9E1-C6FA-31CA-94DA-25D0D726CA35}
	EndProjectSection
EndProject
Project("{8BC9CEB8-8B4A-11D0-8D11-00A0C91BC942}") = "measure_phase2_baseline", "performance\measure_phase2_baseline.vcxproj", "{D22142A1-E5DB-3620-B987-568038F6D51E}"
	ProjectSection(ProjectDependencies) = postProject
		{FC89F9E1-C6FA-31CA-94DA-25D0D726CA35} = {FC89F9E1-C6FA-31CA-94DA-25D0D726CA35}
		{7326523F-F9D2-3888-8666-5FAF0C80B735} = {7326523F-F9D2-3888-8666-5FAF0C80B735}
	EndProjectSection
EndProject
Project("{8BC9CEB8-8B4A-11D0-8D11-00A0C91BC942}") = "phase2_avb_integration_prototype", "integration\phase2\phase2_avb_integration_prototype.vcxproj", "{F88D1E1D-AC37-3229-BADD-1C1CED8DE890}"
	ProjectSection(ProjectDependencies) = postProject
		{FC89F9E1-C6FA-31CA-94DA-25D0D726CA35} = {FC89F9E1-C6FA-31CA-94DA-25D0D726CA35}
	EndProjectSection
EndProject
Project("{8BC9CEB8-8B4A-11D0-8D11-00A0C91BC942}") = "phase2_baseline_measurement", "performance\phase2_baseline_measurement.vcxproj", "{7326523F-F9D2-3888-8666-5FAF0C80B735}"
	ProjectSection(ProjectDependencies) = postProject
		{FC89F9E1-C6FA-31CA-94DA-25D0D726CA35} = {FC89F9E1-C6FA-31CA-94DA-25D0D726CA35}
	EndProjectSection
EndProject
Project("{8BC9CEB8-8B4A-11D0-8D11-00A0C91BC942}") = "phase2_user_feedback_collection", "integration\phase2\phase2_user_feedback_collection.vcxproj", "{BBDE252F-CC91-38D2-BD91-1DB8E9B459D9}"
	ProjectSection(ProjectDependencies) = postProject
		{FC89F9E1-C6FA-31CA-94DA-25D0D726CA35} = {FC89F9E1-C6FA-31CA-94DA-25D0D726CA35}
	EndProjectSection
EndProject
Project("{8BC9CEB8-8B4A-11D0-8D11-00A0C91BC942}") = "phase2_user_feedback_simulation", "integration\phase2\phase2_user_feedback_simulation.vcxproj", "{E13FE13C-4BB4-347F-9525-56736D1A5454}"
	ProjectSection(ProjectDependencies) = postProject
		{FC89F9E1-C6FA-31CA-94DA-25D0D726CA35} = {FC89F9E1-C6FA-31CA-94DA-25D0D726CA35}
	EndProjectSection
EndProject
Project("{8BC9CEB8-8B4A-11D0-8D11-00A0C91BC942}") = "phase3_production_test_consolidated", "integration\phase3\phase3_production_test_consolidated.vcxproj", "{57CAF05E-E3DC-3B7E-A00E-07B382EA8CF7}"
	ProjectSection(ProjectDependencies) = postProject
		{FC89F9E1-C6FA-31CA-94DA-25D0D726CA35} = {FC89F9E1-C6FA-31CA-94DA-25D0D726CA35}
	EndProjectSection
EndProject
Project("{8BC9CEB8-8B4A-11D0-8D11-00A0C91BC942}") = "run_phase2_avb_prototype", "integration\phase2\run_phase2_avb_prototype.vcxproj", "{BD8E71F4-30D0-37D6-9755-0550F169EACF}"
	ProjectSection(ProjectDependencies) = postProject
		{FC89F9E1-C6FA-31CA-94DA-25D0D726CA35} = {FC89F9E1-C6FA-31CA-94DA-25D0D726CA35}
		{F88D1E1D-AC37-3229-BADD-1C1CED8DE890} = {F88D1E1D-AC37-3229-BADD-1C1CED8DE890}
	EndProjectSection
EndProject
Project("{8BC9CEB8-8B4A-11D0-8D11-00A0C91BC942}") = "run_phase2_backend_integration_test", "integration\phase2\run_phase2_backend_integration_test.vcxproj", "{23FD3530-5566-3E2C-B2B6-2930454FE058}"
	ProjectSection(ProjectDependencies) = postProject
		{FC89F9E1-C6FA-31CA-94DA-25D0D726CA35} = {FC89F9E1-C6FA-31CA-94DA-25D0D726CA35}
		{E38DB801-415B-3879-B3C4-87129B4FDA22} = {E38DB801-415B-3879-B3C4-87129B4FDA22}
	EndProjectSection
EndProject
Project("{8BC9CEB8-8B4A-11D0-8D11-00A0C91BC942}") = "run_phase2_user_feedback_collection", "integration\phase2\run_phase2_user_feedback_collection.vcxproj", "{1F4B7E64-ED51-3E35-8343-198F8452C894}"
	ProjectSection(ProjectDependencies) = postProject
		{FC89F9E1-C6FA-31CA-94DA-25D0D726CA35} = {FC89F9E1-C6FA-31CA-94DA-25D0D726CA35}
		{BBDE252F-CC91-38D2-BD91-1DB8E9B459D9} = {BBDE252F-CC91-38D2-BD91-1DB8E9B459D9}
	EndProjectSection
EndProject
Project("{8BC9CEB8-8B4A-11D0-8D11-00A0C91BC942}") = "run_phase2_user_feedback_simulation", "integration\phase2\run_phase2_user_feedback_simulation.vcxproj", "{B610CBD2-5B05-346B-BC38-A42A1D93F8CB}"
	ProjectSection(ProjectDependencies) = postProject
		{FC89F9E1-C6FA-31CA-94DA-25D0D726CA35} = {FC89F9E1-C6FA-31CA-94DA-25D0D726CA35}
		{E13FE13C-4BB4-347F-9525-56736D1A5454} = {E13FE13C-4BB4-347F-9525-56736D1A5454}
	EndProjectSection
EndProject
Project("{8BC9CEB8-8B4A-11D0-8D11-00A0C91BC942}") = "test_all", "test_all.vcxproj", "{3F467A45-39F7-3CF7-96C5-97F2D7FF0119}"
	ProjectSection(ProjectDependencies) = postProject
		{FC89F9E1-C6FA-31CA-94DA-25D0D726CA35} = {FC89F9E1-C6FA-31CA-94DA-25D0D726CA35}
	EndProjectSection
EndProject
Project("{8BC9CEB8-8B4A-11D0-8D11-00A0C91BC942}") = "test_avtp_profile_validation", "test_avtp_profile_validation.vcxproj", "{3AFED3ED-6D26-3EDF-9B6C-715A66A83C28}"
	ProjectSection(ProjectDependencies) = postProject
		{FC89F9E1-C6FA-31CA-94DA-25D0D726CA35} = {FC89F9E1-C6FA-31CA-94DA-25D0D726CA35}
	EndProjectSection
EndProject
Project("{8BC9CEB8-8B4A-11D0-8D11-00A0C91BC942}") = "test_conformance", "test_conformance.vcxproj", "{1F586FDF-729F-352F-A7AB-F656D801992C}"
	ProjectSection(ProjectDependencies) = postProject
		{FC89F9E1-C6FA-31CA-94DA-25D0D726CA35} = {FC89F9E1-C6FA-31CA-94DA-25D0D726CA35}
		{16BD93A5-8B4E-393B-AA50-A62A3652132F} = {16BD93A5-8B4E-393B-AA50-A62A3652132F}
	EndProjectSection
EndProject
Project("{8BC9CEB8-8B4A-11D0-8D11-00A0C91BC942}") = "test_hardware", "test_hardware.vcxproj", "{0B738535-04D8-35B0-9AF7-FBE94AE5F804}"
	ProjectSection(ProjectDependencies) = postProject
		{FC89F9E1-C6FA-31CA-94DA-25D0D726CA35} = {FC89F9E1-C6FA-31CA-94DA-25D0D726CA35}
	EndProjectSection
EndProject
Project("{8BC9CEB8-8B4A-11D0-8D11-00A0C91BC942}") = "test_integration", "test_integration.vcxproj", "{63D5C6A1-C498-3C46-96E4-BE7A291C5FF9}"
	ProjectSection(ProjectDependencies) = postProject
		{FC89F9E1-C6FA-31CA-94DA-25D0D726CA35} = {FC89F9E1-C6FA-31CA-94DA-25D0D726CA35}
		{57CAF05E-E3DC-3B7E-A00E-07B382EA8CF7} = {57CAF05E-E3DC-3B7E-A00E-07B382EA8CF7}
		{E38DB801-415B-3879-B3C4-87129B4FDA22} = {E38DB801-415B-3879-B3C4-87129B4FDA22}
	EndProjectSection
EndProject
Project("{8BC9CEB8-8B4A-11D0-8D11-00A0C91BC942}") = "test_performance", "test_performance.vcxproj", "{00808148-ED4B-3D45-B81A-A917EDCB85B2}"
	ProjectSection(ProjectDependencies) = postProject
		{FC89F9E1-C6FA-31CA-94DA-25D0D726CA35} = {FC89F9E1-C6FA-31CA-94DA-25D0D726CA35}
	EndProjectSection
EndProject
Project("{8BC9CEB8-8B4A-11D0-8D11-00A0C91BC942}") = "test_phase2_backend_integration_consolidated", "integration\phase2\test_phase2_backend_integration_consolidated.vcxproj", "{E38DB801-415B-3879-B3C4-87129B4FDA22}"
	ProjectSection(ProjectDependencies) = postProject
		{FC89F9E1-C6FA-31CA-94DA-25D0D726CA35} = {FC89F9E1-C6FA-31CA-94DA-25D0D726CA35}
	EndProjectSection
EndProject
Global
	GlobalSection(SolutionConfigurationPlatforms) = preSolution
		Debug|x64 = Debug|x64
		Release|x64 = Release|x64
		MinSizeRel|x64 = MinSizeRel|x64
		RelWithDebInfo|x64 = RelWithDebInfo|x64
	EndGlobalSection
	GlobalSection(ProjectConfigurationPlatforms) = postSolution
		{B40ACBF8-F604-329B-82D9-F2C4E05B0E26}.Debug|x64.ActiveCfg = Debug|x64
		{B40ACBF8-F604-329B-82D9-F2C4E05B0E26}.Debug|x64.Build.0 = Debug|x64
		{B40ACBF8-F604-329B-82D9-F2C4E05B0E26}.Release|x64.ActiveCfg = Release|x64
		{B40ACBF8-F604-329B-82D9-F2C4E05B0E26}.Release|x64.Build.0 = Release|x64
		{B40ACBF8-F604-329B-82D9-F2C4E05B0E26}.MinSizeRel|x64.ActiveCfg = MinSizeRel|x64
		{B40ACBF8-F604-329B-82D9-F2C4E05B0E26}.MinSizeRel|x64.Build.0 = MinSizeRel|x64
		{B40ACBF8-F604-329B-82D9-F2C4E05B0E26}.RelWithDebInfo|x64.ActiveCfg = RelWithDebInfo|x64
		{B40ACBF8-F604-329B-82D9-F2C4E05B0E26}.RelWithDebInfo|x64.Build.0 = RelWithDebInfo|x64
		{E53D2805-0FF2-3DD4-8FF9-EBAF54FE2855}.Debug|x64.ActiveCfg = Debug|x64
		{E53D2805-0FF2-3DD4-8FF9-EBAF54FE2855}.Release|x64.ActiveCfg = Release|x64
		{E53D2805-0FF2-3DD4-8FF9-EBAF54FE2855}.MinSizeRel|x64.ActiveCfg = MinSizeRel|x64
		{E53D2805-0FF2-3DD4-8FF9-EBAF54FE2855}.RelWithDebInfo|x64.ActiveCfg = RelWithDebInfo|x64
		{769EEFFB-A88C-31B3-B2A2-DBD531D20739}.Debug|x64.ActiveCfg = Debug|x64
		{769EEFFB-A88C-31B3-B2A2-DBD531D20739}.Release|x64.ActiveCfg = Release|x64
		{769EEFFB-A88C-31B3-B2A2-DBD531D20739}.MinSizeRel|x64.ActiveCfg = MinSizeRel|x64
		{769EEFFB-A88C-31B3-B2A2-DBD531D20739}.RelWithDebInfo|x64.ActiveCfg = RelWithDebInfo|x64
		{FC89F9E1-C6FA-31CA-94DA-25D0D726CA35}.Debug|x64.ActiveCfg = Debug|x64
		{FC89F9E1-C6FA-31CA-94DA-25D0D726CA35}.Debug|x64.Build.0 = Debug|x64
		{FC89F9E1-C6FA-31CA-94DA-25D0D726CA35}.Release|x64.ActiveCfg = Release|x64
		{FC89F9E1-C6FA-31CA-94DA-25D0D726CA35}.Release|x64.Build.0 = Release|x64
		{FC89F9E1-C6FA-31CA-94DA-25D0D726CA35}.MinSizeRel|x64.ActiveCfg = MinSizeRel|x64
		{FC89F9E1-C6FA-31CA-94DA-25D0D726CA35}.MinSizeRel|x64.Build.0 = MinSizeRel|x64
		{FC89F9E1-C6FA-31CA-94DA-25D0D726CA35}.RelWithDebInfo|x64.ActiveCfg = RelWithDebInfo|x64
		{FC89F9E1-C6FA-31CA-94DA-25D0D726CA35}.RelWithDebInfo|x64.Build.0 = RelWithDebInfo|x64
		{16BD93A5-8B4E-393B-AA50-A62A3652132F}.Debug|x64.ActiveCfg = Debug|x64
		{16BD93A5-8B4E-393B-AA50-A62A3652132F}.Debug|x64.Build.0 = Debug|x64
		{16BD93A5-8B4E-393B-AA50-A62A3652132F}.Release|x64.ActiveCfg = Release|x64
		{16BD93A5-8B4E-393B-AA50-A62A3652132F}.Release|x64.Build.0 = Release|x64
		{16BD93A5-8B4E-393B-AA50-A62A3652132F}.MinSizeRel|x64.ActiveCfg = MinSizeRel|x64
		{16BD93A5-8B4E-393B-AA50-A62A3652132F}.MinSizeRel|x64.Build.0 = MinSizeRel|x64
		{16BD93A5-8B4E-393B-AA50-A62A3652132F}.RelWithDebInfo|x64.ActiveCfg = RelWithDebInfo|x64
		{16BD93A5-8B4E-393B-AA50-A62A3652132F}.RelWithDebInfo|x64.Build.0 = RelWithDebInfo|x64
		{D22142A1-E5DB-3620-B987-568038F6D51E}.Debug|x64.ActiveCfg = Debug|x64
		{D22142A1-E5DB-3620-B987-568038F6D51E}.Release|x64.ActiveCfg = Release|x64
		{D22142A1-E5DB-3620-B987-568038F6D51E}.MinSizeRel|x64.ActiveCfg = MinSizeRel|x64
		{D22142A1-E5DB-3620-B987-568038F6D51E}.RelWithDebInfo|x64.ActiveCfg = RelWithDebInfo|x64
		{F88D1E1D-AC37-3229-BADD-1C1CED8DE890}.Debug|x64.ActiveCfg = Debug|x64
		{F88D1E1D-AC37-3229-BADD-1C1CED8DE890}.Debug|x64.Build.0 = Debug|x64
		{F88D1E1D-AC37-3229-BADD-1C1CED8DE890}.Release|x64.ActiveCfg = Release|x64
		{F88D1E1D-AC37-3229-BADD-1C1CED8DE890}.Release|x64.Build.0 = Release|x64
		{F88D1E1D-AC37-3229-BADD-1C1CED8DE890}.MinSizeRel|x64.ActiveCfg = MinSizeRel|x64
		{F88D1E1D-AC37-3229-BADD-1C1CED8DE890}.MinSizeRel|x64.Build.0 = MinSizeRel|x64
		{F88D1E1D-AC37-3229-BADD-1C1CED8DE890}.RelWithDebInfo|x64.ActiveCfg = RelWithDebInfo|x64
		{F88D1E1D-AC37-3229-BADD-1C1CED8DE890}.RelWithDebInfo|x64.Build.0 = RelWithDebInfo|x64
		{7326523F-F9D2-3888-8666-5FAF0C80B735}.Debug|x64.ActiveCfg = Debug|x64
		{7326523F-F9D2-3888-8666-5FAF0C80B735}.Debug|x64.Build.0 = Debug|x64
		{7326523F-F9D2-3888-8666-5FAF0C80B735}.Release|x64.ActiveCfg = Release|x64
		{7326523F-F9D2-3888-8666-5FAF0C80B735}.Release|x64.Build.0 = Release|x64
		{7326523F-F9D2-3888-8666-5FAF0C80B735}.MinSizeRel|x64.ActiveCfg = MinSizeRel|x64
		{7326523F-F9D2-3888-8666-5FAF0C80B735}.MinSizeRel|x64.Build.0 = MinSizeRel|x64
		{7326523F-F9D2-3888-8666-5FAF0C80B735}.RelWithDebInfo|x64.ActiveCfg = RelWithDebInfo|x64
		{7326523F-F9D2-3888-8666-5FAF0C80B735}.RelWithDebInfo|x64.Build.0 = RelWithDebInfo|x64
		{BBDE252F-CC91-38D2-BD91-1DB8E9B459D9}.Debug|x64.ActiveCfg = Debug|x64
		{BBDE252F-CC91-38D2-BD91-1DB8E9B459D9}.Debug|x64.Build.0 = Debug|x64
		{BBDE252F-CC91-38D2-BD91-1DB8E9B459D9}.Release|x64.ActiveCfg = Release|x64
		{BBDE252F-CC91-38D2-BD91-1DB8E9B459D9}.Release|x64.Build.0 = Release|x64
		{BBDE252F-CC91-38D2-BD91-1DB8E9B459D9}.MinSizeRel|x64.ActiveCfg = MinSizeRel|x64
		{BBDE252F-CC91-38D2-BD91-1DB8E9B459D9}.MinSizeRel|x64.Build.0 = MinSizeRel|x64
		{BBDE252F-CC91-38D2-BD91-1DB8E9B459D9}.RelWithDebInfo|x64.ActiveCfg = RelWithDebInfo|x64
		{BBDE252F-CC91-38D2-BD91-1DB8E9B459D9}.RelWithDebInfo|x64.Build.0 = RelWithDebInfo|x64
		{E13FE13C-4BB4-347F-9525-56736D1A5454}.Debug|x64.ActiveCfg = Debug|x64
		{E13FE13C-4BB4-347F-9525-56736D1A5454}.Debug|x64.Build.0 = Debug|x64
		{E13FE13C-4BB4-347F-9525-56736D1A5454}.Release|x64.ActiveCfg = Release|x64
		{E13FE13C-4BB4-347F-9525-56736D1A5454}.Release|x64.Build.0 = Release|x64
		{E13FE13C-4BB4-347F-9525-56736D1A5454}.MinSizeRel|x64.ActiveCfg = MinSizeRel|x64
		{E13FE13C-4BB4-347F-9525-56736D1A5454}.MinSizeRel|x64.Build.0 = MinSizeRel|x64
		{E13FE13C-4BB4-347F-9525-56736D1A5454}.RelWithDebInfo|x64.ActiveCfg = RelWithDebInfo|x64
		{E13FE13C-4BB4-347F-9525-56736D1A5454}.RelWithDebInfo|x64.Build.0 = RelWithDebInfo|x64
		{57CAF05E-E3DC-3B7E-A00E-07B382EA8CF7}.Debug|x64.ActiveCfg = Debug|x64
		{57CAF05E-E3DC-3B7E-A00E-07B382EA8CF7}.Debug|x64.Build.0 = Debug|x64
		{57CAF05E-E3DC-3B7E-A00E-07B382EA8CF7}.Release|x64.ActiveCfg = Release|x64
		{57CAF05E-E3DC-3B7E-A00E-07B382EA8CF7}.Release|x64.Build.0 = Release|x64
		{57CAF05E-E3DC-3B7E-A00E-07B382EA8CF7}.MinSizeRel|x64.ActiveCfg = MinSizeRel|x64
		{57CAF05E-E3DC-3B7E-A00E-07B382EA8CF7}.MinSizeRel|x64.Build.0 = MinSizeRel|x64
		{57CAF05E-E3DC-3B7E-A00E-07B382EA8CF7}.RelWithDebInfo|x64.ActiveCfg = RelWithDebInfo|x64
		{57CAF05E-E3DC-3B7E-A00E-07B382EA8CF7}.RelWithDebInfo|x64.Build.0 = RelWithDebInfo|x64
		{BD8E71F4-30D0-37D6-9755-0550F169EACF}.Debug|x64.ActiveCfg = Debug|x64
		{BD8E71F4-30D0-37D6-9755-0550F169EACF}.Release|x64.ActiveCfg = Release|x64
		{BD8E71F4-30D0-37D6-9755-0550F169EACF}.MinSizeRel|x64.ActiveCfg = MinSizeRel|x64
		{BD8E71F4-30D0-37D6-9755-0550F169EACF}.RelWithDebInfo|x64.ActiveCfg = RelWithDebInfo|x64
		{23FD3530-5566-3E2C-B2B6-2930454FE058}.Debug|x64.ActiveCfg = Debug|x64
		{23FD3530-5566-3E2C-B2B6-2930454FE058}.Release|x64.ActiveCfg = Release|x64
		{23FD3530-5566-3E2C-B2B6-2930454FE058}.MinSizeRel|x64.ActiveCfg = MinSizeRel|x64
		{23FD3530-5566-3E2C-B2B6-2930454FE058}.RelWithDebInfo|x64.ActiveCfg = RelWithDebInfo|x64
		{1F4B7E64-ED51-3E35-8343-198F8452C894}.Debug|x64.ActiveCfg = Debug|x64
		{1F4B7E64-ED51-3E35-8343-198F8452C894}.Release|x64.ActiveCfg = Release|x64
		{1F4B7E64-ED51-3E35-8343-198F8452C894}.MinSizeRel|x64.ActiveCfg = MinSizeRel|x64
		{1F4B7E64-ED51-3E35-8343-198F8452C894}.RelWithDebInfo|x64.ActiveCfg = RelWithDebInfo|x64
		{B610CBD2-5B05-346B-BC38-A42A1D93F8CB}.Debug|x64.ActiveCfg = Debug|x64
		{B610CBD2-5B05-346B-BC38-A42A1D93F8CB}.Release|x64.ActiveCfg = Release|x64
		{B610CBD2-5B05-346B-BC38-A42A1D93F8CB}.MinSizeRel|x64.ActiveCfg = MinSizeRel|x64
		{B610CBD2-5B05-346B-BC38-A42A1D93F8CB}.RelWithDebInfo|x64.ActiveCfg = RelWithDebInfo|x64
		{3F467A45-39F7-3CF7-96C5-97F2D7FF0119}.Debug|x64.ActiveCfg = Debug|x64
		{3F467A45-39F7-3CF7-96C5-97F2D7FF0119}.Release|x64.ActiveCfg = Release|x64
		{3F467A45-39F7-3CF7-96C5-97F2D7FF0119}.MinSizeRel|x64.ActiveCfg = MinSizeRel|x64
		{3F467A45-39F7-3CF7-96C5-97F2D7FF0119}.RelWithDebInfo|x64.ActiveCfg = RelWithDebInfo|x64
		{3AFED3ED-6D26-3EDF-9B6C-715A66A83C28}.Debug|x64.ActiveCfg = Debug|x64
		{3AFED3ED-6D26-3EDF-9B6C-715A66A83C28}.Debug|x64.Build.0 = Debug|x64
		{3AFED3ED-6D26-3EDF-9B6C-715A66A83C28}.Release|x64.ActiveCfg = Release|x64
		{3AFED3ED-6D26-3EDF-9B6C-715A66A83C28}.Release|x64.Build.0 = Release|x64
		{3AFED3ED-6D26-3EDF-9B6C-715A66A83C28}.MinSizeRel|x64.ActiveCfg = MinSizeRel|x64
		{3AFED3ED-6D26-3EDF-9B6C-715A66A83C28}.MinSizeRel|x64.Build.0 = MinSizeRel|x64
		{3AFED3ED-6D26-3EDF-9B6C-715A66A83C28}.RelWithDebInfo|x64.ActiveCfg = RelWithDebInfo|x64
		{3AFED3ED-6D26-3EDF-9B6C-715A66A83C28}.RelWithDebInfo|x64.Build.0 = RelWithDebInfo|x64
		{1F586FDF-729F-352F-A7AB-F656D801992C}.Debug|x64.ActiveCfg = Debug|x64
		{1F586FDF-729F-352F-A7AB-F656D801992C}.Release|x64.ActiveCfg = Release|x64
		{1F586FDF-729F-352F-A7AB-F656D801992C}.MinSizeRel|x64.ActiveCfg = MinSizeRel|x64
		{1F586FDF-729F-352F-A7AB-F656D801992C}.RelWithDebInfo|x64.ActiveCfg = RelWithDebInfo|x64
		{0B738535-04D8-35B0-9AF7-FBE94AE5F804}.Debug|x64.ActiveCfg = Debug|x64
		{0B738535-04D8-35B0-9AF7-FBE94AE5F804}.Release|x64.ActiveCfg = Release|x64
		{0B738535-04D8-35B0-9AF7-FBE94AE5F804}.MinSizeRel|x64.ActiveCfg = MinSizeRel|x64
		{0B738535-04D8-35B0-9AF7-FBE94AE5F804}.RelWithDebInfo|x64.ActiveCfg = RelWithDebInfo|x64
		{63D5C6A1-C498-3C46-96E4-BE7A291C5FF9}.Debug|x64.ActiveCfg = Debug|x64
		{63D5C6A1-C498-3C46-96E4-BE7A291C5FF9}.Release|x64.ActiveCfg = Release|x64
		{63D5C6A1-C498-3C46-96E4-BE7A291C5FF9}.MinSizeRel|x64.ActiveCfg = MinSizeRel|x64
		{63D5C6A1-C498-3C46-96E4-BE7A291C5FF9}.RelWithDebInfo|x64.ActiveCfg = RelWithDebInfo|x64
		{00808148-ED4B-3D45-B81A-A917EDCB85B2}.Debug|x64.ActiveCfg = Debug|x64
		{00808148-ED4B-3D45-B81A-A917EDCB85B2}.Release|x64.ActiveCfg = Release|x64
		{00808148-ED4B-3D45-B81A-A917EDCB85B2}.MinSizeRel|x64.ActiveCfg = MinSizeRel|x64
		{00808148-ED4B-3D45-B81A-A917EDCB85B2}.RelWithDebInfo|x64.ActiveCfg = RelWithDebInfo|x64
		{E38DB801-415B-3879-B3C4-87129B4FDA22}.Debug|x64.ActiveCfg = Debug|x64
		{E38DB801-415B-3879-B3C4-87129B4FDA22}.Debug|x64.Build.0 = Debug|x64
		{E38DB801-415B-3879-B3C4-87129B4FDA22}.Release|x64.ActiveCfg = Release|x64
		{E38DB801-415B-3879-B3C4-87129B4FDA22}.Release|x64.Build.0 = Release|x64
		{E38DB801-415B-3879-B3C4-87129B4FDA22}.MinSizeRel|x64.ActiveCfg = MinSizeRel|x64
		{E38DB801-415B-3879-B3C4-87129B4FDA22}.MinSizeRel|x64.Build.0 = MinSizeRel|x64
		{E38DB801-415B-3879-B3C4-87129B4FDA22}.RelWithDebInfo|x64.ActiveCfg = RelWithDebInfo|x64
		{E38DB801-415B-3879-B3C4-87129B4FDA22}.RelWithDebInfo|x64.Build.0 = RelWithDebInfo|x64
	EndGlobalSection
	GlobalSection(NestedProjects) = preSolution
		{B40ACBF8-F604-329B-82D9-F2C4E05B0E26} = {48FEC547-EF26-3C7B-82DE-14A3EB7A3341}
		{E53D2805-0FF2-3DD4-8FF9-EBAF54FE2855} = {48FEC547-EF26-3C7B-82DE-14A3EB7A3341}
		{769EEFFB-A88C-31B3-B2A2-DBD531D20739} = {48FEC547-EF26-3C7B-82DE-14A3EB7A3341}
		{FC89F9E1-C6FA-31CA-94DA-25D0D726CA35} = {48FEC547-EF26-3C7B-82DE-14A3EB7A3341}
	EndGlobalSection
	GlobalSection(ExtensibilityGlobals) = postSolution
		SolutionGuid = {09D48AC0-DAF5-31F8-9DD1-D36CD0AC2A2A}
	EndGlobalSection
	GlobalSection(ExtensibilityAddIns) = postSolution
	EndGlobalSection
EndGlobal
