<?xml version="1.0" encoding="utf-8"?>
<Project ToolsVersion="17.0" xmlns="http://schemas.microsoft.com/developer/msbuild/2003">
  <ItemGroup>
    <CustomBuild Include="D:\Repos\OpenAvnu\build_verify\CMakeFiles\581df65b8a36d75cc3e0d7dfcb901d3c\test_hardware.rule">
      <Filter>CMake Rules</Filter>
    </CustomBuild>
    <CustomBuild Include="D:\Repos\OpenAvnu\testing\CMakeLists.txt" />
  </ItemGroup>
  <ItemGroup>
    <None Include="D:\Repos\OpenAvnu\build_verify\testing\CMakeFiles\test_hardware" />
  </ItemGroup>
  <ItemGroup>
    <Filter Include="CMake Rules">
      <UniqueIdentifier>{B9DDCE72-A923-3A28-8CC8-C103BFEDB155}</UniqueIdentifier>
    </Filter>
  </ItemGroup>
</Project>
