<?xml version="1.0" encoding="utf-8"?>
<Project ToolsVersion="17.0" xmlns="http://schemas.microsoft.com/developer/msbuild/2003">
  <ItemGroup>
    <CustomBuild Include="D:\Repos\OpenAvnu\build-test\CMakeFiles\09d08dc2b144d9bfb2b73228c33efd67\RUN_TESTS_force.rule">
      <Filter>CMake Rules</Filter>
    </CustomBuild>
  </ItemGroup>
  <ItemGroup>
    <Filter Include="CMake Rules">
      <UniqueIdentifier>{21A9AE7F-5BDD-3CC2-9CFE-64F6BBA41746}</UniqueIdentifier>
    </Filter>
  </ItemGroup>
</Project>
