
Microsoft Visual Studio Solution File, Format Version 12.00
# Visual Studio Version 17
Project("{8BC9CEB8-8B4A-11D0-8D11-00A0C91BC942}") = "ALL_BUILD", "ALL_BUILD.vcxproj", "{FA9A5718-064F-3815-8954-0A3FFEF4EC51}"
	ProjectSection(ProjectDependencies) = postProject
		{B527BF9E-33FB-3F0E-B897-4E9BFF9AD96B} = {B527BF9E-33FB-3F0E-B897-4E9BFF9AD96B}
		{B7B80780-7899-3A1F-8114-F7556705F6CF} = {B7B80780-7899-3A1F-8114-F7556705F6CF}
	EndProjectSection
EndProject
Project("{8BC9CEB8-8B4A-11D0-8D11-00A0C91BC942}") = "INSTALL", "INSTALL.vcxproj", "{E7AE583D-0D41-347C-AA01-26B21B321A61}"
	ProjectSection(ProjectDependencies) = postProject
		{FA9A5718-064F-3815-8954-0A3FFEF4EC51} = {FA9A5718-064F-3815-8954-0A3FFEF4EC51}
		{B527BF9E-33FB-3F0E-B897-4E9BFF9AD96B} = {B527BF9E-33FB-3F0E-B897-4E9BFF9AD96B}
	EndProjectSection
EndProject
Project("{8BC9CEB8-8B4A-11D0-8D11-00A0C91BC942}") = "ZERO_CHECK", "ZERO_CHECK.vcxproj", "{B527BF9E-33FB-3F0E-B897-4E9BFF9AD96B}"
	ProjectSection(ProjectDependencies) = postProject
	EndProjectSection
EndProject
Project("{8BC9CEB8-8B4A-11D0-8D11-00A0C91BC942}") = "ieee_802_1as_2021_pure_standard", "ieee_802_1as_2021_pure_standard.vcxproj", "{B7B80780-7899-3A1F-8114-F7556705F6CF}"
	ProjectSection(ProjectDependencies) = postProject
		{B527BF9E-33FB-3F0E-B897-4E9BFF9AD96B} = {B527BF9E-33FB-3F0E-B897-4E9BFF9AD96B}
	EndProjectSection
EndProject
Global
	GlobalSection(SolutionConfigurationPlatforms) = preSolution
		Debug|x64 = Debug|x64
		Release|x64 = Release|x64
		MinSizeRel|x64 = MinSizeRel|x64
		RelWithDebInfo|x64 = RelWithDebInfo|x64
	EndGlobalSection
	GlobalSection(ProjectConfigurationPlatforms) = postSolution
		{FA9A5718-064F-3815-8954-0A3FFEF4EC51}.Debug|x64.ActiveCfg = Debug|x64
		{FA9A5718-064F-3815-8954-0A3FFEF4EC51}.Debug|x64.Build.0 = Debug|x64
		{FA9A5718-064F-3815-8954-0A3FFEF4EC51}.Release|x64.ActiveCfg = Release|x64
		{FA9A5718-064F-3815-8954-0A3FFEF4EC51}.Release|x64.Build.0 = Release|x64
		{FA9A5718-064F-3815-8954-0A3FFEF4EC51}.MinSizeRel|x64.ActiveCfg = MinSizeRel|x64
		{FA9A5718-064F-3815-8954-0A3FFEF4EC51}.MinSizeRel|x64.Build.0 = MinSizeRel|x64
		{FA9A5718-064F-3815-8954-0A3FFEF4EC51}.RelWithDebInfo|x64.ActiveCfg = RelWithDebInfo|x64
		{FA9A5718-064F-3815-8954-0A3FFEF4EC51}.RelWithDebInfo|x64.Build.0 = RelWithDebInfo|x64
		{E7AE583D-0D41-347C-AA01-26B21B321A61}.Debug|x64.ActiveCfg = Debug|x64
		{E7AE583D-0D41-347C-AA01-26B21B321A61}.Release|x64.ActiveCfg = Release|x64
		{E7AE583D-0D41-347C-AA01-26B21B321A61}.MinSizeRel|x64.ActiveCfg = MinSizeRel|x64
		{E7AE583D-0D41-347C-AA01-26B21B321A61}.RelWithDebInfo|x64.ActiveCfg = RelWithDebInfo|x64
		{B527BF9E-33FB-3F0E-B897-4E9BFF9AD96B}.Debug|x64.ActiveCfg = Debug|x64
		{B527BF9E-33FB-3F0E-B897-4E9BFF9AD96B}.Debug|x64.Build.0 = Debug|x64
		{B527BF9E-33FB-3F0E-B897-4E9BFF9AD96B}.Release|x64.ActiveCfg = Release|x64
		{B527BF9E-33FB-3F0E-B897-4E9BFF9AD96B}.Release|x64.Build.0 = Release|x64
		{B527BF9E-33FB-3F0E-B897-4E9BFF9AD96B}.MinSizeRel|x64.ActiveCfg = MinSizeRel|x64
		{B527BF9E-33FB-3F0E-B897-4E9BFF9AD96B}.MinSizeRel|x64.Build.0 = MinSizeRel|x64
		{B527BF9E-33FB-3F0E-B897-4E9BFF9AD96B}.RelWithDebInfo|x64.ActiveCfg = RelWithDebInfo|x64
		{B527BF9E-33FB-3F0E-B897-4E9BFF9AD96B}.RelWithDebInfo|x64.Build.0 = RelWithDebInfo|x64
		{B7B80780-7899-3A1F-8114-F7556705F6CF}.Debug|x64.ActiveCfg = Debug|x64
		{B7B80780-7899-3A1F-8114-F7556705F6CF}.Debug|x64.Build.0 = Debug|x64
		{B7B80780-7899-3A1F-8114-F7556705F6CF}.Release|x64.ActiveCfg = Release|x64
		{B7B80780-7899-3A1F-8114-F7556705F6CF}.Release|x64.Build.0 = Release|x64
		{B7B80780-7899-3A1F-8114-F7556705F6CF}.MinSizeRel|x64.ActiveCfg = MinSizeRel|x64
		{B7B80780-7899-3A1F-8114-F7556705F6CF}.MinSizeRel|x64.Build.0 = MinSizeRel|x64
		{B7B80780-7899-3A1F-8114-F7556705F6CF}.RelWithDebInfo|x64.ActiveCfg = RelWithDebInfo|x64
		{B7B80780-7899-3A1F-8114-F7556705F6CF}.RelWithDebInfo|x64.Build.0 = RelWithDebInfo|x64
	EndGlobalSection
	GlobalSection(ExtensibilityGlobals) = postSolution
		SolutionGuid = {A9B2A7A7-5F01-3456-BB2C-FA547CE20F8F}
	EndGlobalSection
	GlobalSection(ExtensibilityAddIns) = postSolution
	EndGlobalSection
EndGlobal
