<?xml version="1.0" encoding="utf-8"?>
<Project ToolsVersion="17.0" xmlns="http://schemas.microsoft.com/developer/msbuild/2003">
  <ItemGroup>
    <ClCompile Include="D:\Repos\OpenAvnu\build_pure\time_sync_engine_clean.cpp">
      <Filter>Source Files</Filter>
    </ClCompile>
  </ItemGroup>
  <ItemGroup>
    <ClInclude Include="D:\Repos\OpenAvnu\build_pure\ieee_802_1as_2021_fixed.h">
      <Filter>Header Files</Filter>
    </ClInclude>
    <ClInclude Include="D:\Repos\OpenAvnu\build_pure\time_sync_engine_fixed.h">
      <Filter>Header Files</Filter>
    </ClInclude>
  </ItemGroup>
  <ItemGroup>
    <CustomBuild Include="D:\Repos\OpenAvnu\build_pure\CMakeLists.txt" />
  </ItemGroup>
  <ItemGroup>
    <Filter Include="Header Files">
      <UniqueIdentifier>{8CC2B90B-22FB-3D11-9EBE-98E9423FC02F}</UniqueIdentifier>
    </Filter>
    <Filter Include="Source Files">
      <UniqueIdentifier>{344417E7-5853-3B94-8783-46B329F5D60D}</UniqueIdentifier>
    </Filter>
  </ItemGroup>
</Project>
