
Microsoft Visual Studio Solution File, Format Version 12.00
# Visual Studio Version 17
Project("{2150E333-8FDC-42A3-9474-1A3956D46DE8}") = "CMakePredefinedTargets", "CMakePredefinedTargets", "{48FEC547-EF26-3C7B-82DE-14A3EB7A3341}"
EndProject
Project("{2150E333-8FDC-42A3-9474-1A3956D46DE8}") = "CTestDashboardTargets", "CTestDashboardTargets", "{5379A357-9FB9-3B9E-856B-1C83E4FB4AF1}"
EndProject
Project("{2150E333-8FDC-42A3-9474-1A3956D46DE8}") = "Daemons", "Daemons", "{95F5FD99-15E0-32D3-9638-16CEEEFE3254}"
EndProject
Project("{2150E333-8FDC-42A3-9474-1A3956D46DE8}") = "Libraries", "Libraries", "{C94C23C2-CB72-3CA4-B114-13BCAD0F6912}"
EndProject
Project("{8BC9CEB8-8B4A-11D0-8D11-00A0C91BC942}") = "ALL_BUILD", "ALL_BUILD.vcxproj", "{B40ACBF8-F604-329B-82D9-F2C4E05B0E26}"
	ProjectSection(ProjectDependencies) = postProject
		{CE7585DA-9587-3294-9F12-47DAAC7EA3F9} = {CE7585DA-9587-3294-9F12-47DAAC7EA3F9}
		{2DE0D6CF-FCA3-349C-A379-D4A231D0E57C} = {2DE0D6CF-FCA3-349C-A379-D4A231D0E57C}
		{1C1EF3B2-5935-3358-B643-B36E551E05BF} = {1C1EF3B2-5935-3358-B643-B36E551E05BF}
		{C143D6CE-ABA1-3103-B74F-6DC1A313ADC8} = {C143D6CE-ABA1-3103-B74F-6DC1A313ADC8}
		{FC89F9E1-C6FA-31CA-94DA-25D0D726CA35} = {FC89F9E1-C6FA-31CA-94DA-25D0D726CA35}
		{43C133D7-5ED0-3FBB-97ED-7659CB3C7F5A} = {43C133D7-5ED0-3FBB-97ED-7659CB3C7F5A}
		{52A68EB8-6B02-3CD1-978A-6AD7074D03FA} = {52A68EB8-6B02-3CD1-978A-6AD7074D03FA}
		{16BD93A5-8B4E-393B-AA50-A62A3652132F} = {16BD93A5-8B4E-393B-AA50-A62A3652132F}
		{BC4B65EB-1785-3EAB-9FDE-A7F3D5039B15} = {BC4B65EB-1785-3EAB-9FDE-A7F3D5039B15}
		{9910164C-C4C3-3761-B45B-4F2A5B9A169E} = {9910164C-C4C3-3761-B45B-4F2A5B9A169E}
		{477C1270-A767-3279-8B29-1DE3A4ADD0ED} = {477C1270-A767-3279-8B29-1DE3A4ADD0ED}
		{C160BD37-46BF-39E6-91A4-2BE3D7E3F121} = {C160BD37-46BF-39E6-91A4-2BE3D7E3F121}
		{BBD09358-DED5-310C-9126-378D557E950C} = {BBD09358-DED5-310C-9126-378D557E950C}
		{7F915726-5263-3649-976A-AF98E45FADEC} = {7F915726-5263-3649-976A-AF98E45FADEC}
		{E2136B4B-A803-31ED-B57B-F60361F78ACB} = {E2136B4B-A803-31ED-B57B-F60361F78ACB}
		{7404178F-725D-3A97-9A54-5F58286F8D41} = {7404178F-725D-3A97-9A54-5F58286F8D41}
		{5CD9A932-54EC-3A18-AADB-46F97C94315F} = {5CD9A932-54EC-3A18-AADB-46F97C94315F}
		{64A769EB-7BE6-3911-B062-5F5CAC029BB7} = {64A769EB-7BE6-3911-B062-5F5CAC029BB7}
		{E5C13B84-7F66-3063-B39F-3B8D353B1530} = {E5C13B84-7F66-3063-B39F-3B8D353B1530}
		{BADDD0F2-10B4-3C17-9A42-85403FDDBEC1} = {BADDD0F2-10B4-3C17-9A42-85403FDDBEC1}
		{E9B15784-6B3B-3287-BC2D-D95157688F19} = {E9B15784-6B3B-3287-BC2D-D95157688F19}
		{09E4C80F-BD8A-312B-8C22-EAD554F6F301} = {09E4C80F-BD8A-312B-8C22-EAD554F6F301}
		{84419A75-D181-3638-9384-D5DD5E427B87} = {84419A75-D181-3638-9384-D5DD5E427B87}
		{C2D458DE-E9D2-366A-BA74-1A6C2C3B3A65} = {C2D458DE-E9D2-366A-BA74-1A6C2C3B3A65}
		{F88D1E1D-AC37-3229-BADD-1C1CED8DE890} = {F88D1E1D-AC37-3229-BADD-1C1CED8DE890}
		{7326523F-F9D2-3888-8666-5FAF0C80B735} = {7326523F-F9D2-3888-8666-5FAF0C80B735}
		{BBDE252F-CC91-38D2-BD91-1DB8E9B459D9} = {BBDE252F-CC91-38D2-BD91-1DB8E9B459D9}
		{E13FE13C-4BB4-347F-9525-56736D1A5454} = {E13FE13C-4BB4-347F-9525-56736D1A5454}
		{57CAF05E-E3DC-3B7E-A00E-07B382EA8CF7} = {57CAF05E-E3DC-3B7E-A00E-07B382EA8CF7}
		{8F9242B2-FE3E-33FC-946E-2475C23225B4} = {8F9242B2-FE3E-33FC-946E-2475C23225B4}
		{3AFED3ED-6D26-3EDF-9B6C-715A66A83C28} = {3AFED3ED-6D26-3EDF-9B6C-715A66A83C28}
		{834AE300-BC54-31A5-B521-9716D31714F5} = {834AE300-BC54-31A5-B521-9716D31714F5}
		{E38DB801-415B-3879-B3C4-87129B4FDA22} = {E38DB801-415B-3879-B3C4-87129B4FDA22}
	EndProjectSection
EndProject
Project("{8BC9CEB8-8B4A-11D0-8D11-00A0C91BC942}") = "Continuous", "thirdparty\cpputest\Continuous.vcxproj", "{BF8D351B-B6C9-31C1-B2FA-FEFB2573C49B}"
	ProjectSection(ProjectDependencies) = postProject
		{FC89F9E1-C6FA-31CA-94DA-25D0D726CA35} = {FC89F9E1-C6FA-31CA-94DA-25D0D726CA35}
	EndProjectSection
EndProject
Project("{8BC9CEB8-8B4A-11D0-8D11-00A0C91BC942}") = "CppUTest", "thirdparty\cpputest\src\CppUTest\CppUTest.vcxproj", "{CE7585DA-9587-3294-9F12-47DAAC7EA3F9}"
	ProjectSection(ProjectDependencies) = postProject
		{FC89F9E1-C6FA-31CA-94DA-25D0D726CA35} = {FC89F9E1-C6FA-31CA-94DA-25D0D726CA35}
	EndProjectSection
EndProject
Project("{8BC9CEB8-8B4A-11D0-8D11-00A0C91BC942}") = "CppUTestExt", "thirdparty\cpputest\src\CppUTestExt\CppUTestExt.vcxproj", "{2DE0D6CF-FCA3-349C-A379-D4A231D0E57C}"
	ProjectSection(ProjectDependencies) = postProject
		{FC89F9E1-C6FA-31CA-94DA-25D0D726CA35} = {FC89F9E1-C6FA-31CA-94DA-25D0D726CA35}
	EndProjectSection
EndProject
Project("{8BC9CEB8-8B4A-11D0-8D11-00A0C91BC942}") = "CppUTestExtTests", "thirdparty\cpputest\tests\CppUTestExt\CppUTestExtTests.vcxproj", "{1C1EF3B2-5935-3358-B643-B36E551E05BF}"
	ProjectSection(ProjectDependencies) = postProject
		{CE7585DA-9587-3294-9F12-47DAAC7EA3F9} = {CE7585DA-9587-3294-9F12-47DAAC7EA3F9}
		{2DE0D6CF-FCA3-349C-A379-D4A231D0E57C} = {2DE0D6CF-FCA3-349C-A379-D4A231D0E57C}
		{FC89F9E1-C6FA-31CA-94DA-25D0D726CA35} = {FC89F9E1-C6FA-31CA-94DA-25D0D726CA35}
	EndProjectSection
EndProject
Project("{8BC9CEB8-8B4A-11D0-8D11-00A0C91BC942}") = "CppUTestTests", "thirdparty\cpputest\tests\CppUTest\CppUTestTests.vcxproj", "{C143D6CE-ABA1-3103-B74F-6DC1A313ADC8}"
	ProjectSection(ProjectDependencies) = postProject
		{CE7585DA-9587-3294-9F12-47DAAC7EA3F9} = {CE7585DA-9587-3294-9F12-47DAAC7EA3F9}
		{FC89F9E1-C6FA-31CA-94DA-25D0D726CA35} = {FC89F9E1-C6FA-31CA-94DA-25D0D726CA35}
	EndProjectSection
EndProject
Project("{8BC9CEB8-8B4A-11D0-8D11-00A0C91BC942}") = "Experimental", "thirdparty\cpputest\Experimental.vcxproj", "{E442F303-AA00-3729-8974-E260D044B842}"
	ProjectSection(ProjectDependencies) = postProject
		{FC89F9E1-C6FA-31CA-94DA-25D0D726CA35} = {FC89F9E1-C6FA-31CA-94DA-25D0D726CA35}
	EndProjectSection
EndProject
Project("{8BC9CEB8-8B4A-11D0-8D11-00A0C91BC942}") = "INSTALL", "INSTALL.vcxproj", "{E53D2805-0FF2-3DD4-8FF9-EBAF54FE2855}"
	ProjectSection(ProjectDependencies) = postProject
		{B40ACBF8-F604-329B-82D9-F2C4E05B0E26} = {B40ACBF8-F604-329B-82D9-F2C4E05B0E26}
		{FC89F9E1-C6FA-31CA-94DA-25D0D726CA35} = {FC89F9E1-C6FA-31CA-94DA-25D0D726CA35}
	EndProjectSection
EndProject
Project("{8BC9CEB8-8B4A-11D0-8D11-00A0C91BC942}") = "Nightly", "thirdparty\cpputest\Nightly.vcxproj", "{A45B4C68-F908-3E76-9D94-B5A49F407348}"
	ProjectSection(ProjectDependencies) = postProject
		{FC89F9E1-C6FA-31CA-94DA-25D0D726CA35} = {FC89F9E1-C6FA-31CA-94DA-25D0D726CA35}
	EndProjectSection
EndProject
Project("{8BC9CEB8-8B4A-11D0-8D11-00A0C91BC942}") = "NightlyMemoryCheck", "thirdparty\cpputest\NightlyMemoryCheck.vcxproj", "{21BDB722-6E2B-33BB-88F4-48CA7D7C8D23}"
	ProjectSection(ProjectDependencies) = postProject
		{FC89F9E1-C6FA-31CA-94DA-25D0D726CA35} = {FC89F9E1-C6FA-31CA-94DA-25D0D726CA35}
	EndProjectSection
EndProject
Project("{8BC9CEB8-8B4A-11D0-8D11-00A0C91BC942}") = "RUN_TESTS", "RUN_TESTS.vcxproj", "{769EEFFB-A88C-31B3-B2A2-DBD531D20739}"
	ProjectSection(ProjectDependencies) = postProject
		{FC89F9E1-C6FA-31CA-94DA-25D0D726CA35} = {FC89F9E1-C6FA-31CA-94DA-25D0D726CA35}
	EndProjectSection
EndProject
Project("{8BC9CEB8-8B4A-11D0-8D11-00A0C91BC942}") = "ZERO_CHECK", "ZERO_CHECK.vcxproj", "{FC89F9E1-C6FA-31CA-94DA-25D0D726CA35}"
	ProjectSection(ProjectDependencies) = postProject
	EndProjectSection
EndProject
Project("{8BC9CEB8-8B4A-11D0-8D11-00A0C91BC942}") = "alltests", "daemons\common\tests\alltests.vcxproj", "{43C133D7-5ED0-3FBB-97ED-7659CB3C7F5A}"
	ProjectSection(ProjectDependencies) = postProject
		{CE7585DA-9587-3294-9F12-47DAAC7EA3F9} = {CE7585DA-9587-3294-9F12-47DAAC7EA3F9}
		{2DE0D6CF-FCA3-349C-A379-D4A231D0E57C} = {2DE0D6CF-FCA3-349C-A379-D4A231D0E57C}
		{FC89F9E1-C6FA-31CA-94DA-25D0D726CA35} = {FC89F9E1-C6FA-31CA-94DA-25D0D726CA35}
	EndProjectSection
EndProject
Project("{8BC9CEB8-8B4A-11D0-8D11-00A0C91BC942}") = "clock_quality_demo", "examples\clock_quality_demo\clock_quality_demo.vcxproj", "{52A68EB8-6B02-3CD1-978A-6AD7074D03FA}"
	ProjectSection(ProjectDependencies) = postProject
		{FC89F9E1-C6FA-31CA-94DA-25D0D726CA35} = {FC89F9E1-C6FA-31CA-94DA-25D0D726CA35}
	EndProjectSection
EndProject
Project("{8BC9CEB8-8B4A-11D0-8D11-00A0C91BC942}") = "clock_quality_tests_consolidated", "testing\conformance\avnu_alliance\gptp\clock_quality\clock_quality_tests_consolidated.vcxproj", "{16BD93A5-8B4E-393B-AA50-A62A3652132F}"
	ProjectSection(ProjectDependencies) = postProject
		{FC89F9E1-C6FA-31CA-94DA-25D0D726CA35} = {FC89F9E1-C6FA-31CA-94DA-25D0D726CA35}
	EndProjectSection
EndProject
Project("{8BC9CEB8-8B4A-11D0-8D11-00A0C91BC942}") = "config_demo", "examples\clock_quality_demo\config_demo.vcxproj", "{BC4B65EB-1785-3EAB-9FDE-A7F3D5039B15}"
	ProjectSection(ProjectDependencies) = postProject
		{FC89F9E1-C6FA-31CA-94DA-25D0D726CA35} = {FC89F9E1-C6FA-31CA-94DA-25D0D726CA35}
	EndProjectSection
EndProject
Project("{8BC9CEB8-8B4A-11D0-8D11-00A0C91BC942}") = "gptp", "thirdparty\gptp\gptp.vcxproj", "{9910164C-C4C3-3761-B45B-4F2A5B9A169E}"
	ProjectSection(ProjectDependencies) = postProject
		{FC89F9E1-C6FA-31CA-94DA-25D0D726CA35} = {FC89F9E1-C6FA-31CA-94DA-25D0D726CA35}
	EndProjectSection
EndProject
Project("{8BC9CEB8-8B4A-11D0-8D11-00A0C91BC942}") = "grandmaster_tests", "lib\avtp_pipeline\tests\grandmaster_tests.vcxproj", "{477C1270-A767-3279-8B29-1DE3A4ADD0ED}"
	ProjectSection(ProjectDependencies) = postProject
		{CE7585DA-9587-3294-9F12-47DAAC7EA3F9} = {CE7585DA-9587-3294-9F12-47DAAC7EA3F9}
		{2DE0D6CF-FCA3-349C-A379-D4A231D0E57C} = {2DE0D6CF-FCA3-349C-A379-D4A231D0E57C}
		{FC89F9E1-C6FA-31CA-94DA-25D0D726CA35} = {FC89F9E1-C6FA-31CA-94DA-25D0D726CA35}
	EndProjectSection
EndProject
Project("{8BC9CEB8-8B4A-11D0-8D11-00A0C91BC942}") = "la_avdecc_controller_cxx", "lib\la_avdecc\src\controller\la_avdecc_controller_cxx.vcxproj", "{C160BD37-46BF-39E6-91A4-2BE3D7E3F121}"
	ProjectSection(ProjectDependencies) = postProject
		{FC89F9E1-C6FA-31CA-94DA-25D0D726CA35} = {FC89F9E1-C6FA-31CA-94DA-25D0D726CA35}
		{7F915726-5263-3649-976A-AF98E45FADEC} = {7F915726-5263-3649-976A-AF98E45FADEC}
		{7404178F-725D-3A97-9A54-5F58286F8D41} = {7404178F-725D-3A97-9A54-5F58286F8D41}
	EndProjectSection
EndProject
Project("{8BC9CEB8-8B4A-11D0-8D11-00A0C91BC942}") = "la_avdecc_controller_static", "lib\la_avdecc\src\controller\la_avdecc_controller_static.vcxproj", "{BBD09358-DED5-310C-9126-378D557E950C}"
	ProjectSection(ProjectDependencies) = postProject
		{FC89F9E1-C6FA-31CA-94DA-25D0D726CA35} = {FC89F9E1-C6FA-31CA-94DA-25D0D726CA35}
		{E2136B4B-A803-31ED-B57B-F60361F78ACB} = {E2136B4B-A803-31ED-B57B-F60361F78ACB}
		{7404178F-725D-3A97-9A54-5F58286F8D41} = {7404178F-725D-3A97-9A54-5F58286F8D41}
	EndProjectSection
EndProject
Project("{8BC9CEB8-8B4A-11D0-8D11-00A0C91BC942}") = "la_avdecc_cxx", "lib\la_avdecc\src\la_avdecc_cxx.vcxproj", "{7F915726-5263-3649-976A-AF98E45FADEC}"
	ProjectSection(ProjectDependencies) = postProject
		{FC89F9E1-C6FA-31CA-94DA-25D0D726CA35} = {FC89F9E1-C6FA-31CA-94DA-25D0D726CA35}
		{7404178F-725D-3A97-9A54-5F58286F8D41} = {7404178F-725D-3A97-9A54-5F58286F8D41}
	EndProjectSection
EndProject
Project("{8BC9CEB8-8B4A-11D0-8D11-00A0C91BC942}") = "la_avdecc_static", "lib\la_avdecc\src\la_avdecc_static.vcxproj", "{E2136B4B-A803-31ED-B57B-F60361F78ACB}"
	ProjectSection(ProjectDependencies) = postProject
		{FC89F9E1-C6FA-31CA-94DA-25D0D726CA35} = {FC89F9E1-C6FA-31CA-94DA-25D0D726CA35}
		{7404178F-725D-3A97-9A54-5F58286F8D41} = {7404178F-725D-3A97-9A54-5F58286F8D41}
	EndProjectSection
EndProject
Project("{8BC9CEB8-8B4A-11D0-8D11-00A0C91BC942}") = "la_networkInterfaceHelper_static", "lib\la_avdecc\externals\nih\src\la_networkInterfaceHelper_static.vcxproj", "{7404178F-725D-3A97-9A54-5F58286F8D41}"
	ProjectSection(ProjectDependencies) = postProject
		{FC89F9E1-C6FA-31CA-94DA-25D0D726CA35} = {FC89F9E1-C6FA-31CA-94DA-25D0D726CA35}
	EndProjectSection
EndProject
Project("{8BC9CEB8-8B4A-11D0-8D11-00A0C91BC942}") = "maap_daemon", "daemons\maap\maap_daemon.vcxproj", "{5CD9A932-54EC-3A18-AADB-46F97C94315F}"
	ProjectSection(ProjectDependencies) = postProject
		{FC89F9E1-C6FA-31CA-94DA-25D0D726CA35} = {FC89F9E1-C6FA-31CA-94DA-25D0D726CA35}
	EndProjectSection
EndProject
Project("{8BC9CEB8-8B4A-11D0-8D11-00A0C91BC942}") = "maap_test", "daemons\maap\tests\maap_test.vcxproj", "{64A769EB-7BE6-3911-B062-5F5CAC029BB7}"
	ProjectSection(ProjectDependencies) = postProject
		{CE7585DA-9587-3294-9F12-47DAAC7EA3F9} = {CE7585DA-9587-3294-9F12-47DAAC7EA3F9}
		{2DE0D6CF-FCA3-349C-A379-D4A231D0E57C} = {2DE0D6CF-FCA3-349C-A379-D4A231D0E57C}
		{FC89F9E1-C6FA-31CA-94DA-25D0D726CA35} = {FC89F9E1-C6FA-31CA-94DA-25D0D726CA35}
	EndProjectSection
EndProject
Project("{8BC9CEB8-8B4A-11D0-8D11-00A0C91BC942}") = "measure_phase2_baseline", "testing\performance\measure_phase2_baseline.vcxproj", "{D22142A1-E5DB-3620-B987-568038F6D51E}"
	ProjectSection(ProjectDependencies) = postProject
		{FC89F9E1-C6FA-31CA-94DA-25D0D726CA35} = {FC89F9E1-C6FA-31CA-94DA-25D0D726CA35}
		{7326523F-F9D2-3888-8666-5FAF0C80B735} = {7326523F-F9D2-3888-8666-5FAF0C80B735}
	EndProjectSection
EndProject
Project("{8BC9CEB8-8B4A-11D0-8D11-00A0C91BC942}") = "mrpd", "daemons\mrpd\mrpd.vcxproj", "{E5C13B84-7F66-3063-B39F-3B8D353B1530}"
	ProjectSection(ProjectDependencies) = postProject
		{FC89F9E1-C6FA-31CA-94DA-25D0D726CA35} = {FC89F9E1-C6FA-31CA-94DA-25D0D726CA35}
	EndProjectSection
EndProject
Project("{8BC9CEB8-8B4A-11D0-8D11-00A0C91BC942}") = "mrpd_simple_test", "daemons\mrpd\tests\simple\mrpd_simple_test.vcxproj", "{BADDD0F2-10B4-3C17-9A42-85403FDDBEC1}"
	ProjectSection(ProjectDependencies) = postProject
		{CE7585DA-9587-3294-9F12-47DAAC7EA3F9} = {CE7585DA-9587-3294-9F12-47DAAC7EA3F9}
		{2DE0D6CF-FCA3-349C-A379-D4A231D0E57C} = {2DE0D6CF-FCA3-349C-A379-D4A231D0E57C}
		{FC89F9E1-C6FA-31CA-94DA-25D0D726CA35} = {FC89F9E1-C6FA-31CA-94DA-25D0D726CA35}
	EndProjectSection
EndProject
Project("{8BC9CEB8-8B4A-11D0-8D11-00A0C91BC942}") = "named_pipe_test", "thirdparty\gptp\windows\named_pipe_test\named_pipe_test.vcxproj", "{E9B15784-6B3B-3287-BC2D-D95157688F19}"
	ProjectSection(ProjectDependencies) = postProject
		{FC89F9E1-C6FA-31CA-94DA-25D0D726CA35} = {FC89F9E1-C6FA-31CA-94DA-25D0D726CA35}
	EndProjectSection
EndProject
Project("{8BC9CEB8-8B4A-11D0-8D11-00A0C91BC942}") = "open1722", "open1722.vcxproj", "{09E4C80F-BD8A-312B-8C22-EAD554F6F301}"
	ProjectSection(ProjectDependencies) = postProject
		{FC89F9E1-C6FA-31CA-94DA-25D0D726CA35} = {FC89F9E1-C6FA-31CA-94DA-25D0D726CA35}
	EndProjectSection
EndProject
Project("{8BC9CEB8-8B4A-11D0-8D11-00A0C91BC942}") = "openavnu-avtp-open1722", "lib\avtp_pipeline\avtp_open1722\openavnu-avtp-open1722.vcxproj", "{84419A75-D181-3638-9384-D5DD5E427B87}"
	ProjectSection(ProjectDependencies) = postProject
		{FC89F9E1-C6FA-31CA-94DA-25D0D726CA35} = {FC89F9E1-C6FA-31CA-94DA-25D0D726CA35}
		{09E4C80F-BD8A-312B-8C22-EAD554F6F301} = {09E4C80F-BD8A-312B-8C22-EAD554F6F301}
	EndProjectSection
EndProject
Project("{8BC9CEB8-8B4A-11D0-8D11-00A0C91BC942}") = "openavnu_shaper_windows", "daemons\shaper\openavnu_shaper_windows.vcxproj", "{C2D458DE-E9D2-366A-BA74-1A6C2C3B3A65}"
	ProjectSection(ProjectDependencies) = postProject
		{FC89F9E1-C6FA-31CA-94DA-25D0D726CA35} = {FC89F9E1-C6FA-31CA-94DA-25D0D726CA35}
	EndProjectSection
EndProject
Project("{8BC9CEB8-8B4A-11D0-8D11-00A0C91BC942}") = "phase2_avb_integration_prototype", "testing\integration\phase2\phase2_avb_integration_prototype.vcxproj", "{F88D1E1D-AC37-3229-BADD-1C1CED8DE890}"
	ProjectSection(ProjectDependencies) = postProject
		{FC89F9E1-C6FA-31CA-94DA-25D0D726CA35} = {FC89F9E1-C6FA-31CA-94DA-25D0D726CA35}
	EndProjectSection
EndProject
Project("{8BC9CEB8-8B4A-11D0-8D11-00A0C91BC942}") = "phase2_baseline_measurement", "testing\performance\phase2_baseline_measurement.vcxproj", "{7326523F-F9D2-3888-8666-5FAF0C80B735}"
	ProjectSection(ProjectDependencies) = postProject
		{FC89F9E1-C6FA-31CA-94DA-25D0D726CA35} = {FC89F9E1-C6FA-31CA-94DA-25D0D726CA35}
	EndProjectSection
EndProject
Project("{8BC9CEB8-8B4A-11D0-8D11-00A0C91BC942}") = "phase2_user_feedback_collection", "testing\integration\phase2\phase2_user_feedback_collection.vcxproj", "{BBDE252F-CC91-38D2-BD91-1DB8E9B459D9}"
	ProjectSection(ProjectDependencies) = postProject
		{FC89F9E1-C6FA-31CA-94DA-25D0D726CA35} = {FC89F9E1-C6FA-31CA-94DA-25D0D726CA35}
	EndProjectSection
EndProject
Project("{8BC9CEB8-8B4A-11D0-8D11-00A0C91BC942}") = "phase2_user_feedback_simulation", "testing\integration\phase2\phase2_user_feedback_simulation.vcxproj", "{E13FE13C-4BB4-347F-9525-56736D1A5454}"
	ProjectSection(ProjectDependencies) = postProject
		{FC89F9E1-C6FA-31CA-94DA-25D0D726CA35} = {FC89F9E1-C6FA-31CA-94DA-25D0D726CA35}
	EndProjectSection
EndProject
Project("{8BC9CEB8-8B4A-11D0-8D11-00A0C91BC942}") = "phase3_production_test_consolidated", "testing\integration\phase3\phase3_production_test_consolidated.vcxproj", "{57CAF05E-E3DC-3B7E-A00E-07B382EA8CF7}"
	ProjectSection(ProjectDependencies) = postProject
		{FC89F9E1-C6FA-31CA-94DA-25D0D726CA35} = {FC89F9E1-C6FA-31CA-94DA-25D0D726CA35}
	EndProjectSection
EndProject
Project("{8BC9CEB8-8B4A-11D0-8D11-00A0C91BC942}") = "run_phase2_avb_prototype", "testing\integration\phase2\run_phase2_avb_prototype.vcxproj", "{BD8E71F4-30D0-37D6-9755-0550F169EACF}"
	ProjectSection(ProjectDependencies) = postProject
		{FC89F9E1-C6FA-31CA-94DA-25D0D726CA35} = {FC89F9E1-C6FA-31CA-94DA-25D0D726CA35}
		{F88D1E1D-AC37-3229-BADD-1C1CED8DE890} = {F88D1E1D-AC37-3229-BADD-1C1CED8DE890}
	EndProjectSection
EndProject
Project("{8BC9CEB8-8B4A-11D0-8D11-00A0C91BC942}") = "run_phase2_backend_integration_test", "testing\integration\phase2\run_phase2_backend_integration_test.vcxproj", "{23FD3530-5566-3E2C-B2B6-2930454FE058}"
	ProjectSection(ProjectDependencies) = postProject
		{FC89F9E1-C6FA-31CA-94DA-25D0D726CA35} = {FC89F9E1-C6FA-31CA-94DA-25D0D726CA35}
		{E38DB801-415B-3879-B3C4-87129B4FDA22} = {E38DB801-415B-3879-B3C4-87129B4FDA22}
	EndProjectSection
EndProject
Project("{8BC9CEB8-8B4A-11D0-8D11-00A0C91BC942}") = "run_phase2_user_feedback_collection", "testing\integration\phase2\run_phase2_user_feedback_collection.vcxproj", "{1F4B7E64-ED51-3E35-8343-198F8452C894}"
	ProjectSection(ProjectDependencies) = postProject
		{FC89F9E1-C6FA-31CA-94DA-25D0D726CA35} = {FC89F9E1-C6FA-31CA-94DA-25D0D726CA35}
		{BBDE252F-CC91-38D2-BD91-1DB8E9B459D9} = {BBDE252F-CC91-38D2-BD91-1DB8E9B459D9}
	EndProjectSection
EndProject
Project("{8BC9CEB8-8B4A-11D0-8D11-00A0C91BC942}") = "run_phase2_user_feedback_simulation", "testing\integration\phase2\run_phase2_user_feedback_simulation.vcxproj", "{B610CBD2-5B05-346B-BC38-A42A1D93F8CB}"
	ProjectSection(ProjectDependencies) = postProject
		{FC89F9E1-C6FA-31CA-94DA-25D0D726CA35} = {FC89F9E1-C6FA-31CA-94DA-25D0D726CA35}
		{E13FE13C-4BB4-347F-9525-56736D1A5454} = {E13FE13C-4BB4-347F-9525-56736D1A5454}
	EndProjectSection
EndProject
Project("{8BC9CEB8-8B4A-11D0-8D11-00A0C91BC942}") = "test-openavnu-avtp-open1722", "lib\avtp_pipeline\avtp_open1722\test-openavnu-avtp-open1722.vcxproj", "{8F9242B2-FE3E-33FC-946E-2475C23225B4}"
	ProjectSection(ProjectDependencies) = postProject
		{FC89F9E1-C6FA-31CA-94DA-25D0D726CA35} = {FC89F9E1-C6FA-31CA-94DA-25D0D726CA35}
		{09E4C80F-BD8A-312B-8C22-EAD554F6F301} = {09E4C80F-BD8A-312B-8C22-EAD554F6F301}
		{84419A75-D181-3638-9384-D5DD5E427B87} = {84419A75-D181-3638-9384-D5DD5E427B87}
	EndProjectSection
EndProject
Project("{8BC9CEB8-8B4A-11D0-8D11-00A0C91BC942}") = "test_all", "testing\test_all.vcxproj", "{3F467A45-39F7-3CF7-96C5-97F2D7FF0119}"
	ProjectSection(ProjectDependencies) = postProject
		{FC89F9E1-C6FA-31CA-94DA-25D0D726CA35} = {FC89F9E1-C6FA-31CA-94DA-25D0D726CA35}
	EndProjectSection
EndProject
Project("{8BC9CEB8-8B4A-11D0-8D11-00A0C91BC942}") = "test_avtp_profile_validation", "testing\test_avtp_profile_validation.vcxproj", "{3AFED3ED-6D26-3EDF-9B6C-715A66A83C28}"
	ProjectSection(ProjectDependencies) = postProject
		{FC89F9E1-C6FA-31CA-94DA-25D0D726CA35} = {FC89F9E1-C6FA-31CA-94DA-25D0D726CA35}
	EndProjectSection
EndProject
Project("{8BC9CEB8-8B4A-11D0-8D11-00A0C91BC942}") = "test_conformance", "testing\test_conformance.vcxproj", "{1F586FDF-729F-352F-A7AB-F656D801992C}"
	ProjectSection(ProjectDependencies) = postProject
		{FC89F9E1-C6FA-31CA-94DA-25D0D726CA35} = {FC89F9E1-C6FA-31CA-94DA-25D0D726CA35}
		{16BD93A5-8B4E-393B-AA50-A62A3652132F} = {16BD93A5-8B4E-393B-AA50-A62A3652132F}
	EndProjectSection
EndProject
Project("{8BC9CEB8-8B4A-11D0-8D11-00A0C91BC942}") = "test_hardware", "testing\test_hardware.vcxproj", "{0B738535-04D8-35B0-9AF7-FBE94AE5F804}"
	ProjectSection(ProjectDependencies) = postProject
		{FC89F9E1-C6FA-31CA-94DA-25D0D726CA35} = {FC89F9E1-C6FA-31CA-94DA-25D0D726CA35}
	EndProjectSection
EndProject
Project("{8BC9CEB8-8B4A-11D0-8D11-00A0C91BC942}") = "test_integration", "testing\test_integration.vcxproj", "{63D5C6A1-C498-3C46-96E4-BE7A291C5FF9}"
	ProjectSection(ProjectDependencies) = postProject
		{FC89F9E1-C6FA-31CA-94DA-25D0D726CA35} = {FC89F9E1-C6FA-31CA-94DA-25D0D726CA35}
		{57CAF05E-E3DC-3B7E-A00E-07B382EA8CF7} = {57CAF05E-E3DC-3B7E-A00E-07B382EA8CF7}
		{E38DB801-415B-3879-B3C4-87129B4FDA22} = {E38DB801-415B-3879-B3C4-87129B4FDA22}
	EndProjectSection
EndProject
Project("{8BC9CEB8-8B4A-11D0-8D11-00A0C91BC942}") = "test_intervals", "daemons\maap\test\test_intervals.vcxproj", "{834AE300-BC54-31A5-B521-9716D31714F5}"
	ProjectSection(ProjectDependencies) = postProject
		{FC89F9E1-C6FA-31CA-94DA-25D0D726CA35} = {FC89F9E1-C6FA-31CA-94DA-25D0D726CA35}
	EndProjectSection
EndProject
Project("{8BC9CEB8-8B4A-11D0-8D11-00A0C91BC942}") = "test_performance", "testing\test_performance.vcxproj", "{00808148-ED4B-3D45-B81A-A917EDCB85B2}"
	ProjectSection(ProjectDependencies) = postProject
		{FC89F9E1-C6FA-31CA-94DA-25D0D726CA35} = {FC89F9E1-C6FA-31CA-94DA-25D0D726CA35}
	EndProjectSection
EndProject
Project("{8BC9CEB8-8B4A-11D0-8D11-00A0C91BC942}") = "test_phase2_backend_integration_consolidated", "testing\integration\phase2\test_phase2_backend_integration_consolidated.vcxproj", "{E38DB801-415B-3879-B3C4-87129B4FDA22}"
	ProjectSection(ProjectDependencies) = postProject
		{FC89F9E1-C6FA-31CA-94DA-25D0D726CA35} = {FC89F9E1-C6FA-31CA-94DA-25D0D726CA35}
	EndProjectSection
EndProject
Global
	GlobalSection(SolutionConfigurationPlatforms) = preSolution
		Debug|x64 = Debug|x64
		Release|x64 = Release|x64
		MinSizeRel|x64 = MinSizeRel|x64
		RelWithDebInfo|x64 = RelWithDebInfo|x64
	EndGlobalSection
	GlobalSection(ProjectConfigurationPlatforms) = postSolution
		{B40ACBF8-F604-329B-82D9-F2C4E05B0E26}.Debug|x64.ActiveCfg = Debug|x64
		{B40ACBF8-F604-329B-82D9-F2C4E05B0E26}.Debug|x64.Build.0 = Debug|x64
		{B40ACBF8-F604-329B-82D9-F2C4E05B0E26}.Release|x64.ActiveCfg = Release|x64
		{B40ACBF8-F604-329B-82D9-F2C4E05B0E26}.Release|x64.Build.0 = Release|x64
		{B40ACBF8-F604-329B-82D9-F2C4E05B0E26}.MinSizeRel|x64.ActiveCfg = MinSizeRel|x64
		{B40ACBF8-F604-329B-82D9-F2C4E05B0E26}.MinSizeRel|x64.Build.0 = MinSizeRel|x64
		{B40ACBF8-F604-329B-82D9-F2C4E05B0E26}.RelWithDebInfo|x64.ActiveCfg = RelWithDebInfo|x64
		{B40ACBF8-F604-329B-82D9-F2C4E05B0E26}.RelWithDebInfo|x64.Build.0 = RelWithDebInfo|x64
		{BF8D351B-B6C9-31C1-B2FA-FEFB2573C49B}.Debug|x64.ActiveCfg = Debug|x64
		{BF8D351B-B6C9-31C1-B2FA-FEFB2573C49B}.Release|x64.ActiveCfg = Release|x64
		{BF8D351B-B6C9-31C1-B2FA-FEFB2573C49B}.MinSizeRel|x64.ActiveCfg = MinSizeRel|x64
		{BF8D351B-B6C9-31C1-B2FA-FEFB2573C49B}.RelWithDebInfo|x64.ActiveCfg = RelWithDebInfo|x64
		{CE7585DA-9587-3294-9F12-47DAAC7EA3F9}.Debug|x64.ActiveCfg = Debug|x64
		{CE7585DA-9587-3294-9F12-47DAAC7EA3F9}.Debug|x64.Build.0 = Debug|x64
		{CE7585DA-9587-3294-9F12-47DAAC7EA3F9}.Release|x64.ActiveCfg = Release|x64
		{CE7585DA-9587-3294-9F12-47DAAC7EA3F9}.Release|x64.Build.0 = Release|x64
		{CE7585DA-9587-3294-9F12-47DAAC7EA3F9}.MinSizeRel|x64.ActiveCfg = MinSizeRel|x64
		{CE7585DA-9587-3294-9F12-47DAAC7EA3F9}.MinSizeRel|x64.Build.0 = MinSizeRel|x64
		{CE7585DA-9587-3294-9F12-47DAAC7EA3F9}.RelWithDebInfo|x64.ActiveCfg = RelWithDebInfo|x64
		{CE7585DA-9587-3294-9F12-47DAAC7EA3F9}.RelWithDebInfo|x64.Build.0 = RelWithDebInfo|x64
		{2DE0D6CF-FCA3-349C-A379-D4A231D0E57C}.Debug|x64.ActiveCfg = Debug|x64
		{2DE0D6CF-FCA3-349C-A379-D4A231D0E57C}.Debug|x64.Build.0 = Debug|x64
		{2DE0D6CF-FCA3-349C-A379-D4A231D0E57C}.Release|x64.ActiveCfg = Release|x64
		{2DE0D6CF-FCA3-349C-A379-D4A231D0E57C}.Release|x64.Build.0 = Release|x64
		{2DE0D6CF-FCA3-349C-A379-D4A231D0E57C}.MinSizeRel|x64.ActiveCfg = MinSizeRel|x64
		{2DE0D6CF-FCA3-349C-A379-D4A231D0E57C}.MinSizeRel|x64.Build.0 = MinSizeRel|x64
		{2DE0D6CF-FCA3-349C-A379-D4A231D0E57C}.RelWithDebInfo|x64.ActiveCfg = RelWithDebInfo|x64
		{2DE0D6CF-FCA3-349C-A379-D4A231D0E57C}.RelWithDebInfo|x64.Build.0 = RelWithDebInfo|x64
		{1C1EF3B2-5935-3358-B643-B36E551E05BF}.Debug|x64.ActiveCfg = Debug|x64
		{1C1EF3B2-5935-3358-B643-B36E551E05BF}.Debug|x64.Build.0 = Debug|x64
		{1C1EF3B2-5935-3358-B643-B36E551E05BF}.Release|x64.ActiveCfg = Release|x64
		{1C1EF3B2-5935-3358-B643-B36E551E05BF}.Release|x64.Build.0 = Release|x64
		{1C1EF3B2-5935-3358-B643-B36E551E05BF}.MinSizeRel|x64.ActiveCfg = MinSizeRel|x64
		{1C1EF3B2-5935-3358-B643-B36E551E05BF}.MinSizeRel|x64.Build.0 = MinSizeRel|x64
		{1C1EF3B2-5935-3358-B643-B36E551E05BF}.RelWithDebInfo|x64.ActiveCfg = RelWithDebInfo|x64
		{1C1EF3B2-5935-3358-B643-B36E551E05BF}.RelWithDebInfo|x64.Build.0 = RelWithDebInfo|x64
		{C143D6CE-ABA1-3103-B74F-6DC1A313ADC8}.Debug|x64.ActiveCfg = Debug|x64
		{C143D6CE-ABA1-3103-B74F-6DC1A313ADC8}.Debug|x64.Build.0 = Debug|x64
		{C143D6CE-ABA1-3103-B74F-6DC1A313ADC8}.Release|x64.ActiveCfg = Release|x64
		{C143D6CE-ABA1-3103-B74F-6DC1A313ADC8}.Release|x64.Build.0 = Release|x64
		{C143D6CE-ABA1-3103-B74F-6DC1A313ADC8}.MinSizeRel|x64.ActiveCfg = MinSizeRel|x64
		{C143D6CE-ABA1-3103-B74F-6DC1A313ADC8}.MinSizeRel|x64.Build.0 = MinSizeRel|x64
		{C143D6CE-ABA1-3103-B74F-6DC1A313ADC8}.RelWithDebInfo|x64.ActiveCfg = RelWithDebInfo|x64
		{C143D6CE-ABA1-3103-B74F-6DC1A313ADC8}.RelWithDebInfo|x64.Build.0 = RelWithDebInfo|x64
		{E442F303-AA00-3729-8974-E260D044B842}.Debug|x64.ActiveCfg = Debug|x64
		{E442F303-AA00-3729-8974-E260D044B842}.Release|x64.ActiveCfg = Release|x64
		{E442F303-AA00-3729-8974-E260D044B842}.MinSizeRel|x64.ActiveCfg = MinSizeRel|x64
		{E442F303-AA00-3729-8974-E260D044B842}.RelWithDebInfo|x64.ActiveCfg = RelWithDebInfo|x64
		{E53D2805-0FF2-3DD4-8FF9-EBAF54FE2855}.Debug|x64.ActiveCfg = Debug|x64
		{E53D2805-0FF2-3DD4-8FF9-EBAF54FE2855}.Release|x64.ActiveCfg = Release|x64
		{E53D2805-0FF2-3DD4-8FF9-EBAF54FE2855}.MinSizeRel|x64.ActiveCfg = MinSizeRel|x64
		{E53D2805-0FF2-3DD4-8FF9-EBAF54FE2855}.RelWithDebInfo|x64.ActiveCfg = RelWithDebInfo|x64
		{A45B4C68-F908-3E76-9D94-B5A49F407348}.Debug|x64.ActiveCfg = Debug|x64
		{A45B4C68-F908-3E76-9D94-B5A49F407348}.Release|x64.ActiveCfg = Release|x64
		{A45B4C68-F908-3E76-9D94-B5A49F407348}.MinSizeRel|x64.ActiveCfg = MinSizeRel|x64
		{A45B4C68-F908-3E76-9D94-B5A49F407348}.RelWithDebInfo|x64.ActiveCfg = RelWithDebInfo|x64
		{21BDB722-6E2B-33BB-88F4-48CA7D7C8D23}.Debug|x64.ActiveCfg = Debug|x64
		{21BDB722-6E2B-33BB-88F4-48CA7D7C8D23}.Release|x64.ActiveCfg = Release|x64
		{21BDB722-6E2B-33BB-88F4-48CA7D7C8D23}.MinSizeRel|x64.ActiveCfg = MinSizeRel|x64
		{21BDB722-6E2B-33BB-88F4-48CA7D7C8D23}.RelWithDebInfo|x64.ActiveCfg = RelWithDebInfo|x64
		{769EEFFB-A88C-31B3-B2A2-DBD531D20739}.Debug|x64.ActiveCfg = Debug|x64
		{769EEFFB-A88C-31B3-B2A2-DBD531D20739}.Release|x64.ActiveCfg = Release|x64
		{769EEFFB-A88C-31B3-B2A2-DBD531D20739}.MinSizeRel|x64.ActiveCfg = MinSizeRel|x64
		{769EEFFB-A88C-31B3-B2A2-DBD531D20739}.RelWithDebInfo|x64.ActiveCfg = RelWithDebInfo|x64
		{FC89F9E1-C6FA-31CA-94DA-25D0D726CA35}.Debug|x64.ActiveCfg = Debug|x64
		{FC89F9E1-C6FA-31CA-94DA-25D0D726CA35}.Debug|x64.Build.0 = Debug|x64
		{FC89F9E1-C6FA-31CA-94DA-25D0D726CA35}.Release|x64.ActiveCfg = Release|x64
		{FC89F9E1-C6FA-31CA-94DA-25D0D726CA35}.Release|x64.Build.0 = Release|x64
		{FC89F9E1-C6FA-31CA-94DA-25D0D726CA35}.MinSizeRel|x64.ActiveCfg = MinSizeRel|x64
		{FC89F9E1-C6FA-31CA-94DA-25D0D726CA35}.MinSizeRel|x64.Build.0 = MinSizeRel|x64
		{FC89F9E1-C6FA-31CA-94DA-25D0D726CA35}.RelWithDebInfo|x64.ActiveCfg = RelWithDebInfo|x64
		{FC89F9E1-C6FA-31CA-94DA-25D0D726CA35}.RelWithDebInfo|x64.Build.0 = RelWithDebInfo|x64
		{43C133D7-5ED0-3FBB-97ED-7659CB3C7F5A}.Debug|x64.ActiveCfg = Debug|x64
		{43C133D7-5ED0-3FBB-97ED-7659CB3C7F5A}.Debug|x64.Build.0 = Debug|x64
		{43C133D7-5ED0-3FBB-97ED-7659CB3C7F5A}.Release|x64.ActiveCfg = Release|x64
		{43C133D7-5ED0-3FBB-97ED-7659CB3C7F5A}.Release|x64.Build.0 = Release|x64
		{43C133D7-5ED0-3FBB-97ED-7659CB3C7F5A}.MinSizeRel|x64.ActiveCfg = MinSizeRel|x64
		{43C133D7-5ED0-3FBB-97ED-7659CB3C7F5A}.MinSizeRel|x64.Build.0 = MinSizeRel|x64
		{43C133D7-5ED0-3FBB-97ED-7659CB3C7F5A}.RelWithDebInfo|x64.ActiveCfg = RelWithDebInfo|x64
		{43C133D7-5ED0-3FBB-97ED-7659CB3C7F5A}.RelWithDebInfo|x64.Build.0 = RelWithDebInfo|x64
		{52A68EB8-6B02-3CD1-978A-6AD7074D03FA}.Debug|x64.ActiveCfg = Debug|x64
		{52A68EB8-6B02-3CD1-978A-6AD7074D03FA}.Debug|x64.Build.0 = Debug|x64
		{52A68EB8-6B02-3CD1-978A-6AD7074D03FA}.Release|x64.ActiveCfg = Release|x64
		{52A68EB8-6B02-3CD1-978A-6AD7074D03FA}.Release|x64.Build.0 = Release|x64
		{52A68EB8-6B02-3CD1-978A-6AD7074D03FA}.MinSizeRel|x64.ActiveCfg = MinSizeRel|x64
		{52A68EB8-6B02-3CD1-978A-6AD7074D03FA}.MinSizeRel|x64.Build.0 = MinSizeRel|x64
		{52A68EB8-6B02-3CD1-978A-6AD7074D03FA}.RelWithDebInfo|x64.ActiveCfg = RelWithDebInfo|x64
		{52A68EB8-6B02-3CD1-978A-6AD7074D03FA}.RelWithDebInfo|x64.Build.0 = RelWithDebInfo|x64
		{16BD93A5-8B4E-393B-AA50-A62A3652132F}.Debug|x64.ActiveCfg = Debug|x64
		{16BD93A5-8B4E-393B-AA50-A62A3652132F}.Debug|x64.Build.0 = Debug|x64
		{16BD93A5-8B4E-393B-AA50-A62A3652132F}.Release|x64.ActiveCfg = Release|x64
		{16BD93A5-8B4E-393B-AA50-A62A3652132F}.Release|x64.Build.0 = Release|x64
		{16BD93A5-8B4E-393B-AA50-A62A3652132F}.MinSizeRel|x64.ActiveCfg = MinSizeRel|x64
		{16BD93A5-8B4E-393B-AA50-A62A3652132F}.MinSizeRel|x64.Build.0 = MinSizeRel|x64
		{16BD93A5-8B4E-393B-AA50-A62A3652132F}.RelWithDebInfo|x64.ActiveCfg = RelWithDebInfo|x64
		{16BD93A5-8B4E-393B-AA50-A62A3652132F}.RelWithDebInfo|x64.Build.0 = RelWithDebInfo|x64
		{BC4B65EB-1785-3EAB-9FDE-A7F3D5039B15}.Debug|x64.ActiveCfg = Debug|x64
		{BC4B65EB-1785-3EAB-9FDE-A7F3D5039B15}.Debug|x64.Build.0 = Debug|x64
		{BC4B65EB-1785-3EAB-9FDE-A7F3D5039B15}.Release|x64.ActiveCfg = Release|x64
		{BC4B65EB-1785-3EAB-9FDE-A7F3D5039B15}.Release|x64.Build.0 = Release|x64
		{BC4B65EB-1785-3EAB-9FDE-A7F3D5039B15}.MinSizeRel|x64.ActiveCfg = MinSizeRel|x64
		{BC4B65EB-1785-3EAB-9FDE-A7F3D5039B15}.MinSizeRel|x64.Build.0 = MinSizeRel|x64
		{BC4B65EB-1785-3EAB-9FDE-A7F3D5039B15}.RelWithDebInfo|x64.ActiveCfg = RelWithDebInfo|x64
		{BC4B65EB-1785-3EAB-9FDE-A7F3D5039B15}.RelWithDebInfo|x64.Build.0 = RelWithDebInfo|x64
		{9910164C-C4C3-3761-B45B-4F2A5B9A169E}.Debug|x64.ActiveCfg = Debug|x64
		{9910164C-C4C3-3761-B45B-4F2A5B9A169E}.Debug|x64.Build.0 = Debug|x64
		{9910164C-C4C3-3761-B45B-4F2A5B9A169E}.Release|x64.ActiveCfg = Release|x64
		{9910164C-C4C3-3761-B45B-4F2A5B9A169E}.Release|x64.Build.0 = Release|x64
		{9910164C-C4C3-3761-B45B-4F2A5B9A169E}.MinSizeRel|x64.ActiveCfg = MinSizeRel|x64
		{9910164C-C4C3-3761-B45B-4F2A5B9A169E}.MinSizeRel|x64.Build.0 = MinSizeRel|x64
		{9910164C-C4C3-3761-B45B-4F2A5B9A169E}.RelWithDebInfo|x64.ActiveCfg = RelWithDebInfo|x64
		{9910164C-C4C3-3761-B45B-4F2A5B9A169E}.RelWithDebInfo|x64.Build.0 = RelWithDebInfo|x64
		{477C1270-A767-3279-8B29-1DE3A4ADD0ED}.Debug|x64.ActiveCfg = Debug|x64
		{477C1270-A767-3279-8B29-1DE3A4ADD0ED}.Debug|x64.Build.0 = Debug|x64
		{477C1270-A767-3279-8B29-1DE3A4ADD0ED}.Release|x64.ActiveCfg = Release|x64
		{477C1270-A767-3279-8B29-1DE3A4ADD0ED}.Release|x64.Build.0 = Release|x64
		{477C1270-A767-3279-8B29-1DE3A4ADD0ED}.MinSizeRel|x64.ActiveCfg = MinSizeRel|x64
		{477C1270-A767-3279-8B29-1DE3A4ADD0ED}.MinSizeRel|x64.Build.0 = MinSizeRel|x64
		{477C1270-A767-3279-8B29-1DE3A4ADD0ED}.RelWithDebInfo|x64.ActiveCfg = RelWithDebInfo|x64
		{477C1270-A767-3279-8B29-1DE3A4ADD0ED}.RelWithDebInfo|x64.Build.0 = RelWithDebInfo|x64
		{C160BD37-46BF-39E6-91A4-2BE3D7E3F121}.Debug|x64.ActiveCfg = Debug|x64
		{C160BD37-46BF-39E6-91A4-2BE3D7E3F121}.Debug|x64.Build.0 = Debug|x64
		{C160BD37-46BF-39E6-91A4-2BE3D7E3F121}.Release|x64.ActiveCfg = Release|x64
		{C160BD37-46BF-39E6-91A4-2BE3D7E3F121}.Release|x64.Build.0 = Release|x64
		{C160BD37-46BF-39E6-91A4-2BE3D7E3F121}.MinSizeRel|x64.ActiveCfg = MinSizeRel|x64
		{C160BD37-46BF-39E6-91A4-2BE3D7E3F121}.MinSizeRel|x64.Build.0 = MinSizeRel|x64
		{C160BD37-46BF-39E6-91A4-2BE3D7E3F121}.RelWithDebInfo|x64.ActiveCfg = RelWithDebInfo|x64
		{C160BD37-46BF-39E6-91A4-2BE3D7E3F121}.RelWithDebInfo|x64.Build.0 = RelWithDebInfo|x64
		{BBD09358-DED5-310C-9126-378D557E950C}.Debug|x64.ActiveCfg = Debug|x64
		{BBD09358-DED5-310C-9126-378D557E950C}.Debug|x64.Build.0 = Debug|x64
		{BBD09358-DED5-310C-9126-378D557E950C}.Release|x64.ActiveCfg = Release|x64
		{BBD09358-DED5-310C-9126-378D557E950C}.Release|x64.Build.0 = Release|x64
		{BBD09358-DED5-310C-9126-378D557E950C}.MinSizeRel|x64.ActiveCfg = MinSizeRel|x64
		{BBD09358-DED5-310C-9126-378D557E950C}.MinSizeRel|x64.Build.0 = MinSizeRel|x64
		{BBD09358-DED5-310C-9126-378D557E950C}.RelWithDebInfo|x64.ActiveCfg = RelWithDebInfo|x64
		{BBD09358-DED5-310C-9126-378D557E950C}.RelWithDebInfo|x64.Build.0 = RelWithDebInfo|x64
		{7F915726-5263-3649-976A-AF98E45FADEC}.Debug|x64.ActiveCfg = Debug|x64
		{7F915726-5263-3649-976A-AF98E45FADEC}.Debug|x64.Build.0 = Debug|x64
		{7F915726-5263-3649-976A-AF98E45FADEC}.Release|x64.ActiveCfg = Release|x64
		{7F915726-5263-3649-976A-AF98E45FADEC}.Release|x64.Build.0 = Release|x64
		{7F915726-5263-3649-976A-AF98E45FADEC}.MinSizeRel|x64.ActiveCfg = MinSizeRel|x64
		{7F915726-5263-3649-976A-AF98E45FADEC}.MinSizeRel|x64.Build.0 = MinSizeRel|x64
		{7F915726-5263-3649-976A-AF98E45FADEC}.RelWithDebInfo|x64.ActiveCfg = RelWithDebInfo|x64
		{7F915726-5263-3649-976A-AF98E45FADEC}.RelWithDebInfo|x64.Build.0 = RelWithDebInfo|x64
		{E2136B4B-A803-31ED-B57B-F60361F78ACB}.Debug|x64.ActiveCfg = Debug|x64
		{E2136B4B-A803-31ED-B57B-F60361F78ACB}.Debug|x64.Build.0 = Debug|x64
		{E2136B4B-A803-31ED-B57B-F60361F78ACB}.Release|x64.ActiveCfg = Release|x64
		{E2136B4B-A803-31ED-B57B-F60361F78ACB}.Release|x64.Build.0 = Release|x64
		{E2136B4B-A803-31ED-B57B-F60361F78ACB}.MinSizeRel|x64.ActiveCfg = MinSizeRel|x64
		{E2136B4B-A803-31ED-B57B-F60361F78ACB}.MinSizeRel|x64.Build.0 = MinSizeRel|x64
		{E2136B4B-A803-31ED-B57B-F60361F78ACB}.RelWithDebInfo|x64.ActiveCfg = RelWithDebInfo|x64
		{E2136B4B-A803-31ED-B57B-F60361F78ACB}.RelWithDebInfo|x64.Build.0 = RelWithDebInfo|x64
		{7404178F-725D-3A97-9A54-5F58286F8D41}.Debug|x64.ActiveCfg = Debug|x64
		{7404178F-725D-3A97-9A54-5F58286F8D41}.Debug|x64.Build.0 = Debug|x64
		{7404178F-725D-3A97-9A54-5F58286F8D41}.Release|x64.ActiveCfg = Release|x64
		{7404178F-725D-3A97-9A54-5F58286F8D41}.Release|x64.Build.0 = Release|x64
		{7404178F-725D-3A97-9A54-5F58286F8D41}.MinSizeRel|x64.ActiveCfg = MinSizeRel|x64
		{7404178F-725D-3A97-9A54-5F58286F8D41}.MinSizeRel|x64.Build.0 = MinSizeRel|x64
		{7404178F-725D-3A97-9A54-5F58286F8D41}.RelWithDebInfo|x64.ActiveCfg = RelWithDebInfo|x64
		{7404178F-725D-3A97-9A54-5F58286F8D41}.RelWithDebInfo|x64.Build.0 = RelWithDebInfo|x64
		{5CD9A932-54EC-3A18-AADB-46F97C94315F}.Debug|x64.ActiveCfg = Debug|x64
		{5CD9A932-54EC-3A18-AADB-46F97C94315F}.Debug|x64.Build.0 = Debug|x64
		{5CD9A932-54EC-3A18-AADB-46F97C94315F}.Release|x64.ActiveCfg = Release|x64
		{5CD9A932-54EC-3A18-AADB-46F97C94315F}.Release|x64.Build.0 = Release|x64
		{5CD9A932-54EC-3A18-AADB-46F97C94315F}.MinSizeRel|x64.ActiveCfg = MinSizeRel|x64
		{5CD9A932-54EC-3A18-AADB-46F97C94315F}.MinSizeRel|x64.Build.0 = MinSizeRel|x64
		{5CD9A932-54EC-3A18-AADB-46F97C94315F}.RelWithDebInfo|x64.ActiveCfg = RelWithDebInfo|x64
		{5CD9A932-54EC-3A18-AADB-46F97C94315F}.RelWithDebInfo|x64.Build.0 = RelWithDebInfo|x64
		{64A769EB-7BE6-3911-B062-5F5CAC029BB7}.Debug|x64.ActiveCfg = Debug|x64
		{64A769EB-7BE6-3911-B062-5F5CAC029BB7}.Debug|x64.Build.0 = Debug|x64
		{64A769EB-7BE6-3911-B062-5F5CAC029BB7}.Release|x64.ActiveCfg = Release|x64
		{64A769EB-7BE6-3911-B062-5F5CAC029BB7}.Release|x64.Build.0 = Release|x64
		{64A769EB-7BE6-3911-B062-5F5CAC029BB7}.MinSizeRel|x64.ActiveCfg = MinSizeRel|x64
		{64A769EB-7BE6-3911-B062-5F5CAC029BB7}.MinSizeRel|x64.Build.0 = MinSizeRel|x64
		{64A769EB-7BE6-3911-B062-5F5CAC029BB7}.RelWithDebInfo|x64.ActiveCfg = RelWithDebInfo|x64
		{64A769EB-7BE6-3911-B062-5F5CAC029BB7}.RelWithDebInfo|x64.Build.0 = RelWithDebInfo|x64
		{D22142A1-E5DB-3620-B987-568038F6D51E}.Debug|x64.ActiveCfg = Debug|x64
		{D22142A1-E5DB-3620-B987-568038F6D51E}.Release|x64.ActiveCfg = Release|x64
		{D22142A1-E5DB-3620-B987-568038F6D51E}.MinSizeRel|x64.ActiveCfg = MinSizeRel|x64
		{D22142A1-E5DB-3620-B987-568038F6D51E}.RelWithDebInfo|x64.ActiveCfg = RelWithDebInfo|x64
		{E5C13B84-7F66-3063-B39F-3B8D353B1530}.Debug|x64.ActiveCfg = Debug|x64
		{E5C13B84-7F66-3063-B39F-3B8D353B1530}.Debug|x64.Build.0 = Debug|x64
		{E5C13B84-7F66-3063-B39F-3B8D353B1530}.Release|x64.ActiveCfg = Release|x64
		{E5C13B84-7F66-3063-B39F-3B8D353B1530}.Release|x64.Build.0 = Release|x64
		{E5C13B84-7F66-3063-B39F-3B8D353B1530}.MinSizeRel|x64.ActiveCfg = MinSizeRel|x64
		{E5C13B84-7F66-3063-B39F-3B8D353B1530}.MinSizeRel|x64.Build.0 = MinSizeRel|x64
		{E5C13B84-7F66-3063-B39F-3B8D353B1530}.RelWithDebInfo|x64.ActiveCfg = RelWithDebInfo|x64
		{E5C13B84-7F66-3063-B39F-3B8D353B1530}.RelWithDebInfo|x64.Build.0 = RelWithDebInfo|x64
		{BADDD0F2-10B4-3C17-9A42-85403FDDBEC1}.Debug|x64.ActiveCfg = Debug|x64
		{BADDD0F2-10B4-3C17-9A42-85403FDDBEC1}.Debug|x64.Build.0 = Debug|x64
		{BADDD0F2-10B4-3C17-9A42-85403FDDBEC1}.Release|x64.ActiveCfg = Release|x64
		{BADDD0F2-10B4-3C17-9A42-85403FDDBEC1}.Release|x64.Build.0 = Release|x64
		{BADDD0F2-10B4-3C17-9A42-85403FDDBEC1}.MinSizeRel|x64.ActiveCfg = MinSizeRel|x64
		{BADDD0F2-10B4-3C17-9A42-85403FDDBEC1}.MinSizeRel|x64.Build.0 = MinSizeRel|x64
		{BADDD0F2-10B4-3C17-9A42-85403FDDBEC1}.RelWithDebInfo|x64.ActiveCfg = RelWithDebInfo|x64
		{BADDD0F2-10B4-3C17-9A42-85403FDDBEC1}.RelWithDebInfo|x64.Build.0 = RelWithDebInfo|x64
		{E9B15784-6B3B-3287-BC2D-D95157688F19}.Debug|x64.ActiveCfg = Debug|x64
		{E9B15784-6B3B-3287-BC2D-D95157688F19}.Debug|x64.Build.0 = Debug|x64
		{E9B15784-6B3B-3287-BC2D-D95157688F19}.Release|x64.ActiveCfg = Release|x64
		{E9B15784-6B3B-3287-BC2D-D95157688F19}.Release|x64.Build.0 = Release|x64
		{E9B15784-6B3B-3287-BC2D-D95157688F19}.MinSizeRel|x64.ActiveCfg = MinSizeRel|x64
		{E9B15784-6B3B-3287-BC2D-D95157688F19}.MinSizeRel|x64.Build.0 = MinSizeRel|x64
		{E9B15784-6B3B-3287-BC2D-D95157688F19}.RelWithDebInfo|x64.ActiveCfg = RelWithDebInfo|x64
		{E9B15784-6B3B-3287-BC2D-D95157688F19}.RelWithDebInfo|x64.Build.0 = RelWithDebInfo|x64
		{09E4C80F-BD8A-312B-8C22-EAD554F6F301}.Debug|x64.ActiveCfg = Debug|x64
		{09E4C80F-BD8A-312B-8C22-EAD554F6F301}.Debug|x64.Build.0 = Debug|x64
		{09E4C80F-BD8A-312B-8C22-EAD554F6F301}.Release|x64.ActiveCfg = Release|x64
		{09E4C80F-BD8A-312B-8C22-EAD554F6F301}.Release|x64.Build.0 = Release|x64
		{09E4C80F-BD8A-312B-8C22-EAD554F6F301}.MinSizeRel|x64.ActiveCfg = MinSizeRel|x64
		{09E4C80F-BD8A-312B-8C22-EAD554F6F301}.MinSizeRel|x64.Build.0 = MinSizeRel|x64
		{09E4C80F-BD8A-312B-8C22-EAD554F6F301}.RelWithDebInfo|x64.ActiveCfg = RelWithDebInfo|x64
		{09E4C80F-BD8A-312B-8C22-EAD554F6F301}.RelWithDebInfo|x64.Build.0 = RelWithDebInfo|x64
		{84419A75-D181-3638-9384-D5DD5E427B87}.Debug|x64.ActiveCfg = Debug|x64
		{84419A75-D181-3638-9384-D5DD5E427B87}.Debug|x64.Build.0 = Debug|x64
		{84419A75-D181-3638-9384-D5DD5E427B87}.Release|x64.ActiveCfg = Release|x64
		{84419A75-D181-3638-9384-D5DD5E427B87}.Release|x64.Build.0 = Release|x64
		{84419A75-D181-3638-9384-D5DD5E427B87}.MinSizeRel|x64.ActiveCfg = MinSizeRel|x64
		{84419A75-D181-3638-9384-D5DD5E427B87}.MinSizeRel|x64.Build.0 = MinSizeRel|x64
		{84419A75-D181-3638-9384-D5DD5E427B87}.RelWithDebInfo|x64.ActiveCfg = RelWithDebInfo|x64
		{84419A75-D181-3638-9384-D5DD5E427B87}.RelWithDebInfo|x64.Build.0 = RelWithDebInfo|x64
		{C2D458DE-E9D2-366A-BA74-1A6C2C3B3A65}.Debug|x64.ActiveCfg = Debug|x64
		{C2D458DE-E9D2-366A-BA74-1A6C2C3B3A65}.Debug|x64.Build.0 = Debug|x64
		{C2D458DE-E9D2-366A-BA74-1A6C2C3B3A65}.Release|x64.ActiveCfg = Release|x64
		{C2D458DE-E9D2-366A-BA74-1A6C2C3B3A65}.Release|x64.Build.0 = Release|x64
		{C2D458DE-E9D2-366A-BA74-1A6C2C3B3A65}.MinSizeRel|x64.ActiveCfg = MinSizeRel|x64
		{C2D458DE-E9D2-366A-BA74-1A6C2C3B3A65}.MinSizeRel|x64.Build.0 = MinSizeRel|x64
		{C2D458DE-E9D2-366A-BA74-1A6C2C3B3A65}.RelWithDebInfo|x64.ActiveCfg = RelWithDebInfo|x64
		{C2D458DE-E9D2-366A-BA74-1A6C2C3B3A65}.RelWithDebInfo|x64.Build.0 = RelWithDebInfo|x64
		{F88D1E1D-AC37-3229-BADD-1C1CED8DE890}.Debug|x64.ActiveCfg = Debug|x64
		{F88D1E1D-AC37-3229-BADD-1C1CED8DE890}.Debug|x64.Build.0 = Debug|x64
		{F88D1E1D-AC37-3229-BADD-1C1CED8DE890}.Release|x64.ActiveCfg = Release|x64
		{F88D1E1D-AC37-3229-BADD-1C1CED8DE890}.Release|x64.Build.0 = Release|x64
		{F88D1E1D-AC37-3229-BADD-1C1CED8DE890}.MinSizeRel|x64.ActiveCfg = MinSizeRel|x64
		{F88D1E1D-AC37-3229-BADD-1C1CED8DE890}.MinSizeRel|x64.Build.0 = MinSizeRel|x64
		{F88D1E1D-AC37-3229-BADD-1C1CED8DE890}.RelWithDebInfo|x64.ActiveCfg = RelWithDebInfo|x64
		{F88D1E1D-AC37-3229-BADD-1C1CED8DE890}.RelWithDebInfo|x64.Build.0 = RelWithDebInfo|x64
		{7326523F-F9D2-3888-8666-5FAF0C80B735}.Debug|x64.ActiveCfg = Debug|x64
		{7326523F-F9D2-3888-8666-5FAF0C80B735}.Debug|x64.Build.0 = Debug|x64
		{7326523F-F9D2-3888-8666-5FAF0C80B735}.Release|x64.ActiveCfg = Release|x64
		{7326523F-F9D2-3888-8666-5FAF0C80B735}.Release|x64.Build.0 = Release|x64
		{7326523F-F9D2-3888-8666-5FAF0C80B735}.MinSizeRel|x64.ActiveCfg = MinSizeRel|x64
		{7326523F-F9D2-3888-8666-5FAF0C80B735}.MinSizeRel|x64.Build.0 = MinSizeRel|x64
		{7326523F-F9D2-3888-8666-5FAF0C80B735}.RelWithDebInfo|x64.ActiveCfg = RelWithDebInfo|x64
		{7326523F-F9D2-3888-8666-5FAF0C80B735}.RelWithDebInfo|x64.Build.0 = RelWithDebInfo|x64
		{BBDE252F-CC91-38D2-BD91-1DB8E9B459D9}.Debug|x64.ActiveCfg = Debug|x64
		{BBDE252F-CC91-38D2-BD91-1DB8E9B459D9}.Debug|x64.Build.0 = Debug|x64
		{BBDE252F-CC91-38D2-BD91-1DB8E9B459D9}.Release|x64.ActiveCfg = Release|x64
		{BBDE252F-CC91-38D2-BD91-1DB8E9B459D9}.Release|x64.Build.0 = Release|x64
		{BBDE252F-CC91-38D2-BD91-1DB8E9B459D9}.MinSizeRel|x64.ActiveCfg = MinSizeRel|x64
		{BBDE252F-CC91-38D2-BD91-1DB8E9B459D9}.MinSizeRel|x64.Build.0 = MinSizeRel|x64
		{BBDE252F-CC91-38D2-BD91-1DB8E9B459D9}.RelWithDebInfo|x64.ActiveCfg = RelWithDebInfo|x64
		{BBDE252F-CC91-38D2-BD91-1DB8E9B459D9}.RelWithDebInfo|x64.Build.0 = RelWithDebInfo|x64
		{E13FE13C-4BB4-347F-9525-56736D1A5454}.Debug|x64.ActiveCfg = Debug|x64
		{E13FE13C-4BB4-347F-9525-56736D1A5454}.Debug|x64.Build.0 = Debug|x64
		{E13FE13C-4BB4-347F-9525-56736D1A5454}.Release|x64.ActiveCfg = Release|x64
		{E13FE13C-4BB4-347F-9525-56736D1A5454}.Release|x64.Build.0 = Release|x64
		{E13FE13C-4BB4-347F-9525-56736D1A5454}.MinSizeRel|x64.ActiveCfg = MinSizeRel|x64
		{E13FE13C-4BB4-347F-9525-56736D1A5454}.MinSizeRel|x64.Build.0 = MinSizeRel|x64
		{E13FE13C-4BB4-347F-9525-56736D1A5454}.RelWithDebInfo|x64.ActiveCfg = RelWithDebInfo|x64
		{E13FE13C-4BB4-347F-9525-56736D1A5454}.RelWithDebInfo|x64.Build.0 = RelWithDebInfo|x64
		{57CAF05E-E3DC-3B7E-A00E-07B382EA8CF7}.Debug|x64.ActiveCfg = Debug|x64
		{57CAF05E-E3DC-3B7E-A00E-07B382EA8CF7}.Debug|x64.Build.0 = Debug|x64
		{57CAF05E-E3DC-3B7E-A00E-07B382EA8CF7}.Release|x64.ActiveCfg = Release|x64
		{57CAF05E-E3DC-3B7E-A00E-07B382EA8CF7}.Release|x64.Build.0 = Release|x64
		{57CAF05E-E3DC-3B7E-A00E-07B382EA8CF7}.MinSizeRel|x64.ActiveCfg = MinSizeRel|x64
		{57CAF05E-E3DC-3B7E-A00E-07B382EA8CF7}.MinSizeRel|x64.Build.0 = MinSizeRel|x64
		{57CAF05E-E3DC-3B7E-A00E-07B382EA8CF7}.RelWithDebInfo|x64.ActiveCfg = RelWithDebInfo|x64
		{57CAF05E-E3DC-3B7E-A00E-07B382EA8CF7}.RelWithDebInfo|x64.Build.0 = RelWithDebInfo|x64
		{BD8E71F4-30D0-37D6-9755-0550F169EACF}.Debug|x64.ActiveCfg = Debug|x64
		{BD8E71F4-30D0-37D6-9755-0550F169EACF}.Release|x64.ActiveCfg = Release|x64
		{BD8E71F4-30D0-37D6-9755-0550F169EACF}.MinSizeRel|x64.ActiveCfg = MinSizeRel|x64
		{BD8E71F4-30D0-37D6-9755-0550F169EACF}.RelWithDebInfo|x64.ActiveCfg = RelWithDebInfo|x64
		{23FD3530-5566-3E2C-B2B6-2930454FE058}.Debug|x64.ActiveCfg = Debug|x64
		{23FD3530-5566-3E2C-B2B6-2930454FE058}.Release|x64.ActiveCfg = Release|x64
		{23FD3530-5566-3E2C-B2B6-2930454FE058}.MinSizeRel|x64.ActiveCfg = MinSizeRel|x64
		{23FD3530-5566-3E2C-B2B6-2930454FE058}.RelWithDebInfo|x64.ActiveCfg = RelWithDebInfo|x64
		{1F4B7E64-ED51-3E35-8343-198F8452C894}.Debug|x64.ActiveCfg = Debug|x64
		{1F4B7E64-ED51-3E35-8343-198F8452C894}.Release|x64.ActiveCfg = Release|x64
		{1F4B7E64-ED51-3E35-8343-198F8452C894}.MinSizeRel|x64.ActiveCfg = MinSizeRel|x64
		{1F4B7E64-ED51-3E35-8343-198F8452C894}.RelWithDebInfo|x64.ActiveCfg = RelWithDebInfo|x64
		{B610CBD2-5B05-346B-BC38-A42A1D93F8CB}.Debug|x64.ActiveCfg = Debug|x64
		{B610CBD2-5B05-346B-BC38-A42A1D93F8CB}.Release|x64.ActiveCfg = Release|x64
		{B610CBD2-5B05-346B-BC38-A42A1D93F8CB}.MinSizeRel|x64.ActiveCfg = MinSizeRel|x64
		{B610CBD2-5B05-346B-BC38-A42A1D93F8CB}.RelWithDebInfo|x64.ActiveCfg = RelWithDebInfo|x64
		{8F9242B2-FE3E-33FC-946E-2475C23225B4}.Debug|x64.ActiveCfg = Debug|x64
		{8F9242B2-FE3E-33FC-946E-2475C23225B4}.Debug|x64.Build.0 = Debug|x64
		{8F9242B2-FE3E-33FC-946E-2475C23225B4}.Release|x64.ActiveCfg = Release|x64
		{8F9242B2-FE3E-33FC-946E-2475C23225B4}.Release|x64.Build.0 = Release|x64
		{8F9242B2-FE3E-33FC-946E-2475C23225B4}.MinSizeRel|x64.ActiveCfg = MinSizeRel|x64
		{8F9242B2-FE3E-33FC-946E-2475C23225B4}.MinSizeRel|x64.Build.0 = MinSizeRel|x64
		{8F9242B2-FE3E-33FC-946E-2475C23225B4}.RelWithDebInfo|x64.ActiveCfg = RelWithDebInfo|x64
		{8F9242B2-FE3E-33FC-946E-2475C23225B4}.RelWithDebInfo|x64.Build.0 = RelWithDebInfo|x64
		{3F467A45-39F7-3CF7-96C5-97F2D7FF0119}.Debug|x64.ActiveCfg = Debug|x64
		{3F467A45-39F7-3CF7-96C5-97F2D7FF0119}.Release|x64.ActiveCfg = Release|x64
		{3F467A45-39F7-3CF7-96C5-97F2D7FF0119}.MinSizeRel|x64.ActiveCfg = MinSizeRel|x64
		{3F467A45-39F7-3CF7-96C5-97F2D7FF0119}.RelWithDebInfo|x64.ActiveCfg = RelWithDebInfo|x64
		{3AFED3ED-6D26-3EDF-9B6C-715A66A83C28}.Debug|x64.ActiveCfg = Debug|x64
		{3AFED3ED-6D26-3EDF-9B6C-715A66A83C28}.Debug|x64.Build.0 = Debug|x64
		{3AFED3ED-6D26-3EDF-9B6C-715A66A83C28}.Release|x64.ActiveCfg = Release|x64
		{3AFED3ED-6D26-3EDF-9B6C-715A66A83C28}.Release|x64.Build.0 = Release|x64
		{3AFED3ED-6D26-3EDF-9B6C-715A66A83C28}.MinSizeRel|x64.ActiveCfg = MinSizeRel|x64
		{3AFED3ED-6D26-3EDF-9B6C-715A66A83C28}.MinSizeRel|x64.Build.0 = MinSizeRel|x64
		{3AFED3ED-6D26-3EDF-9B6C-715A66A83C28}.RelWithDebInfo|x64.ActiveCfg = RelWithDebInfo|x64
		{3AFED3ED-6D26-3EDF-9B6C-715A66A83C28}.RelWithDebInfo|x64.Build.0 = RelWithDebInfo|x64
		{1F586FDF-729F-352F-A7AB-F656D801992C}.Debug|x64.ActiveCfg = Debug|x64
		{1F586FDF-729F-352F-A7AB-F656D801992C}.Release|x64.ActiveCfg = Release|x64
		{1F586FDF-729F-352F-A7AB-F656D801992C}.MinSizeRel|x64.ActiveCfg = MinSizeRel|x64
		{1F586FDF-729F-352F-A7AB-F656D801992C}.RelWithDebInfo|x64.ActiveCfg = RelWithDebInfo|x64
		{0B738535-04D8-35B0-9AF7-FBE94AE5F804}.Debug|x64.ActiveCfg = Debug|x64
		{0B738535-04D8-35B0-9AF7-FBE94AE5F804}.Release|x64.ActiveCfg = Release|x64
		{0B738535-04D8-35B0-9AF7-FBE94AE5F804}.MinSizeRel|x64.ActiveCfg = MinSizeRel|x64
		{0B738535-04D8-35B0-9AF7-FBE94AE5F804}.RelWithDebInfo|x64.ActiveCfg = RelWithDebInfo|x64
		{63D5C6A1-C498-3C46-96E4-BE7A291C5FF9}.Debug|x64.ActiveCfg = Debug|x64
		{63D5C6A1-C498-3C46-96E4-BE7A291C5FF9}.Release|x64.ActiveCfg = Release|x64
		{63D5C6A1-C498-3C46-96E4-BE7A291C5FF9}.MinSizeRel|x64.ActiveCfg = MinSizeRel|x64
		{63D5C6A1-C498-3C46-96E4-BE7A291C5FF9}.RelWithDebInfo|x64.ActiveCfg = RelWithDebInfo|x64
		{834AE300-BC54-31A5-B521-9716D31714F5}.Debug|x64.ActiveCfg = Debug|x64
		{834AE300-BC54-31A5-B521-9716D31714F5}.Debug|x64.Build.0 = Debug|x64
		{834AE300-BC54-31A5-B521-9716D31714F5}.Release|x64.ActiveCfg = Release|x64
		{834AE300-BC54-31A5-B521-9716D31714F5}.Release|x64.Build.0 = Release|x64
		{834AE300-BC54-31A5-B521-9716D31714F5}.MinSizeRel|x64.ActiveCfg = MinSizeRel|x64
		{834AE300-BC54-31A5-B521-9716D31714F5}.MinSizeRel|x64.Build.0 = MinSizeRel|x64
		{834AE300-BC54-31A5-B521-9716D31714F5}.RelWithDebInfo|x64.ActiveCfg = RelWithDebInfo|x64
		{834AE300-BC54-31A5-B521-9716D31714F5}.RelWithDebInfo|x64.Build.0 = RelWithDebInfo|x64
		{00808148-ED4B-3D45-B81A-A917EDCB85B2}.Debug|x64.ActiveCfg = Debug|x64
		{00808148-ED4B-3D45-B81A-A917EDCB85B2}.Release|x64.ActiveCfg = Release|x64
		{00808148-ED4B-3D45-B81A-A917EDCB85B2}.MinSizeRel|x64.ActiveCfg = MinSizeRel|x64
		{00808148-ED4B-3D45-B81A-A917EDCB85B2}.RelWithDebInfo|x64.ActiveCfg = RelWithDebInfo|x64
		{E38DB801-415B-3879-B3C4-87129B4FDA22}.Debug|x64.ActiveCfg = Debug|x64
		{E38DB801-415B-3879-B3C4-87129B4FDA22}.Debug|x64.Build.0 = Debug|x64
		{E38DB801-415B-3879-B3C4-87129B4FDA22}.Release|x64.ActiveCfg = Release|x64
		{E38DB801-415B-3879-B3C4-87129B4FDA22}.Release|x64.Build.0 = Release|x64
		{E38DB801-415B-3879-B3C4-87129B4FDA22}.MinSizeRel|x64.ActiveCfg = MinSizeRel|x64
		{E38DB801-415B-3879-B3C4-87129B4FDA22}.MinSizeRel|x64.Build.0 = MinSizeRel|x64
		{E38DB801-415B-3879-B3C4-87129B4FDA22}.RelWithDebInfo|x64.ActiveCfg = RelWithDebInfo|x64
		{E38DB801-415B-3879-B3C4-87129B4FDA22}.RelWithDebInfo|x64.Build.0 = RelWithDebInfo|x64
	EndGlobalSection
	GlobalSection(NestedProjects) = preSolution
		{B40ACBF8-F604-329B-82D9-F2C4E05B0E26} = {48FEC547-EF26-3C7B-82DE-14A3EB7A3341}
		{E53D2805-0FF2-3DD4-8FF9-EBAF54FE2855} = {48FEC547-EF26-3C7B-82DE-14A3EB7A3341}
		{769EEFFB-A88C-31B3-B2A2-DBD531D20739} = {48FEC547-EF26-3C7B-82DE-14A3EB7A3341}
		{FC89F9E1-C6FA-31CA-94DA-25D0D726CA35} = {48FEC547-EF26-3C7B-82DE-14A3EB7A3341}
		{BF8D351B-B6C9-31C1-B2FA-FEFB2573C49B} = {5379A357-9FB9-3B9E-856B-1C83E4FB4AF1}
		{E442F303-AA00-3729-8974-E260D044B842} = {5379A357-9FB9-3B9E-856B-1C83E4FB4AF1}
		{A45B4C68-F908-3E76-9D94-B5A49F407348} = {5379A357-9FB9-3B9E-856B-1C83E4FB4AF1}
		{21BDB722-6E2B-33BB-88F4-48CA7D7C8D23} = {5379A357-9FB9-3B9E-856B-1C83E4FB4AF1}
		{C2D458DE-E9D2-366A-BA74-1A6C2C3B3A65} = {95F5FD99-15E0-32D3-9638-16CEEEFE3254}
		{C160BD37-46BF-39E6-91A4-2BE3D7E3F121} = {C94C23C2-CB72-3CA4-B114-13BCAD0F6912}
		{BBD09358-DED5-310C-9126-378D557E950C} = {C94C23C2-CB72-3CA4-B114-13BCAD0F6912}
		{7F915726-5263-3649-976A-AF98E45FADEC} = {C94C23C2-CB72-3CA4-B114-13BCAD0F6912}
		{E2136B4B-A803-31ED-B57B-F60361F78ACB} = {C94C23C2-CB72-3CA4-B114-13BCAD0F6912}
		{7404178F-725D-3A97-9A54-5F58286F8D41} = {C94C23C2-CB72-3CA4-B114-13BCAD0F6912}
	EndGlobalSection
	GlobalSection(ExtensibilityGlobals) = postSolution
		SolutionGuid = {40DD8D60-FDDD-3B46-8155-94888FDBD992}
	EndGlobalSection
	GlobalSection(ExtensibilityAddIns) = postSolution
	EndGlobalSection
EndGlobal
