
Microsoft Visual Studio Solution File, Format Version 12.00
# Visual Studio Version 17
Project("{2150E333-8FDC-42A3-9474-1A3956D46DE8}") = "CMakePredefinedTargets", "CMakePredefinedTargets", "{48FEC547-EF26-3C7B-82DE-14A3EB7A3341}"
EndProject
Project("{2150E333-8FDC-42A3-9474-1A3956D46DE8}") = "Libraries", "Libraries", "{C94C23C2-CB72-3CA4-B114-13BCAD0F6912}"
EndProject
Project("{8BC9CEB8-8B4A-11D0-8D11-00A0C91BC942}") = "ALL_BUILD", "ALL_BUILD.vcxproj", "{B40ACBF8-F604-329B-82D9-F2C4E05B0E26}"
	ProjectSection(ProjectDependencies) = postProject
		{FC89F9E1-C6FA-31CA-94DA-25D0D726CA35} = {FC89F9E1-C6FA-31CA-94DA-25D0D726CA35}
		{C160BD37-46BF-39E6-91A4-2BE3D7E3F121} = {C160BD37-46BF-39E6-91A4-2BE3D7E3F121}
		{BBD09358-DED5-310C-9126-378D557E950C} = {BBD09358-DED5-310C-9126-378D557E950C}
		{7F915726-5263-3649-976A-AF98E45FADEC} = {7F915726-5263-3649-976A-AF98E45FADEC}
		{E2136B4B-A803-31ED-B57B-F60361F78ACB} = {E2136B4B-A803-31ED-B57B-F60361F78ACB}
		{7404178F-725D-3A97-9A54-5F58286F8D41} = {7404178F-725D-3A97-9A54-5F58286F8D41}
	EndProjectSection
EndProject
Project("{8BC9CEB8-8B4A-11D0-8D11-00A0C91BC942}") = "INSTALL", "INSTALL.vcxproj", "{E53D2805-0FF2-3DD4-8FF9-EBAF54FE2855}"
	ProjectSection(ProjectDependencies) = postProject
		{B40ACBF8-F604-329B-82D9-F2C4E05B0E26} = {B40ACBF8-F604-329B-82D9-F2C4E05B0E26}
		{FC89F9E1-C6FA-31CA-94DA-25D0D726CA35} = {FC89F9E1-C6FA-31CA-94DA-25D0D726CA35}
	EndProjectSection
EndProject
Project("{8BC9CEB8-8B4A-11D0-8D11-00A0C91BC942}") = "RUN_TESTS", "RUN_TESTS.vcxproj", "{769EEFFB-A88C-31B3-B2A2-DBD531D20739}"
	ProjectSection(ProjectDependencies) = postProject
		{FC89F9E1-C6FA-31CA-94DA-25D0D726CA35} = {FC89F9E1-C6FA-31CA-94DA-25D0D726CA35}
	EndProjectSection
EndProject
Project("{8BC9CEB8-8B4A-11D0-8D11-00A0C91BC942}") = "ZERO_CHECK", "..\..\\ZERO_CHECK.vcxproj", "{FC89F9E1-C6FA-31CA-94DA-25D0D726CA35}"
	ProjectSection(ProjectDependencies) = postProject
	EndProjectSection
EndProject
Project("{8BC9CEB8-8B4A-11D0-8D11-00A0C91BC942}") = "la_avdecc_controller_cxx", "src\controller\la_avdecc_controller_cxx.vcxproj", "{C160BD37-46BF-39E6-91A4-2BE3D7E3F121}"
	ProjectSection(ProjectDependencies) = postProject
		{FC89F9E1-C6FA-31CA-94DA-25D0D726CA35} = {FC89F9E1-C6FA-31CA-94DA-25D0D726CA35}
		{7F915726-5263-3649-976A-AF98E45FADEC} = {7F915726-5263-3649-976A-AF98E45FADEC}
		{7404178F-725D-3A97-9A54-5F58286F8D41} = {7404178F-725D-3A97-9A54-5F58286F8D41}
	EndProjectSection
EndProject
Project("{8BC9CEB8-8B4A-11D0-8D11-00A0C91BC942}") = "la_avdecc_controller_static", "src\controller\la_avdecc_controller_static.vcxproj", "{BBD09358-DED5-310C-9126-378D557E950C}"
	ProjectSection(ProjectDependencies) = postProject
		{FC89F9E1-C6FA-31CA-94DA-25D0D726CA35} = {FC89F9E1-C6FA-31CA-94DA-25D0D726CA35}
		{E2136B4B-A803-31ED-B57B-F60361F78ACB} = {E2136B4B-A803-31ED-B57B-F60361F78ACB}
		{7404178F-725D-3A97-9A54-5F58286F8D41} = {7404178F-725D-3A97-9A54-5F58286F8D41}
	EndProjectSection
EndProject
Project("{8BC9CEB8-8B4A-11D0-8D11-00A0C91BC942}") = "la_avdecc_cxx", "src\la_avdecc_cxx.vcxproj", "{7F915726-5263-3649-976A-AF98E45FADEC}"
	ProjectSection(ProjectDependencies) = postProject
		{FC89F9E1-C6FA-31CA-94DA-25D0D726CA35} = {FC89F9E1-C6FA-31CA-94DA-25D0D726CA35}
		{7404178F-725D-3A97-9A54-5F58286F8D41} = {7404178F-725D-3A97-9A54-5F58286F8D41}
	EndProjectSection
EndProject
Project("{8BC9CEB8-8B4A-11D0-8D11-00A0C91BC942}") = "la_avdecc_static", "src\la_avdecc_static.vcxproj", "{E2136B4B-A803-31ED-B57B-F60361F78ACB}"
	ProjectSection(ProjectDependencies) = postProject
		{FC89F9E1-C6FA-31CA-94DA-25D0D726CA35} = {FC89F9E1-C6FA-31CA-94DA-25D0D726CA35}
		{7404178F-725D-3A97-9A54-5F58286F8D41} = {7404178F-725D-3A97-9A54-5F58286F8D41}
	EndProjectSection
EndProject
Project("{8BC9CEB8-8B4A-11D0-8D11-00A0C91BC942}") = "la_networkInterfaceHelper_static", "externals\nih\src\la_networkInterfaceHelper_static.vcxproj", "{7404178F-725D-3A97-9A54-5F58286F8D41}"
	ProjectSection(ProjectDependencies) = postProject
		{FC89F9E1-C6FA-31CA-94DA-25D0D726CA35} = {FC89F9E1-C6FA-31CA-94DA-25D0D726CA35}
	EndProjectSection
EndProject
Global
	GlobalSection(SolutionConfigurationPlatforms) = preSolution
		Debug|x64 = Debug|x64
		Release|x64 = Release|x64
		MinSizeRel|x64 = MinSizeRel|x64
		RelWithDebInfo|x64 = RelWithDebInfo|x64
	EndGlobalSection
	GlobalSection(ProjectConfigurationPlatforms) = postSolution
		{B40ACBF8-F604-329B-82D9-F2C4E05B0E26}.Debug|x64.ActiveCfg = Debug|x64
		{B40ACBF8-F604-329B-82D9-F2C4E05B0E26}.Debug|x64.Build.0 = Debug|x64
		{B40ACBF8-F604-329B-82D9-F2C4E05B0E26}.Release|x64.ActiveCfg = Release|x64
		{B40ACBF8-F604-329B-82D9-F2C4E05B0E26}.Release|x64.Build.0 = Release|x64
		{B40ACBF8-F604-329B-82D9-F2C4E05B0E26}.MinSizeRel|x64.ActiveCfg = MinSizeRel|x64
		{B40ACBF8-F604-329B-82D9-F2C4E05B0E26}.MinSizeRel|x64.Build.0 = MinSizeRel|x64
		{B40ACBF8-F604-329B-82D9-F2C4E05B0E26}.RelWithDebInfo|x64.ActiveCfg = RelWithDebInfo|x64
		{B40ACBF8-F604-329B-82D9-F2C4E05B0E26}.RelWithDebInfo|x64.Build.0 = RelWithDebInfo|x64
		{E53D2805-0FF2-3DD4-8FF9-EBAF54FE2855}.Debug|x64.ActiveCfg = Debug|x64
		{E53D2805-0FF2-3DD4-8FF9-EBAF54FE2855}.Release|x64.ActiveCfg = Release|x64
		{E53D2805-0FF2-3DD4-8FF9-EBAF54FE2855}.MinSizeRel|x64.ActiveCfg = MinSizeRel|x64
		{E53D2805-0FF2-3DD4-8FF9-EBAF54FE2855}.RelWithDebInfo|x64.ActiveCfg = RelWithDebInfo|x64
		{769EEFFB-A88C-31B3-B2A2-DBD531D20739}.Debug|x64.ActiveCfg = Debug|x64
		{769EEFFB-A88C-31B3-B2A2-DBD531D20739}.Release|x64.ActiveCfg = Release|x64
		{769EEFFB-A88C-31B3-B2A2-DBD531D20739}.MinSizeRel|x64.ActiveCfg = MinSizeRel|x64
		{769EEFFB-A88C-31B3-B2A2-DBD531D20739}.RelWithDebInfo|x64.ActiveCfg = RelWithDebInfo|x64
		{FC89F9E1-C6FA-31CA-94DA-25D0D726CA35}.Debug|x64.ActiveCfg = Debug|x64
		{FC89F9E1-C6FA-31CA-94DA-25D0D726CA35}.Debug|x64.Build.0 = Debug|x64
		{FC89F9E1-C6FA-31CA-94DA-25D0D726CA35}.Release|x64.ActiveCfg = Release|x64
		{FC89F9E1-C6FA-31CA-94DA-25D0D726CA35}.Release|x64.Build.0 = Release|x64
		{FC89F9E1-C6FA-31CA-94DA-25D0D726CA35}.MinSizeRel|x64.ActiveCfg = MinSizeRel|x64
		{FC89F9E1-C6FA-31CA-94DA-25D0D726CA35}.MinSizeRel|x64.Build.0 = MinSizeRel|x64
		{FC89F9E1-C6FA-31CA-94DA-25D0D726CA35}.RelWithDebInfo|x64.ActiveCfg = RelWithDebInfo|x64
		{FC89F9E1-C6FA-31CA-94DA-25D0D726CA35}.RelWithDebInfo|x64.Build.0 = RelWithDebInfo|x64
		{C160BD37-46BF-39E6-91A4-2BE3D7E3F121}.Debug|x64.ActiveCfg = Debug|x64
		{C160BD37-46BF-39E6-91A4-2BE3D7E3F121}.Debug|x64.Build.0 = Debug|x64
		{C160BD37-46BF-39E6-91A4-2BE3D7E3F121}.Release|x64.ActiveCfg = Release|x64
		{C160BD37-46BF-39E6-91A4-2BE3D7E3F121}.Release|x64.Build.0 = Release|x64
		{C160BD37-46BF-39E6-91A4-2BE3D7E3F121}.MinSizeRel|x64.ActiveCfg = MinSizeRel|x64
		{C160BD37-46BF-39E6-91A4-2BE3D7E3F121}.MinSizeRel|x64.Build.0 = MinSizeRel|x64
		{C160BD37-46BF-39E6-91A4-2BE3D7E3F121}.RelWithDebInfo|x64.ActiveCfg = RelWithDebInfo|x64
		{C160BD37-46BF-39E6-91A4-2BE3D7E3F121}.RelWithDebInfo|x64.Build.0 = RelWithDebInfo|x64
		{BBD09358-DED5-310C-9126-378D557E950C}.Debug|x64.ActiveCfg = Debug|x64
		{BBD09358-DED5-310C-9126-378D557E950C}.Debug|x64.Build.0 = Debug|x64
		{BBD09358-DED5-310C-9126-378D557E950C}.Release|x64.ActiveCfg = Release|x64
		{BBD09358-DED5-310C-9126-378D557E950C}.Release|x64.Build.0 = Release|x64
		{BBD09358-DED5-310C-9126-378D557E950C}.MinSizeRel|x64.ActiveCfg = MinSizeRel|x64
		{BBD09358-DED5-310C-9126-378D557E950C}.MinSizeRel|x64.Build.0 = MinSizeRel|x64
		{BBD09358-DED5-310C-9126-378D557E950C}.RelWithDebInfo|x64.ActiveCfg = RelWithDebInfo|x64
		{BBD09358-DED5-310C-9126-378D557E950C}.RelWithDebInfo|x64.Build.0 = RelWithDebInfo|x64
		{7F915726-5263-3649-976A-AF98E45FADEC}.Debug|x64.ActiveCfg = Debug|x64
		{7F915726-5263-3649-976A-AF98E45FADEC}.Debug|x64.Build.0 = Debug|x64
		{7F915726-5263-3649-976A-AF98E45FADEC}.Release|x64.ActiveCfg = Release|x64
		{7F915726-5263-3649-976A-AF98E45FADEC}.Release|x64.Build.0 = Release|x64
		{7F915726-5263-3649-976A-AF98E45FADEC}.MinSizeRel|x64.ActiveCfg = MinSizeRel|x64
		{7F915726-5263-3649-976A-AF98E45FADEC}.MinSizeRel|x64.Build.0 = MinSizeRel|x64
		{7F915726-5263-3649-976A-AF98E45FADEC}.RelWithDebInfo|x64.ActiveCfg = RelWithDebInfo|x64
		{7F915726-5263-3649-976A-AF98E45FADEC}.RelWithDebInfo|x64.Build.0 = RelWithDebInfo|x64
		{E2136B4B-A803-31ED-B57B-F60361F78ACB}.Debug|x64.ActiveCfg = Debug|x64
		{E2136B4B-A803-31ED-B57B-F60361F78ACB}.Debug|x64.Build.0 = Debug|x64
		{E2136B4B-A803-31ED-B57B-F60361F78ACB}.Release|x64.ActiveCfg = Release|x64
		{E2136B4B-A803-31ED-B57B-F60361F78ACB}.Release|x64.Build.0 = Release|x64
		{E2136B4B-A803-31ED-B57B-F60361F78ACB}.MinSizeRel|x64.ActiveCfg = MinSizeRel|x64
		{E2136B4B-A803-31ED-B57B-F60361F78ACB}.MinSizeRel|x64.Build.0 = MinSizeRel|x64
		{E2136B4B-A803-31ED-B57B-F60361F78ACB}.RelWithDebInfo|x64.ActiveCfg = RelWithDebInfo|x64
		{E2136B4B-A803-31ED-B57B-F60361F78ACB}.RelWithDebInfo|x64.Build.0 = RelWithDebInfo|x64
		{7404178F-725D-3A97-9A54-5F58286F8D41}.Debug|x64.ActiveCfg = Debug|x64
		{7404178F-725D-3A97-9A54-5F58286F8D41}.Debug|x64.Build.0 = Debug|x64
		{7404178F-725D-3A97-9A54-5F58286F8D41}.Release|x64.ActiveCfg = Release|x64
		{7404178F-725D-3A97-9A54-5F58286F8D41}.Release|x64.Build.0 = Release|x64
		{7404178F-725D-3A97-9A54-5F58286F8D41}.MinSizeRel|x64.ActiveCfg = MinSizeRel|x64
		{7404178F-725D-3A97-9A54-5F58286F8D41}.MinSizeRel|x64.Build.0 = MinSizeRel|x64
		{7404178F-725D-3A97-9A54-5F58286F8D41}.RelWithDebInfo|x64.ActiveCfg = RelWithDebInfo|x64
		{7404178F-725D-3A97-9A54-5F58286F8D41}.RelWithDebInfo|x64.Build.0 = RelWithDebInfo|x64
	EndGlobalSection
	GlobalSection(NestedProjects) = preSolution
		{B40ACBF8-F604-329B-82D9-F2C4E05B0E26} = {48FEC547-EF26-3C7B-82DE-14A3EB7A3341}
		{E53D2805-0FF2-3DD4-8FF9-EBAF54FE2855} = {48FEC547-EF26-3C7B-82DE-14A3EB7A3341}
		{769EEFFB-A88C-31B3-B2A2-DBD531D20739} = {48FEC547-EF26-3C7B-82DE-14A3EB7A3341}
		{FC89F9E1-C6FA-31CA-94DA-25D0D726CA35} = {48FEC547-EF26-3C7B-82DE-14A3EB7A3341}
		{C160BD37-46BF-39E6-91A4-2BE3D7E3F121} = {C94C23C2-CB72-3CA4-B114-13BCAD0F6912}
		{BBD09358-DED5-310C-9126-378D557E950C} = {C94C23C2-CB72-3CA4-B114-13BCAD0F6912}
		{7F915726-5263-3649-976A-AF98E45FADEC} = {C94C23C2-CB72-3CA4-B114-13BCAD0F6912}
		{E2136B4B-A803-31ED-B57B-F60361F78ACB} = {C94C23C2-CB72-3CA4-B114-13BCAD0F6912}
		{7404178F-725D-3A97-9A54-5F58286F8D41} = {C94C23C2-CB72-3CA4-B114-13BCAD0F6912}
	EndGlobalSection
	GlobalSection(ExtensibilityGlobals) = postSolution
		SolutionGuid = {950F25D7-BE15-339B-8267-EB4B53CDC493}
	EndGlobalSection
	GlobalSection(ExtensibilityAddIns) = postSolution
	EndGlobalSection
EndGlobal
