
Microsoft Visual Studio Solution File, Format Version 12.00
# Visual Studio Version 17
Project("{2150E333-8FDC-42A3-9474-1A3956D46DE8}") = "CMakePredefinedTargets", "CMakePredefinedTargets", "{7996F351-8346-330A-AAE0-456DC7CF0564}"
EndProject
Project("{8BC9CEB8-8B4A-11D0-8D11-00A0C91BC942}") = "ALL_BUILD", "ALL_BUILD.vcxproj", "{B42F8B19-0A30-3069-809F-619F19031519}"
	ProjectSection(ProjectDependencies) = postProject
		{B7DA7483-C20E-3F36-B052-3B0B0DF54381} = {B7DA7483-C20E-3F36-B052-3B0B0DF54381}
		{F3D296B9-0D53-3F53-AE0B-85926652FB5A} = {F3D296B9-0D53-3F53-AE0B-85926652FB5A}
		{359418B8-7A5E-32AB-8305-F74D363D2F39} = {359418B8-7A5E-32AB-8305-F74D363D2F39}
	EndProjectSection
EndProject
Project("{8BC9CEB8-8B4A-11D0-8D11-00A0C91BC942}") = "CppUTest", "..\..\..\thirdparty\cpputest\src\CppUTest\CppUTest.vcxproj", "{BAF22A9F-74A2-3D4A-912F-646B50A432AF}"
	ProjectSection(ProjectDependencies) = postProject
		{B7DA7483-C20E-3F36-B052-3B0B0DF54381} = {B7DA7483-C20E-3F36-B052-3B0B0DF54381}
	EndProjectSection
EndProject
Project("{8BC9CEB8-8B4A-11D0-8D11-00A0C91BC942}") = "CppUTestExt", "..\..\..\thirdparty\cpputest\src\CppUTestExt\CppUTestExt.vcxproj", "{94F8A11E-2AB2-33EC-AF96-648F8344D752}"
	ProjectSection(ProjectDependencies) = postProject
		{B7DA7483-C20E-3F36-B052-3B0B0DF54381} = {B7DA7483-C20E-3F36-B052-3B0B0DF54381}
	EndProjectSection
EndProject
Project("{8BC9CEB8-8B4A-11D0-8D11-00A0C91BC942}") = "INSTALL", "INSTALL.vcxproj", "{4268FB80-B20A-3673-99DC-A99ACCA2F076}"
	ProjectSection(ProjectDependencies) = postProject
		{B42F8B19-0A30-3069-809F-619F19031519} = {B42F8B19-0A30-3069-809F-619F19031519}
		{B7DA7483-C20E-3F36-B052-3B0B0DF54381} = {B7DA7483-C20E-3F36-B052-3B0B0DF54381}
	EndProjectSection
EndProject
Project("{8BC9CEB8-8B4A-11D0-8D11-00A0C91BC942}") = "RUN_TESTS", "RUN_TESTS.vcxproj", "{33FA1159-CD0F-349E-B157-7865DDF5886D}"
	ProjectSection(ProjectDependencies) = postProject
		{B7DA7483-C20E-3F36-B052-3B0B0DF54381} = {B7DA7483-C20E-3F36-B052-3B0B0DF54381}
	EndProjectSection
EndProject
Project("{8BC9CEB8-8B4A-11D0-8D11-00A0C91BC942}") = "ZERO_CHECK", "..\..\..\\ZERO_CHECK.vcxproj", "{B7DA7483-C20E-3F36-B052-3B0B0DF54381}"
	ProjectSection(ProjectDependencies) = postProject
	EndProjectSection
EndProject
Project("{8BC9CEB8-8B4A-11D0-8D11-00A0C91BC942}") = "alltests", "alltests.vcxproj", "{F3D296B9-0D53-3F53-AE0B-85926652FB5A}"
	ProjectSection(ProjectDependencies) = postProject
		{BAF22A9F-74A2-3D4A-912F-646B50A432AF} = {BAF22A9F-74A2-3D4A-912F-646B50A432AF}
		{94F8A11E-2AB2-33EC-AF96-648F8344D752} = {94F8A11E-2AB2-33EC-AF96-648F8344D752}
		{B7DA7483-C20E-3F36-B052-3B0B0DF54381} = {B7DA7483-C20E-3F36-B052-3B0B0DF54381}
	EndProjectSection
EndProject
Project("{8BC9CEB8-8B4A-11D0-8D11-00A0C91BC942}") = "mrpd_simple_test", "..\..\mrpd\tests\simple\mrpd_simple_test.vcxproj", "{359418B8-7A5E-32AB-8305-F74D363D2F39}"
	ProjectSection(ProjectDependencies) = postProject
		{BAF22A9F-74A2-3D4A-912F-646B50A432AF} = {BAF22A9F-74A2-3D4A-912F-646B50A432AF}
		{94F8A11E-2AB2-33EC-AF96-648F8344D752} = {94F8A11E-2AB2-33EC-AF96-648F8344D752}
		{B7DA7483-C20E-3F36-B052-3B0B0DF54381} = {B7DA7483-C20E-3F36-B052-3B0B0DF54381}
	EndProjectSection
EndProject
Global
	GlobalSection(SolutionConfigurationPlatforms) = preSolution
		Debug|x64 = Debug|x64
		Release|x64 = Release|x64
		MinSizeRel|x64 = MinSizeRel|x64
		RelWithDebInfo|x64 = RelWithDebInfo|x64
	EndGlobalSection
	GlobalSection(ProjectConfigurationPlatforms) = postSolution
		{B42F8B19-0A30-3069-809F-619F19031519}.Debug|x64.ActiveCfg = Debug|x64
		{B42F8B19-0A30-3069-809F-619F19031519}.Debug|x64.Build.0 = Debug|x64
		{B42F8B19-0A30-3069-809F-619F19031519}.Release|x64.ActiveCfg = Release|x64
		{B42F8B19-0A30-3069-809F-619F19031519}.Release|x64.Build.0 = Release|x64
		{B42F8B19-0A30-3069-809F-619F19031519}.MinSizeRel|x64.ActiveCfg = MinSizeRel|x64
		{B42F8B19-0A30-3069-809F-619F19031519}.MinSizeRel|x64.Build.0 = MinSizeRel|x64
		{B42F8B19-0A30-3069-809F-619F19031519}.RelWithDebInfo|x64.ActiveCfg = RelWithDebInfo|x64
		{B42F8B19-0A30-3069-809F-619F19031519}.RelWithDebInfo|x64.Build.0 = RelWithDebInfo|x64
		{BAF22A9F-74A2-3D4A-912F-646B50A432AF}.Debug|x64.ActiveCfg = Debug|x64
		{BAF22A9F-74A2-3D4A-912F-646B50A432AF}.Debug|x64.Build.0 = Debug|x64
		{BAF22A9F-74A2-3D4A-912F-646B50A432AF}.Release|x64.ActiveCfg = Release|x64
		{BAF22A9F-74A2-3D4A-912F-646B50A432AF}.Release|x64.Build.0 = Release|x64
		{BAF22A9F-74A2-3D4A-912F-646B50A432AF}.MinSizeRel|x64.ActiveCfg = MinSizeRel|x64
		{BAF22A9F-74A2-3D4A-912F-646B50A432AF}.MinSizeRel|x64.Build.0 = MinSizeRel|x64
		{BAF22A9F-74A2-3D4A-912F-646B50A432AF}.RelWithDebInfo|x64.ActiveCfg = RelWithDebInfo|x64
		{BAF22A9F-74A2-3D4A-912F-646B50A432AF}.RelWithDebInfo|x64.Build.0 = RelWithDebInfo|x64
		{94F8A11E-2AB2-33EC-AF96-648F8344D752}.Debug|x64.ActiveCfg = Debug|x64
		{94F8A11E-2AB2-33EC-AF96-648F8344D752}.Debug|x64.Build.0 = Debug|x64
		{94F8A11E-2AB2-33EC-AF96-648F8344D752}.Release|x64.ActiveCfg = Release|x64
		{94F8A11E-2AB2-33EC-AF96-648F8344D752}.Release|x64.Build.0 = Release|x64
		{94F8A11E-2AB2-33EC-AF96-648F8344D752}.MinSizeRel|x64.ActiveCfg = MinSizeRel|x64
		{94F8A11E-2AB2-33EC-AF96-648F8344D752}.MinSizeRel|x64.Build.0 = MinSizeRel|x64
		{94F8A11E-2AB2-33EC-AF96-648F8344D752}.RelWithDebInfo|x64.ActiveCfg = RelWithDebInfo|x64
		{94F8A11E-2AB2-33EC-AF96-648F8344D752}.RelWithDebInfo|x64.Build.0 = RelWithDebInfo|x64
		{4268FB80-B20A-3673-99DC-A99ACCA2F076}.Debug|x64.ActiveCfg = Debug|x64
		{4268FB80-B20A-3673-99DC-A99ACCA2F076}.Release|x64.ActiveCfg = Release|x64
		{4268FB80-B20A-3673-99DC-A99ACCA2F076}.MinSizeRel|x64.ActiveCfg = MinSizeRel|x64
		{4268FB80-B20A-3673-99DC-A99ACCA2F076}.RelWithDebInfo|x64.ActiveCfg = RelWithDebInfo|x64
		{33FA1159-CD0F-349E-B157-7865DDF5886D}.Debug|x64.ActiveCfg = Debug|x64
		{33FA1159-CD0F-349E-B157-7865DDF5886D}.Release|x64.ActiveCfg = Release|x64
		{33FA1159-CD0F-349E-B157-7865DDF5886D}.MinSizeRel|x64.ActiveCfg = MinSizeRel|x64
		{33FA1159-CD0F-349E-B157-7865DDF5886D}.RelWithDebInfo|x64.ActiveCfg = RelWithDebInfo|x64
		{B7DA7483-C20E-3F36-B052-3B0B0DF54381}.Debug|x64.ActiveCfg = Debug|x64
		{B7DA7483-C20E-3F36-B052-3B0B0DF54381}.Debug|x64.Build.0 = Debug|x64
		{B7DA7483-C20E-3F36-B052-3B0B0DF54381}.Release|x64.ActiveCfg = Release|x64
		{B7DA7483-C20E-3F36-B052-3B0B0DF54381}.Release|x64.Build.0 = Release|x64
		{B7DA7483-C20E-3F36-B052-3B0B0DF54381}.MinSizeRel|x64.ActiveCfg = MinSizeRel|x64
		{B7DA7483-C20E-3F36-B052-3B0B0DF54381}.MinSizeRel|x64.Build.0 = MinSizeRel|x64
		{B7DA7483-C20E-3F36-B052-3B0B0DF54381}.RelWithDebInfo|x64.ActiveCfg = RelWithDebInfo|x64
		{B7DA7483-C20E-3F36-B052-3B0B0DF54381}.RelWithDebInfo|x64.Build.0 = RelWithDebInfo|x64
		{F3D296B9-0D53-3F53-AE0B-85926652FB5A}.Debug|x64.ActiveCfg = Debug|x64
		{F3D296B9-0D53-3F53-AE0B-85926652FB5A}.Debug|x64.Build.0 = Debug|x64
		{F3D296B9-0D53-3F53-AE0B-85926652FB5A}.Release|x64.ActiveCfg = Release|x64
		{F3D296B9-0D53-3F53-AE0B-85926652FB5A}.Release|x64.Build.0 = Release|x64
		{F3D296B9-0D53-3F53-AE0B-85926652FB5A}.MinSizeRel|x64.ActiveCfg = MinSizeRel|x64
		{F3D296B9-0D53-3F53-AE0B-85926652FB5A}.MinSizeRel|x64.Build.0 = MinSizeRel|x64
		{F3D296B9-0D53-3F53-AE0B-85926652FB5A}.RelWithDebInfo|x64.ActiveCfg = RelWithDebInfo|x64
		{F3D296B9-0D53-3F53-AE0B-85926652FB5A}.RelWithDebInfo|x64.Build.0 = RelWithDebInfo|x64
		{359418B8-7A5E-32AB-8305-F74D363D2F39}.Debug|x64.ActiveCfg = Debug|x64
		{359418B8-7A5E-32AB-8305-F74D363D2F39}.Debug|x64.Build.0 = Debug|x64
		{359418B8-7A5E-32AB-8305-F74D363D2F39}.Release|x64.ActiveCfg = Release|x64
		{359418B8-7A5E-32AB-8305-F74D363D2F39}.Release|x64.Build.0 = Release|x64
		{359418B8-7A5E-32AB-8305-F74D363D2F39}.MinSizeRel|x64.ActiveCfg = MinSizeRel|x64
		{359418B8-7A5E-32AB-8305-F74D363D2F39}.MinSizeRel|x64.Build.0 = MinSizeRel|x64
		{359418B8-7A5E-32AB-8305-F74D363D2F39}.RelWithDebInfo|x64.ActiveCfg = RelWithDebInfo|x64
		{359418B8-7A5E-32AB-8305-F74D363D2F39}.RelWithDebInfo|x64.Build.0 = RelWithDebInfo|x64
	EndGlobalSection
	GlobalSection(NestedProjects) = preSolution
		{B42F8B19-0A30-3069-809F-619F19031519} = {7996F351-8346-330A-AAE0-456DC7CF0564}
		{4268FB80-B20A-3673-99DC-A99ACCA2F076} = {7996F351-8346-330A-AAE0-456DC7CF0564}
		{33FA1159-CD0F-349E-B157-7865DDF5886D} = {7996F351-8346-330A-AAE0-456DC7CF0564}
		{B7DA7483-C20E-3F36-B052-3B0B0DF54381} = {7996F351-8346-330A-AAE0-456DC7CF0564}
	EndGlobalSection
	GlobalSection(ExtensibilityGlobals) = postSolution
		SolutionGuid = {31CE9267-652B-3404-A64D-1A0471D597A2}
	EndGlobalSection
	GlobalSection(ExtensibilityAddIns) = postSolution
	EndGlobalSection
EndGlobal
