
Microsoft Visual Studio Solution File, Format Version 12.00
# Visual Studio Version 17
Project("{2150E333-8FDC-42A3-9474-1A3956D46DE8}") = "CMakePredefinedTargets", "CMakePredefinedTargets", "{7996F351-8346-330A-AAE0-456DC7CF0564}"
EndProject
Project("{2150E333-8FDC-42A3-9474-1A3956D46DE8}") = "Libraries", "Libraries", "{1259C99C-45D3-30C5-B7D0-8BDE3B8B0E38}"
EndProject
Project("{8BC9CEB8-8B4A-11D0-8D11-00A0C91BC942}") = "ALL_BUILD", "ALL_BUILD.vcxproj", "{B42F8B19-0A30-3069-809F-619F19031519}"
	ProjectSection(ProjectDependencies) = postProject
		{B7DA7483-C20E-3F36-B052-3B0B0DF54381} = {B7DA7483-C20E-3F36-B052-3B0B0DF54381}
		{DE007AE0-4D04-3B7F-96E6-2249F33677E3} = {DE007AE0-4D04-3B7F-96E6-2249F33677E3}
		{99CE1738-9FDA-31D8-881D-F470DD7448A8} = {99CE1738-9FDA-31D8-881D-F470DD7448A8}
	EndProjectSection
EndProject
Project("{8BC9CEB8-8B4A-11D0-8D11-00A0C91BC942}") = "INSTALL", "INSTALL.vcxproj", "{4268FB80-B20A-3673-99DC-A99ACCA2F076}"
	ProjectSection(ProjectDependencies) = postProject
		{B42F8B19-0A30-3069-809F-619F19031519} = {B42F8B19-0A30-3069-809F-619F19031519}
		{B7DA7483-C20E-3F36-B052-3B0B0DF54381} = {B7DA7483-C20E-3F36-B052-3B0B0DF54381}
	EndProjectSection
EndProject
Project("{8BC9CEB8-8B4A-11D0-8D11-00A0C91BC942}") = "RUN_TESTS", "RUN_TESTS.vcxproj", "{33FA1159-CD0F-349E-B157-7865DDF5886D}"
	ProjectSection(ProjectDependencies) = postProject
		{B7DA7483-C20E-3F36-B052-3B0B0DF54381} = {B7DA7483-C20E-3F36-B052-3B0B0DF54381}
	EndProjectSection
EndProject
Project("{8BC9CEB8-8B4A-11D0-8D11-00A0C91BC942}") = "ZERO_CHECK", "..\..\..\\ZERO_CHECK.vcxproj", "{B7DA7483-C20E-3F36-B052-3B0B0DF54381}"
	ProjectSection(ProjectDependencies) = postProject
	EndProjectSection
EndProject
Project("{8BC9CEB8-8B4A-11D0-8D11-00A0C91BC942}") = "la_avdecc_cxx", "la_avdecc_cxx.vcxproj", "{DE007AE0-4D04-3B7F-96E6-2249F33677E3}"
	ProjectSection(ProjectDependencies) = postProject
		{B7DA7483-C20E-3F36-B052-3B0B0DF54381} = {B7DA7483-C20E-3F36-B052-3B0B0DF54381}
		{4C55A4BF-AF96-3D59-A344-E6E47E81924F} = {4C55A4BF-AF96-3D59-A344-E6E47E81924F}
	EndProjectSection
EndProject
Project("{8BC9CEB8-8B4A-11D0-8D11-00A0C91BC942}") = "la_avdecc_static", "la_avdecc_static.vcxproj", "{99CE1738-9FDA-31D8-881D-F470DD7448A8}"
	ProjectSection(ProjectDependencies) = postProject
		{B7DA7483-C20E-3F36-B052-3B0B0DF54381} = {B7DA7483-C20E-3F36-B052-3B0B0DF54381}
		{4C55A4BF-AF96-3D59-A344-E6E47E81924F} = {4C55A4BF-AF96-3D59-A344-E6E47E81924F}
	EndProjectSection
EndProject
Project("{8BC9CEB8-8B4A-11D0-8D11-00A0C91BC942}") = "la_networkInterfaceHelper_static", "..\externals\nih\src\la_networkInterfaceHelper_static.vcxproj", "{4C55A4BF-AF96-3D59-A344-E6E47E81924F}"
	ProjectSection(ProjectDependencies) = postProject
		{B7DA7483-C20E-3F36-B052-3B0B0DF54381} = {B7DA7483-C20E-3F36-B052-3B0B0DF54381}
	EndProjectSection
EndProject
Global
	GlobalSection(SolutionConfigurationPlatforms) = preSolution
		Debug|x64 = Debug|x64
		Release|x64 = Release|x64
		MinSizeRel|x64 = MinSizeRel|x64
		RelWithDebInfo|x64 = RelWithDebInfo|x64
	EndGlobalSection
	GlobalSection(ProjectConfigurationPlatforms) = postSolution
		{B42F8B19-0A30-3069-809F-619F19031519}.Debug|x64.ActiveCfg = Debug|x64
		{B42F8B19-0A30-3069-809F-619F19031519}.Debug|x64.Build.0 = Debug|x64
		{B42F8B19-0A30-3069-809F-619F19031519}.Release|x64.ActiveCfg = Release|x64
		{B42F8B19-0A30-3069-809F-619F19031519}.Release|x64.Build.0 = Release|x64
		{B42F8B19-0A30-3069-809F-619F19031519}.MinSizeRel|x64.ActiveCfg = MinSizeRel|x64
		{B42F8B19-0A30-3069-809F-619F19031519}.MinSizeRel|x64.Build.0 = MinSizeRel|x64
		{B42F8B19-0A30-3069-809F-619F19031519}.RelWithDebInfo|x64.ActiveCfg = RelWithDebInfo|x64
		{B42F8B19-0A30-3069-809F-619F19031519}.RelWithDebInfo|x64.Build.0 = RelWithDebInfo|x64
		{4268FB80-B20A-3673-99DC-A99ACCA2F076}.Debug|x64.ActiveCfg = Debug|x64
		{4268FB80-B20A-3673-99DC-A99ACCA2F076}.Release|x64.ActiveCfg = Release|x64
		{4268FB80-B20A-3673-99DC-A99ACCA2F076}.MinSizeRel|x64.ActiveCfg = MinSizeRel|x64
		{4268FB80-B20A-3673-99DC-A99ACCA2F076}.RelWithDebInfo|x64.ActiveCfg = RelWithDebInfo|x64
		{33FA1159-CD0F-349E-B157-7865DDF5886D}.Debug|x64.ActiveCfg = Debug|x64
		{33FA1159-CD0F-349E-B157-7865DDF5886D}.Release|x64.ActiveCfg = Release|x64
		{33FA1159-CD0F-349E-B157-7865DDF5886D}.MinSizeRel|x64.ActiveCfg = MinSizeRel|x64
		{33FA1159-CD0F-349E-B157-7865DDF5886D}.RelWithDebInfo|x64.ActiveCfg = RelWithDebInfo|x64
		{B7DA7483-C20E-3F36-B052-3B0B0DF54381}.Debug|x64.ActiveCfg = Debug|x64
		{B7DA7483-C20E-3F36-B052-3B0B0DF54381}.Debug|x64.Build.0 = Debug|x64
		{B7DA7483-C20E-3F36-B052-3B0B0DF54381}.Release|x64.ActiveCfg = Release|x64
		{B7DA7483-C20E-3F36-B052-3B0B0DF54381}.Release|x64.Build.0 = Release|x64
		{B7DA7483-C20E-3F36-B052-3B0B0DF54381}.MinSizeRel|x64.ActiveCfg = MinSizeRel|x64
		{B7DA7483-C20E-3F36-B052-3B0B0DF54381}.MinSizeRel|x64.Build.0 = MinSizeRel|x64
		{B7DA7483-C20E-3F36-B052-3B0B0DF54381}.RelWithDebInfo|x64.ActiveCfg = RelWithDebInfo|x64
		{B7DA7483-C20E-3F36-B052-3B0B0DF54381}.RelWithDebInfo|x64.Build.0 = RelWithDebInfo|x64
		{DE007AE0-4D04-3B7F-96E6-2249F33677E3}.Debug|x64.ActiveCfg = Debug|x64
		{DE007AE0-4D04-3B7F-96E6-2249F33677E3}.Debug|x64.Build.0 = Debug|x64
		{DE007AE0-4D04-3B7F-96E6-2249F33677E3}.Release|x64.ActiveCfg = Release|x64
		{DE007AE0-4D04-3B7F-96E6-2249F33677E3}.Release|x64.Build.0 = Release|x64
		{DE007AE0-4D04-3B7F-96E6-2249F33677E3}.MinSizeRel|x64.ActiveCfg = MinSizeRel|x64
		{DE007AE0-4D04-3B7F-96E6-2249F33677E3}.MinSizeRel|x64.Build.0 = MinSizeRel|x64
		{DE007AE0-4D04-3B7F-96E6-2249F33677E3}.RelWithDebInfo|x64.ActiveCfg = RelWithDebInfo|x64
		{DE007AE0-4D04-3B7F-96E6-2249F33677E3}.RelWithDebInfo|x64.Build.0 = RelWithDebInfo|x64
		{99CE1738-9FDA-31D8-881D-F470DD7448A8}.Debug|x64.ActiveCfg = Debug|x64
		{99CE1738-9FDA-31D8-881D-F470DD7448A8}.Debug|x64.Build.0 = Debug|x64
		{99CE1738-9FDA-31D8-881D-F470DD7448A8}.Release|x64.ActiveCfg = Release|x64
		{99CE1738-9FDA-31D8-881D-F470DD7448A8}.Release|x64.Build.0 = Release|x64
		{99CE1738-9FDA-31D8-881D-F470DD7448A8}.MinSizeRel|x64.ActiveCfg = MinSizeRel|x64
		{99CE1738-9FDA-31D8-881D-F470DD7448A8}.MinSizeRel|x64.Build.0 = MinSizeRel|x64
		{99CE1738-9FDA-31D8-881D-F470DD7448A8}.RelWithDebInfo|x64.ActiveCfg = RelWithDebInfo|x64
		{99CE1738-9FDA-31D8-881D-F470DD7448A8}.RelWithDebInfo|x64.Build.0 = RelWithDebInfo|x64
		{4C55A4BF-AF96-3D59-A344-E6E47E81924F}.Debug|x64.ActiveCfg = Debug|x64
		{4C55A4BF-AF96-3D59-A344-E6E47E81924F}.Debug|x64.Build.0 = Debug|x64
		{4C55A4BF-AF96-3D59-A344-E6E47E81924F}.Release|x64.ActiveCfg = Release|x64
		{4C55A4BF-AF96-3D59-A344-E6E47E81924F}.Release|x64.Build.0 = Release|x64
		{4C55A4BF-AF96-3D59-A344-E6E47E81924F}.MinSizeRel|x64.ActiveCfg = MinSizeRel|x64
		{4C55A4BF-AF96-3D59-A344-E6E47E81924F}.MinSizeRel|x64.Build.0 = MinSizeRel|x64
		{4C55A4BF-AF96-3D59-A344-E6E47E81924F}.RelWithDebInfo|x64.ActiveCfg = RelWithDebInfo|x64
		{4C55A4BF-AF96-3D59-A344-E6E47E81924F}.RelWithDebInfo|x64.Build.0 = RelWithDebInfo|x64
	EndGlobalSection
	GlobalSection(NestedProjects) = preSolution
		{B42F8B19-0A30-3069-809F-619F19031519} = {7996F351-8346-330A-AAE0-456DC7CF0564}
		{4268FB80-B20A-3673-99DC-A99ACCA2F076} = {7996F351-8346-330A-AAE0-456DC7CF0564}
		{33FA1159-CD0F-349E-B157-7865DDF5886D} = {7996F351-8346-330A-AAE0-456DC7CF0564}
		{B7DA7483-C20E-3F36-B052-3B0B0DF54381} = {7996F351-8346-330A-AAE0-456DC7CF0564}
		{DE007AE0-4D04-3B7F-96E6-2249F33677E3} = {1259C99C-45D3-30C5-B7D0-8BDE3B8B0E38}
		{99CE1738-9FDA-31D8-881D-F470DD7448A8} = {1259C99C-45D3-30C5-B7D0-8BDE3B8B0E38}
		{4C55A4BF-AF96-3D59-A344-E6E47E81924F} = {1259C99C-45D3-30C5-B7D0-8BDE3B8B0E38}
	EndGlobalSection
	GlobalSection(ExtensibilityGlobals) = postSolution
		SolutionGuid = {23BD3FBD-D083-3A64-9B9D-DADF1F3B9533}
	EndGlobalSection
	GlobalSection(ExtensibilityAddIns) = postSolution
	EndGlobalSection
EndGlobal
