<?xml version="1.0" encoding="utf-8"?>
<Project ToolsVersion="17.0" xmlns="http://schemas.microsoft.com/developer/msbuild/2003">
  <ItemGroup>
    <ClCompile Include="D:\Repos\OpenAvnu\build-intel-hal\lib\la_avdecc\src\CMakeFiles\la_avdecc_static.dir\cmake_pch.cxx">
      <Filter>Source Files</Filter>
    </ClCompile>
    <ClCompile Include="D:\Repos\OpenAvnu\lib\la_avdecc\src\avdecc.cpp">
      <Filter>Source Files</Filter>
    </ClCompile>
    <ClCompile Include="D:\Repos\OpenAvnu\lib\la_avdecc\src\endStationImpl.cpp">
      <Filter>Source Files</Filter>
    </ClCompile>
    <ClCompile Include="D:\Repos\OpenAvnu\lib\la_avdecc\src\executor.cpp">
      <Filter>Source Files</Filter>
    </ClCompile>
    <ClCompile Include="D:\Repos\OpenAvnu\lib\la_avdecc\src\logger.cpp">
      <Filter>Source Files</Filter>
    </ClCompile>
    <ClCompile Include="D:\Repos\OpenAvnu\lib\la_avdecc\src\streamFormatInfo.cpp">
      <Filter>Source Files</Filter>
    </ClCompile>
    <ClCompile Include="D:\Repos\OpenAvnu\lib\la_avdecc\src\utils.cpp">
      <Filter>Source Files</Filter>
    </ClCompile>
    <ClCompile Include="D:\Repos\OpenAvnu\lib\la_avdecc\src\watchDog.cpp">
      <Filter>Source Files</Filter>
    </ClCompile>
    <ClCompile Include="D:\Repos\OpenAvnu\lib\la_avdecc\src\protocol\protocolAcmpdu.cpp">
      <Filter>Source Files\Protocol</Filter>
    </ClCompile>
    <ClCompile Include="D:\Repos\OpenAvnu\lib\la_avdecc\src\protocol\protocolAdpdu.cpp">
      <Filter>Source Files\Protocol</Filter>
    </ClCompile>
    <ClCompile Include="D:\Repos\OpenAvnu\lib\la_avdecc\src\protocol\protocolAecpdu.cpp">
      <Filter>Source Files\Protocol</Filter>
    </ClCompile>
    <ClCompile Include="D:\Repos\OpenAvnu\lib\la_avdecc\src\protocol\protocolAemAecpdu.cpp">
      <Filter>Source Files\Protocol</Filter>
    </ClCompile>
    <ClCompile Include="D:\Repos\OpenAvnu\lib\la_avdecc\src\protocol\protocolAemPayloads.cpp">
      <Filter>Source Files\Protocol</Filter>
    </ClCompile>
    <ClCompile Include="D:\Repos\OpenAvnu\lib\la_avdecc\src\protocol\protocolAaAecpdu.cpp">
      <Filter>Source Files\Protocol</Filter>
    </ClCompile>
    <ClCompile Include="D:\Repos\OpenAvnu\lib\la_avdecc\src\protocol\protocolAvtpdu.cpp">
      <Filter>Source Files\Protocol</Filter>
    </ClCompile>
    <ClCompile Include="D:\Repos\OpenAvnu\lib\la_avdecc\src\protocol\protocolDefines.cpp">
      <Filter>Source Files\Protocol</Filter>
    </ClCompile>
    <ClCompile Include="D:\Repos\OpenAvnu\lib\la_avdecc\src\protocol\protocolVuAecpdu.cpp">
      <Filter>Source Files\Protocol</Filter>
    </ClCompile>
    <ClCompile Include="D:\Repos\OpenAvnu\lib\la_avdecc\src\protocol\protocolMvuAecpdu.cpp">
      <Filter>Source Files\Protocol</Filter>
    </ClCompile>
    <ClCompile Include="D:\Repos\OpenAvnu\lib\la_avdecc\src\protocol\protocolMvuPayloads.cpp">
      <Filter>Source Files\Protocol</Filter>
    </ClCompile>
    <ClCompile Include="D:\Repos\OpenAvnu\lib\la_avdecc\src\protocolInterface\protocolInterface.cpp">
      <Filter>Source Files\Protocol Interface</Filter>
    </ClCompile>
    <ClCompile Include="D:\Repos\OpenAvnu\lib\la_avdecc\src\protocolInterface\protocolInterface_pcap.cpp">
      <Filter>Source Files\Protocol Interface</Filter>
    </ClCompile>
    <ClCompile Include="D:\Repos\OpenAvnu\lib\la_avdecc\src\protocolInterface\pcapDynamicLinking.cpp">
      <Filter>Source Files\Protocol Interface</Filter>
    </ClCompile>
    <ClCompile Include="D:\Repos\OpenAvnu\lib\la_avdecc\src\protocolInterface\protocolInterface_virtual.cpp">
      <Filter>Source Files\Protocol Interface</Filter>
    </ClCompile>
    <ClCompile Include="D:\Repos\OpenAvnu\lib\la_avdecc\src\stateMachine\advertiseStateMachine.cpp">
      <Filter>Source Files\State Machines</Filter>
    </ClCompile>
    <ClCompile Include="D:\Repos\OpenAvnu\lib\la_avdecc\src\stateMachine\commandStateMachine.cpp">
      <Filter>Source Files\State Machines</Filter>
    </ClCompile>
    <ClCompile Include="D:\Repos\OpenAvnu\lib\la_avdecc\src\stateMachine\discoveryStateMachine.cpp">
      <Filter>Source Files\State Machines</Filter>
    </ClCompile>
    <ClCompile Include="D:\Repos\OpenAvnu\lib\la_avdecc\src\stateMachine\stateMachineManager.cpp">
      <Filter>Source Files\State Machines</Filter>
    </ClCompile>
    <ClCompile Include="D:\Repos\OpenAvnu\lib\la_avdecc\src\entity\entityModelTypes.cpp">
      <Filter>Source Files\Entity</Filter>
    </ClCompile>
    <ClCompile Include="D:\Repos\OpenAvnu\lib\la_avdecc\src\entity\localEntityImpl.cpp">
      <Filter>Source Files\Entity</Filter>
    </ClCompile>
    <ClCompile Include="D:\Repos\OpenAvnu\lib\la_avdecc\src\entity\aemHandler.cpp">
      <Filter>Source Files\Entity</Filter>
    </ClCompile>
    <ClCompile Include="D:\Repos\OpenAvnu\lib\la_avdecc\src\entity\aggregateEntityImpl.cpp">
      <Filter>Source Files\Entity</Filter>
    </ClCompile>
    <ClCompile Include="D:\Repos\OpenAvnu\lib\la_avdecc\src\entity\controllerCapabilityDelegate.cpp">
      <Filter>Source Files\Entity</Filter>
    </ClCompile>
    <ClCompile Include="D:\Repos\OpenAvnu\lib\la_avdecc\src\entity\controllerEntityImpl.cpp">
      <Filter>Source Files\Entity</Filter>
    </ClCompile>
    <ClCompile Include="D:\Repos\OpenAvnu\lib\la_avdecc\src\entity\entityModelControlValues.cpp">
      <Filter>Source Files\Entity</Filter>
    </ClCompile>
    <ClCompile Include="D:\Repos\OpenAvnu\lib\la_avdecc\src\entity\entityModelJsonSerializer.cpp">
      <Filter>Source Files\Entity</Filter>
    </ClCompile>
  </ItemGroup>
  <ItemGroup>
    <ClInclude Include="D:\Repos\OpenAvnu\build-intel-hal\lib\la_avdecc\src\config.h">
      <Filter>Header Files</Filter>
    </ClInclude>
    <ClInclude Include="D:\Repos\OpenAvnu\lib\la_avdecc\src\endStationImpl.hpp">
      <Filter>Header Files</Filter>
    </ClInclude>
    <ClInclude Include="D:\Repos\OpenAvnu\lib\la_avdecc\src\logHelper.hpp">
      <Filter>Header Files</Filter>
    </ClInclude>
    <ClInclude Include="D:\Repos\OpenAvnu\lib\la_avdecc\src\utils.hpp">
      <Filter>Header Files</Filter>
    </ClInclude>
    <ClInclude Include="D:\Repos\OpenAvnu\lib\la_avdecc\src\protocol\protocolAemControlValuesPayloads.hpp">
      <Filter>Header Files\Protocol</Filter>
    </ClInclude>
    <ClInclude Include="D:\Repos\OpenAvnu\lib\la_avdecc\src\protocol\protocolAemPayloads.hpp">
      <Filter>Header Files\Protocol</Filter>
    </ClInclude>
    <ClInclude Include="D:\Repos\OpenAvnu\lib\la_avdecc\src\protocol\protocolMvuPayloads.hpp">
      <Filter>Header Files\Protocol</Filter>
    </ClInclude>
    <ClInclude Include="D:\Repos\OpenAvnu\lib\la_avdecc\src\protocolInterface\ethernetPacketDispatch.hpp">
      <Filter>Header Files\Protocol Interface</Filter>
    </ClInclude>
    <ClInclude Include="D:\Repos\OpenAvnu\lib\la_avdecc\src\protocolInterface\protocolInterface_pcap.hpp">
      <Filter>Header Files\Protocol Interface</Filter>
    </ClInclude>
    <ClInclude Include="D:\Repos\OpenAvnu\lib\la_avdecc\src\protocolInterface\pcapInterface.hpp">
      <Filter>Header Files\Protocol Interface</Filter>
    </ClInclude>
    <ClInclude Include="D:\Repos\OpenAvnu\lib\la_avdecc\src\protocolInterface\protocolInterface_virtual.hpp">
      <Filter>Header Files\Protocol Interface</Filter>
    </ClInclude>
    <ClInclude Include="D:\Repos\OpenAvnu\lib\la_avdecc\src\stateMachine\advertiseStateMachine.hpp">
      <Filter>Header Files\State Machines</Filter>
    </ClInclude>
    <ClInclude Include="D:\Repos\OpenAvnu\lib\la_avdecc\src\stateMachine\commandStateMachine.hpp">
      <Filter>Header Files\State Machines</Filter>
    </ClInclude>
    <ClInclude Include="D:\Repos\OpenAvnu\lib\la_avdecc\src\stateMachine\discoveryStateMachine.hpp">
      <Filter>Header Files\State Machines</Filter>
    </ClInclude>
    <ClInclude Include="D:\Repos\OpenAvnu\lib\la_avdecc\src\stateMachine\protocolInterfaceDelegate.hpp">
      <Filter>Header Files\State Machines</Filter>
    </ClInclude>
    <ClInclude Include="D:\Repos\OpenAvnu\lib\la_avdecc\src\stateMachine\stateMachineManager.hpp">
      <Filter>Header Files\State Machines</Filter>
    </ClInclude>
    <ClInclude Include="D:\Repos\OpenAvnu\lib\la_avdecc\src\entity\entityImpl.hpp">
      <Filter>Header Files\Entity</Filter>
    </ClInclude>
    <ClInclude Include="D:\Repos\OpenAvnu\lib\la_avdecc\src\entity\aemHandler.hpp">
      <Filter>Header Files\Entity</Filter>
    </ClInclude>
    <ClInclude Include="D:\Repos\OpenAvnu\lib\la_avdecc\src\entity\aggregateEntityImpl.hpp">
      <Filter>Header Files\Entity</Filter>
    </ClInclude>
    <ClInclude Include="D:\Repos\OpenAvnu\lib\la_avdecc\src\entity\controllerCapabilityDelegate.hpp">
      <Filter>Header Files\Entity</Filter>
    </ClInclude>
    <ClInclude Include="D:\Repos\OpenAvnu\lib\la_avdecc\src\entity\controllerEntityImpl.hpp">
      <Filter>Header Files\Entity</Filter>
    </ClInclude>
    <ClInclude Include="D:\Repos\OpenAvnu\lib\la_avdecc\include\la\avdecc\avdecc.hpp">
      <Filter>Header Files\Public</Filter>
    </ClInclude>
    <ClInclude Include="D:\Repos\OpenAvnu\lib\la_avdecc\include\la\avdecc\executor.hpp">
      <Filter>Header Files\Public</Filter>
    </ClInclude>
    <ClInclude Include="D:\Repos\OpenAvnu\lib\la_avdecc\include\la\avdecc\logger.hpp">
      <Filter>Header Files\Public</Filter>
    </ClInclude>
    <ClInclude Include="D:\Repos\OpenAvnu\lib\la_avdecc\include\la\avdecc\memoryBuffer.hpp">
      <Filter>Header Files\Public</Filter>
    </ClInclude>
    <ClInclude Include="D:\Repos\OpenAvnu\lib\la_avdecc\include\la\avdecc\utils.hpp">
      <Filter>Header Files\Public</Filter>
    </ClInclude>
    <ClInclude Include="D:\Repos\OpenAvnu\lib\la_avdecc\include\la\avdecc\watchDog.hpp">
      <Filter>Header Files\Public</Filter>
    </ClInclude>
    <ClInclude Include="D:\Repos\OpenAvnu\lib\la_avdecc\include\la\avdecc\internals\aggregateEntity.hpp">
      <Filter>Header Files\Public\internals</Filter>
    </ClInclude>
    <ClInclude Include="D:\Repos\OpenAvnu\lib\la_avdecc\include\la\avdecc\internals\controllerEntity.hpp">
      <Filter>Header Files\Public\internals</Filter>
    </ClInclude>
    <ClInclude Include="D:\Repos\OpenAvnu\lib\la_avdecc\include\la\avdecc\internals\endian.hpp">
      <Filter>Header Files\Public\internals</Filter>
    </ClInclude>
    <ClInclude Include="D:\Repos\OpenAvnu\lib\la_avdecc\include\la\avdecc\internals\endStation.hpp">
      <Filter>Header Files\Public\internals</Filter>
    </ClInclude>
    <ClInclude Include="D:\Repos\OpenAvnu\lib\la_avdecc\include\la\avdecc\internals\entity.hpp">
      <Filter>Header Files\Public\internals</Filter>
    </ClInclude>
    <ClInclude Include="D:\Repos\OpenAvnu\lib\la_avdecc\include\la\avdecc\internals\entityAddressAccessTypes.hpp">
      <Filter>Header Files\Public\internals</Filter>
    </ClInclude>
    <ClInclude Include="D:\Repos\OpenAvnu\lib\la_avdecc\include\la\avdecc\internals\entityEnums.hpp">
      <Filter>Header Files\Public\internals</Filter>
    </ClInclude>
    <ClInclude Include="D:\Repos\OpenAvnu\lib\la_avdecc\include\la\avdecc\internals\entityModel.hpp">
      <Filter>Header Files\Public\internals</Filter>
    </ClInclude>
    <ClInclude Include="D:\Repos\OpenAvnu\lib\la_avdecc\include\la\avdecc\internals\entityModelControlValues.hpp">
      <Filter>Header Files\Public\internals</Filter>
    </ClInclude>
    <ClInclude Include="D:\Repos\OpenAvnu\lib\la_avdecc\include\la\avdecc\internals\entityModelControlValuesTraits.hpp">
      <Filter>Header Files\Public\internals</Filter>
    </ClInclude>
    <ClInclude Include="D:\Repos\OpenAvnu\lib\la_avdecc\include\la\avdecc\internals\entityModelTree.hpp">
      <Filter>Header Files\Public\internals</Filter>
    </ClInclude>
    <ClInclude Include="D:\Repos\OpenAvnu\lib\la_avdecc\include\la\avdecc\internals\entityModelTreeCommon.hpp">
      <Filter>Header Files\Public\internals</Filter>
    </ClInclude>
    <ClInclude Include="D:\Repos\OpenAvnu\lib\la_avdecc\include\la\avdecc\internals\entityModelTreeDynamic.hpp">
      <Filter>Header Files\Public\internals</Filter>
    </ClInclude>
    <ClInclude Include="D:\Repos\OpenAvnu\lib\la_avdecc\include\la\avdecc\internals\entityModelTreeStatic.hpp">
      <Filter>Header Files\Public\internals</Filter>
    </ClInclude>
    <ClInclude Include="D:\Repos\OpenAvnu\lib\la_avdecc\include\la\avdecc\internals\entityModelTypes.hpp">
      <Filter>Header Files\Public\internals</Filter>
    </ClInclude>
    <ClInclude Include="D:\Repos\OpenAvnu\lib\la_avdecc\include\la\avdecc\internals\exception.hpp">
      <Filter>Header Files\Public\internals</Filter>
    </ClInclude>
    <ClInclude Include="D:\Repos\OpenAvnu\lib\la_avdecc\include\la\avdecc\internals\exports.hpp">
      <Filter>Header Files\Public\internals</Filter>
    </ClInclude>
    <ClInclude Include="D:\Repos\OpenAvnu\lib\la_avdecc\include\la\avdecc\internals\instrumentationNotifier.hpp">
      <Filter>Header Files\Public\internals</Filter>
    </ClInclude>
    <ClInclude Include="D:\Repos\OpenAvnu\lib\la_avdecc\include\la\avdecc\internals\jsonSerialization.hpp">
      <Filter>Header Files\Public\internals</Filter>
    </ClInclude>
    <ClInclude Include="D:\Repos\OpenAvnu\lib\la_avdecc\include\la\avdecc\internals\logItems.hpp">
      <Filter>Header Files\Public\internals</Filter>
    </ClInclude>
    <ClInclude Include="D:\Repos\OpenAvnu\lib\la_avdecc\include\la\avdecc\internals\protocolAaAecpdu.hpp">
      <Filter>Header Files\Public\internals</Filter>
    </ClInclude>
    <ClInclude Include="D:\Repos\OpenAvnu\lib\la_avdecc\include\la\avdecc\internals\protocolAcmpdu.hpp">
      <Filter>Header Files\Public\internals</Filter>
    </ClInclude>
    <ClInclude Include="D:\Repos\OpenAvnu\lib\la_avdecc\include\la\avdecc\internals\protocolAdpdu.hpp">
      <Filter>Header Files\Public\internals</Filter>
    </ClInclude>
    <ClInclude Include="D:\Repos\OpenAvnu\lib\la_avdecc\include\la\avdecc\internals\protocolAecpdu.hpp">
      <Filter>Header Files\Public\internals</Filter>
    </ClInclude>
    <ClInclude Include="D:\Repos\OpenAvnu\lib\la_avdecc\include\la\avdecc\internals\protocolAemAecpdu.hpp">
      <Filter>Header Files\Public\internals</Filter>
    </ClInclude>
    <ClInclude Include="D:\Repos\OpenAvnu\lib\la_avdecc\include\la\avdecc\internals\protocolAemPayloadSizes.hpp">
      <Filter>Header Files\Public\internals</Filter>
    </ClInclude>
    <ClInclude Include="D:\Repos\OpenAvnu\lib\la_avdecc\include\la\avdecc\internals\protocolAvtpdu.hpp">
      <Filter>Header Files\Public\internals</Filter>
    </ClInclude>
    <ClInclude Include="D:\Repos\OpenAvnu\lib\la_avdecc\include\la\avdecc\internals\protocolDefines.hpp">
      <Filter>Header Files\Public\internals</Filter>
    </ClInclude>
    <ClInclude Include="D:\Repos\OpenAvnu\lib\la_avdecc\include\la\avdecc\internals\protocolMvuAecpdu.hpp">
      <Filter>Header Files\Public\internals</Filter>
    </ClInclude>
    <ClInclude Include="D:\Repos\OpenAvnu\lib\la_avdecc\include\la\avdecc\internals\protocolMvuPayloadSizes.hpp">
      <Filter>Header Files\Public\internals</Filter>
    </ClInclude>
    <ClInclude Include="D:\Repos\OpenAvnu\lib\la_avdecc\include\la\avdecc\internals\protocolVuAecpdu.hpp">
      <Filter>Header Files\Public\internals</Filter>
    </ClInclude>
    <ClInclude Include="D:\Repos\OpenAvnu\lib\la_avdecc\include\la\avdecc\internals\protocolInterface.hpp">
      <Filter>Header Files\Public\internals</Filter>
    </ClInclude>
    <ClInclude Include="D:\Repos\OpenAvnu\lib\la_avdecc\include\la\avdecc\internals\serialization.hpp">
      <Filter>Header Files\Public\internals</Filter>
    </ClInclude>
    <ClInclude Include="D:\Repos\OpenAvnu\lib\la_avdecc\include\la\avdecc\internals\streamFormatInfo.hpp">
      <Filter>Header Files\Public\internals</Filter>
    </ClInclude>
    <ClInclude Include="D:\Repos\OpenAvnu\lib\la_avdecc\include\la\avdecc\internals\uniqueIdentifier.hpp">
      <Filter>Header Files\Public\internals</Filter>
    </ClInclude>
    <ClInclude Include="D:\Repos\OpenAvnu\lib\la_avdecc\include\la\avdecc\internals\jsonTypes.hpp">
      <Filter>Header Files\Public\internals</Filter>
    </ClInclude>
    <ClInclude Include="D:\Repos\OpenAvnu\lib\la_avdecc\src\pch.hpp">
      <Filter>Header Files</Filter>
    </ClInclude>
    <ClInclude Include="D:\Repos\OpenAvnu\build-intel-hal\lib\la_avdecc\src\CMakeFiles\la_avdecc_static.dir\Debug\cmake_pch.hxx">
      <Filter>Precompile Header File</Filter>
    </ClInclude>
    <ClInclude Include="D:\Repos\OpenAvnu\build-intel-hal\lib\la_avdecc\src\CMakeFiles\la_avdecc_static.dir\Release\cmake_pch.hxx">
      <Filter>Precompile Header File</Filter>
    </ClInclude>
    <ClInclude Include="D:\Repos\OpenAvnu\build-intel-hal\lib\la_avdecc\src\CMakeFiles\la_avdecc_static.dir\MinSizeRel\cmake_pch.hxx">
      <Filter>Precompile Header File</Filter>
    </ClInclude>
    <ClInclude Include="D:\Repos\OpenAvnu\build-intel-hal\lib\la_avdecc\src\CMakeFiles\la_avdecc_static.dir\RelWithDebInfo\cmake_pch.hxx">
      <Filter>Precompile Header File</Filter>
    </ClInclude>
  </ItemGroup>
  <ItemGroup>
    <CustomBuild Include="D:\Repos\OpenAvnu\lib\la_avdecc\src\CMakeLists.txt" />
  </ItemGroup>
  <ItemGroup>
    <Natvis Include="D:\Repos\OpenAvnu\lib\la_avdecc\externals\3rdparty\json\nlohmann_json.natvis" />
  </ItemGroup>
  <ItemGroup>
    <None Include="D:\Repos\OpenAvnu\lib\la_avdecc\src\entity\localEntityImpl.ipp">
      <Filter>Header Files\Entity</Filter>
    </None>
  </ItemGroup>
  <ItemGroup>
    <Filter Include="Header Files">
      <UniqueIdentifier>{58D3E6A5-30BA-3A15-ACDF-84DDD3D3D137}</UniqueIdentifier>
    </Filter>
    <Filter Include="Header Files\Entity">
      <UniqueIdentifier>{694A2FBC-7B37-3B1F-A06A-1C57D01E0E5F}</UniqueIdentifier>
    </Filter>
    <Filter Include="Header Files\Protocol">
      <UniqueIdentifier>{BD2FF6D2-1F5D-33F3-8A69-B24A22FCE5A3}</UniqueIdentifier>
    </Filter>
    <Filter Include="Header Files\Protocol Interface">
      <UniqueIdentifier>{06871D74-2E2C-3E40-9596-0B6F641038E8}</UniqueIdentifier>
    </Filter>
    <Filter Include="Header Files\Public">
      <UniqueIdentifier>{64FA966A-3EF1-32BF-B92E-0D44B36509F3}</UniqueIdentifier>
    </Filter>
    <Filter Include="Header Files\Public\internals">
      <UniqueIdentifier>{57417BC7-4A50-3026-84B3-749C7ACADB4C}</UniqueIdentifier>
    </Filter>
    <Filter Include="Header Files\State Machines">
      <UniqueIdentifier>{B8202001-2188-3C35-8A47-A72351EFCD19}</UniqueIdentifier>
    </Filter>
    <Filter Include="Precompile Header File">
      <UniqueIdentifier>{E8A6830A-FCF5-3401-9E6F-CF55CB6F38BD}</UniqueIdentifier>
    </Filter>
    <Filter Include="Source Files">
      <UniqueIdentifier>{E9E6772A-3F85-3D7E-8C20-637B0FD247CE}</UniqueIdentifier>
    </Filter>
    <Filter Include="Source Files\Entity">
      <UniqueIdentifier>{549ACAD1-C0FB-38E3-B1A8-F0C48C301657}</UniqueIdentifier>
    </Filter>
    <Filter Include="Source Files\Protocol">
      <UniqueIdentifier>{B34EC765-8CFC-349E-8AD9-3BFC86010D2D}</UniqueIdentifier>
    </Filter>
    <Filter Include="Source Files\Protocol Interface">
      <UniqueIdentifier>{F909C1DB-2BEB-3479-B58F-0F55FFD1A0FA}</UniqueIdentifier>
    </Filter>
    <Filter Include="Source Files\State Machines">
      <UniqueIdentifier>{690A649C-F85D-3583-89BF-737C825B6653}</UniqueIdentifier>
    </Filter>
  </ItemGroup>
</Project>
