
Microsoft Visual Studio Solution File, Format Version 12.00
# Visual Studio Version 17
Project("{8BC9CEB8-8B4A-11D0-8D11-00A0C91BC942}") = "ALL_BUILD", "ALL_BUILD.vcxproj", "{5F1F6A85-143A-3C35-8DFB-F23B9100A19F}"
	ProjectSection(ProjectDependencies) = postProject
		{570A960F-FF1B-3897-B293-4DC8D6D4430B} = {570A960F-FF1B-3897-B293-4DC8D6D4430B}
		{73AE3A1B-8D6C-3092-AD70-183B52AE2877} = {73AE3A1B-8D6C-3092-AD70-183B52AE2877}
		{B000D2CB-3EAB-3ACA-A8E0-62C26D617780} = {B000D2CB-3EAB-3ACA-A8E0-62C26D617780}
	EndProjectSection
EndProject
Project("{8BC9CEB8-8B4A-11D0-8D11-00A0C91BC942}") = "ZERO_CHECK", "ZERO_CHECK.vcxproj", "{570A960F-FF1B-3897-B293-4DC8D6D4430B}"
	ProjectSection(ProjectDependencies) = postProject
	EndProjectSection
EndProject
Project("{8BC9CEB8-8B4A-11D0-8D11-00A0C91BC942}") = "ieee_1722_1_2021_complete", "ieee_1722_1_2021_complete.vcxproj", "{73AE3A1B-8D6C-3092-AD70-183B52AE2877}"
	ProjectSection(ProjectDependencies) = postProject
		{570A960F-FF1B-3897-B293-4DC8D6D4430B} = {570A960F-FF1B-3897-B293-4DC8D6D4430B}
	EndProjectSection
EndProject
Project("{8BC9CEB8-8B4A-11D0-8D11-00A0C91BC942}") = "test_ieee_complete", "test_ieee_complete.vcxproj", "{B000D2CB-3EAB-3ACA-A8E0-62C26D617780}"
	ProjectSection(ProjectDependencies) = postProject
		{570A960F-FF1B-3897-B293-4DC8D6D4430B} = {570A960F-FF1B-3897-B293-4DC8D6D4430B}
		{73AE3A1B-8D6C-3092-AD70-183B52AE2877} = {73AE3A1B-8D6C-3092-AD70-183B52AE2877}
	EndProjectSection
EndProject
Global
	GlobalSection(SolutionConfigurationPlatforms) = preSolution
		Debug|x64 = Debug|x64
		Release|x64 = Release|x64
		MinSizeRel|x64 = MinSizeRel|x64
		RelWithDebInfo|x64 = RelWithDebInfo|x64
	EndGlobalSection
	GlobalSection(ProjectConfigurationPlatforms) = postSolution
		{5F1F6A85-143A-3C35-8DFB-F23B9100A19F}.Debug|x64.ActiveCfg = Debug|x64
		{5F1F6A85-143A-3C35-8DFB-F23B9100A19F}.Release|x64.ActiveCfg = Release|x64
		{5F1F6A85-143A-3C35-8DFB-F23B9100A19F}.MinSizeRel|x64.ActiveCfg = MinSizeRel|x64
		{5F1F6A85-143A-3C35-8DFB-F23B9100A19F}.RelWithDebInfo|x64.ActiveCfg = RelWithDebInfo|x64
		{570A960F-FF1B-3897-B293-4DC8D6D4430B}.Debug|x64.ActiveCfg = Debug|x64
		{570A960F-FF1B-3897-B293-4DC8D6D4430B}.Debug|x64.Build.0 = Debug|x64
		{570A960F-FF1B-3897-B293-4DC8D6D4430B}.Release|x64.ActiveCfg = Release|x64
		{570A960F-FF1B-3897-B293-4DC8D6D4430B}.Release|x64.Build.0 = Release|x64
		{570A960F-FF1B-3897-B293-4DC8D6D4430B}.MinSizeRel|x64.ActiveCfg = MinSizeRel|x64
		{570A960F-FF1B-3897-B293-4DC8D6D4430B}.MinSizeRel|x64.Build.0 = MinSizeRel|x64
		{570A960F-FF1B-3897-B293-4DC8D6D4430B}.RelWithDebInfo|x64.ActiveCfg = RelWithDebInfo|x64
		{570A960F-FF1B-3897-B293-4DC8D6D4430B}.RelWithDebInfo|x64.Build.0 = RelWithDebInfo|x64
		{73AE3A1B-8D6C-3092-AD70-183B52AE2877}.Debug|x64.ActiveCfg = Debug|x64
		{73AE3A1B-8D6C-3092-AD70-183B52AE2877}.Debug|x64.Build.0 = Debug|x64
		{73AE3A1B-8D6C-3092-AD70-183B52AE2877}.Release|x64.ActiveCfg = Release|x64
		{73AE3A1B-8D6C-3092-AD70-183B52AE2877}.Release|x64.Build.0 = Release|x64
		{73AE3A1B-8D6C-3092-AD70-183B52AE2877}.MinSizeRel|x64.ActiveCfg = MinSizeRel|x64
		{73AE3A1B-8D6C-3092-AD70-183B52AE2877}.MinSizeRel|x64.Build.0 = MinSizeRel|x64
		{73AE3A1B-8D6C-3092-AD70-183B52AE2877}.RelWithDebInfo|x64.ActiveCfg = RelWithDebInfo|x64
		{73AE3A1B-8D6C-3092-AD70-183B52AE2877}.RelWithDebInfo|x64.Build.0 = RelWithDebInfo|x64
		{B000D2CB-3EAB-3ACA-A8E0-62C26D617780}.Debug|x64.ActiveCfg = Debug|x64
		{B000D2CB-3EAB-3ACA-A8E0-62C26D617780}.Debug|x64.Build.0 = Debug|x64
		{B000D2CB-3EAB-3ACA-A8E0-62C26D617780}.Release|x64.ActiveCfg = Release|x64
		{B000D2CB-3EAB-3ACA-A8E0-62C26D617780}.Release|x64.Build.0 = Release|x64
		{B000D2CB-3EAB-3ACA-A8E0-62C26D617780}.MinSizeRel|x64.ActiveCfg = MinSizeRel|x64
		{B000D2CB-3EAB-3ACA-A8E0-62C26D617780}.MinSizeRel|x64.Build.0 = MinSizeRel|x64
		{B000D2CB-3EAB-3ACA-A8E0-62C26D617780}.RelWithDebInfo|x64.ActiveCfg = RelWithDebInfo|x64
		{B000D2CB-3EAB-3ACA-A8E0-62C26D617780}.RelWithDebInfo|x64.Build.0 = RelWithDebInfo|x64
	EndGlobalSection
	GlobalSection(ExtensibilityGlobals) = postSolution
		SolutionGuid = {85476F0B-259F-3853-AB86-4CA245C1A425}
	EndGlobalSection
	GlobalSection(ExtensibilityAddIns) = postSolution
	EndGlobalSection
EndGlobal
