<?xml version="1.0" encoding="utf-8"?>
<Project ToolsVersion="17.0" xmlns="http://schemas.microsoft.com/developer/msbuild/2003">
  <ItemGroup>
    <CustomBuild Include="D:\Repos\OpenAvnu\lib\Standards\build_standards\CMakeFiles\6b3d697fa82a81a965db038b524ea446\generate.stamp.rule">
      <Filter>CMake Rules</Filter>
    </CustomBuild>
  </ItemGroup>
  <ItemGroup>
    <Filter Include="CMake Rules">
      <UniqueIdentifier>{B55F8392-EC3E-3F95-A712-6D32CEA5371A}</UniqueIdentifier>
    </Filter>
  </ItemGroup>
</Project>
