<?xml version="1.0" encoding="utf-8"?>
<Project ToolsVersion="17.0" xmlns="http://schemas.microsoft.com/developer/msbuild/2003">
  <ItemGroup>
    <ClCompile Include="D:\Repos\OpenAvnu\build-intel-hal\lib\la_avdecc\src\controller\CMakeFiles\la_avdecc_controller_static.dir\cmake_pch.cxx">
      <Filter>Source Files</Filter>
    </ClCompile>
    <ClCompile Include="D:\Repos\OpenAvnu\lib\la_avdecc\src\controller\avdeccController.cpp">
      <Filter>Source Files</Filter>
    </ClCompile>
    <ClCompile Include="D:\Repos\OpenAvnu\lib\la_avdecc\src\controller\avdeccControllerImpl.cpp">
      <Filter>Source Files</Filter>
    </ClCompile>
    <ClCompile Include="D:\Repos\OpenAvnu\lib\la_avdecc\src\controller\avdeccControllerImplDelegateOverrides.cpp">
      <Filter>Source Files</Filter>
    </ClCompile>
    <ClCompile Include="D:\Repos\OpenAvnu\lib\la_avdecc\src\controller\avdeccControllerImplHandlers.cpp">
      <Filter>Source Files</Filter>
    </ClCompile>
    <ClCompile Include="D:\Repos\OpenAvnu\lib\la_avdecc\src\controller\avdeccControllerImplOverrides.cpp">
      <Filter>Source Files</Filter>
    </ClCompile>
    <ClCompile Include="D:\Repos\OpenAvnu\lib\la_avdecc\src\controller\avdeccControllerProxy.cpp">
      <Filter>Source Files</Filter>
    </ClCompile>
    <ClCompile Include="D:\Repos\OpenAvnu\lib\la_avdecc\src\controller\avdeccControlledEntityImpl.cpp">
      <Filter>Source Files</Filter>
    </ClCompile>
    <ClCompile Include="D:\Repos\OpenAvnu\lib\la_avdecc\src\controller\entityModelChecksum.cpp">
      <Filter>Source Files</Filter>
    </ClCompile>
    <ClCompile Include="D:\Repos\OpenAvnu\lib\la_avdecc\src\controller\virtualEntityModelVisitor.cpp">
      <Filter>Source Files</Filter>
    </ClCompile>
    <ClCompile Include="D:\Repos\OpenAvnu\lib\la_avdecc\src\controller\avdeccControlledEntityJsonSerializer.cpp">
      <Filter>Source Files</Filter>
    </ClCompile>
  </ItemGroup>
  <ItemGroup>
    <ClInclude Include="D:\Repos\OpenAvnu\build-intel-hal\lib\la_avdecc\src\controller\config.h">
      <Filter>Header Files</Filter>
    </ClInclude>
    <ClInclude Include="D:\Repos\OpenAvnu\lib\la_avdecc\src\controller\avdeccControllerImpl.hpp">
      <Filter>Header Files</Filter>
    </ClInclude>
    <ClInclude Include="D:\Repos\OpenAvnu\lib\la_avdecc\src\controller\avdeccControlledEntityImpl.hpp">
      <Filter>Header Files</Filter>
    </ClInclude>
    <ClInclude Include="D:\Repos\OpenAvnu\lib\la_avdecc\src\controller\avdeccControllerLogHelper.hpp">
      <Filter>Header Files</Filter>
    </ClInclude>
    <ClInclude Include="D:\Repos\OpenAvnu\lib\la_avdecc\src\controller\avdeccControllerProxy.hpp">
      <Filter>Header Files</Filter>
    </ClInclude>
    <ClInclude Include="D:\Repos\OpenAvnu\lib\la_avdecc\src\controller\avdeccEntityModelCache.hpp">
      <Filter>Header Files</Filter>
    </ClInclude>
    <ClInclude Include="D:\Repos\OpenAvnu\lib\la_avdecc\src\controller\entityModelChecksum.hpp">
      <Filter>Header Files</Filter>
    </ClInclude>
    <ClInclude Include="D:\Repos\OpenAvnu\lib\la_avdecc\src\controller\treeModelAccessStrategy.hpp">
      <Filter>Header Files</Filter>
    </ClInclude>
    <ClInclude Include="D:\Repos\OpenAvnu\lib\la_avdecc\src\controller\treeModelAccessTraverseStrategy.hpp">
      <Filter>Header Files</Filter>
    </ClInclude>
    <ClInclude Include="D:\Repos\OpenAvnu\lib\la_avdecc\src\controller\treeModelAccessCacheStrategy.hpp">
      <Filter>Header Files</Filter>
    </ClInclude>
    <ClInclude Include="D:\Repos\OpenAvnu\lib\la_avdecc\src\controller\virtualEntityModelVisitor.hpp">
      <Filter>Header Files</Filter>
    </ClInclude>
    <ClInclude Include="D:\Repos\OpenAvnu\lib\la_avdecc\src\controller\avdeccControlledEntityJsonSerializer.hpp">
      <Filter>Header Files</Filter>
    </ClInclude>
    <ClInclude Include="D:\Repos\OpenAvnu\lib\la_avdecc\src\controller\avdeccControllerJsonTypes.hpp">
      <Filter>Header Files</Filter>
    </ClInclude>
    <ClInclude Include="D:\Repos\OpenAvnu\lib\la_avdecc\include\la\avdecc\controller\avdeccController.hpp">
      <Filter>Header Files\Public\controller</Filter>
    </ClInclude>
    <ClInclude Include="D:\Repos\OpenAvnu\lib\la_avdecc\include\la\avdecc\controller\internals\avdeccControlledEntity.hpp">
      <Filter>Header Files\Public\controller\internals</Filter>
    </ClInclude>
    <ClInclude Include="D:\Repos\OpenAvnu\lib\la_avdecc\include\la\avdecc\controller\internals\avdeccControlledEntityModel.hpp">
      <Filter>Header Files\Public\controller\internals</Filter>
    </ClInclude>
    <ClInclude Include="D:\Repos\OpenAvnu\lib\la_avdecc\include\la\avdecc\controller\internals\virtualEntityBuilder.hpp">
      <Filter>Header Files\Public\controller\internals</Filter>
    </ClInclude>
    <ClInclude Include="D:\Repos\OpenAvnu\lib\la_avdecc\include\la\avdecc\controller\internals\exports.hpp">
      <Filter>Header Files\Public\controller\internals</Filter>
    </ClInclude>
    <ClInclude Include="D:\Repos\OpenAvnu\lib\la_avdecc\include\la\avdecc\controller\internals\logItems.hpp">
      <Filter>Header Files\Public\controller\internals</Filter>
    </ClInclude>
    <ClInclude Include="D:\Repos\OpenAvnu\lib\la_avdecc\src\controller\pch.hpp">
      <Filter>Header Files</Filter>
    </ClInclude>
    <ClInclude Include="D:\Repos\OpenAvnu\build-intel-hal\lib\la_avdecc\src\controller\CMakeFiles\la_avdecc_controller_static.dir\Debug\cmake_pch.hxx">
      <Filter>Precompile Header File</Filter>
    </ClInclude>
    <ClInclude Include="D:\Repos\OpenAvnu\build-intel-hal\lib\la_avdecc\src\controller\CMakeFiles\la_avdecc_controller_static.dir\Release\cmake_pch.hxx">
      <Filter>Precompile Header File</Filter>
    </ClInclude>
    <ClInclude Include="D:\Repos\OpenAvnu\build-intel-hal\lib\la_avdecc\src\controller\CMakeFiles\la_avdecc_controller_static.dir\MinSizeRel\cmake_pch.hxx">
      <Filter>Precompile Header File</Filter>
    </ClInclude>
    <ClInclude Include="D:\Repos\OpenAvnu\build-intel-hal\lib\la_avdecc\src\controller\CMakeFiles\la_avdecc_controller_static.dir\RelWithDebInfo\cmake_pch.hxx">
      <Filter>Precompile Header File</Filter>
    </ClInclude>
  </ItemGroup>
  <ItemGroup>
    <CustomBuild Include="D:\Repos\OpenAvnu\lib\la_avdecc\src\controller\CMakeLists.txt" />
  </ItemGroup>
  <ItemGroup>
    <Natvis Include="D:\Repos\OpenAvnu\lib\la_avdecc\externals\3rdparty\json\nlohmann_json.natvis" />
  </ItemGroup>
  <ItemGroup>
    <Filter Include="Header Files">
      <UniqueIdentifier>{58D3E6A5-30BA-3A15-ACDF-84DDD3D3D137}</UniqueIdentifier>
    </Filter>
    <Filter Include="Header Files\Public">
      <UniqueIdentifier>{64FA966A-3EF1-32BF-B92E-0D44B36509F3}</UniqueIdentifier>
    </Filter>
    <Filter Include="Header Files\Public\controller">
      <UniqueIdentifier>{E4AED3B0-E461-3FFC-BBF5-D38EAED3114B}</UniqueIdentifier>
    </Filter>
    <Filter Include="Header Files\Public\controller\internals">
      <UniqueIdentifier>{F19C269B-A456-3DE1-ADE5-3B39C36B8A73}</UniqueIdentifier>
    </Filter>
    <Filter Include="Precompile Header File">
      <UniqueIdentifier>{E8A6830A-FCF5-3401-9E6F-CF55CB6F38BD}</UniqueIdentifier>
    </Filter>
    <Filter Include="Source Files">
      <UniqueIdentifier>{E9E6772A-3F85-3D7E-8C20-637B0FD247CE}</UniqueIdentifier>
    </Filter>
  </ItemGroup>
</Project>
