<?xml version="1.0" encoding="utf-8"?>
<Project ToolsVersion="17.0" xmlns="http://schemas.microsoft.com/developer/msbuild/2003">
  <ItemGroup>
    <ClCompile Include="D:\Repos\OpenAvnu\daemons\maap\common\intervals.c">
      <Filter>Source Files</Filter>
    </ClCompile>
    <ClCompile Include="D:\Repos\OpenAvnu\daemons\maap\common\maap.c">
      <Filter>Source Files</Filter>
    </ClCompile>
    <ClCompile Include="D:\Repos\OpenAvnu\daemons\maap\common\maap_net.c">
      <Filter>Source Files</Filter>
    </ClCompile>
    <ClCompile Include="D:\Repos\OpenAvnu\daemons\maap\common\maap_packet.c">
      <Filter>Source Files</Filter>
    </ClCompile>
    <ClCompile Include="D:\Repos\OpenAvnu\daemons\maap\common\maap_parse.c">
      <Filter>Source Files</Filter>
    </ClCompile>
    <ClCompile Include="D:\Repos\OpenAvnu\daemons\maap\common\maap_log_queue.c">
      <Filter>Source Files</Filter>
    </ClCompile>
    <ClCompile Include="D:\Repos\OpenAvnu\daemons\maap\windows\src\maap_main.c">
      <Filter>Source Files</Filter>
    </ClCompile>
    <ClCompile Include="D:\Repos\OpenAvnu\daemons\maap\windows\src\maap_log_windows.c">
      <Filter>Source Files</Filter>
    </ClCompile>
    <ClCompile Include="D:\Repos\OpenAvnu\daemons\maap\windows\src\maap_timer_windows.c">
      <Filter>Source Files</Filter>
    </ClCompile>
  </ItemGroup>
  <ItemGroup>
    <CustomBuild Include="D:\Repos\OpenAvnu\daemons\maap\CMakeLists.txt" />
  </ItemGroup>
  <ItemGroup>
    <Filter Include="Source Files">
      <UniqueIdentifier>{443D7461-6F26-3BA9-AF42-C6034EACC9E7}</UniqueIdentifier>
    </Filter>
  </ItemGroup>
</Project>
