<?xml version="1.0" encoding="utf-8"?>
<Project ToolsVersion="17.0" xmlns="http://schemas.microsoft.com/developer/msbuild/2003">
  <ItemGroup>
    <ClCompile Include="D:\Repos\OpenAvnu\build-test\lib\la_avdecc\src\CMakeFiles\la_avdecc_cxx.dir\cmake_pch.cxx">
      <Filter>Source Files</Filter>
    </ClCompile>
    <ClCompile Include="D:\Repos\OpenAvnu\lib\la_avdecc\src\avdecc.cpp">
      <Filter>Source Files</Filter>
    </ClCompile>
    <ClCompile Include="D:\Repos\OpenAvnu\lib\la_avdecc\src\endStationImpl.cpp">
      <Filter>Source Files</Filter>
    </ClCompile>
    <ClCompile Include="D:\Repos\OpenAvnu\lib\la_avdecc\src\executor.cpp">
      <Filter>Source Files</Filter>
    </ClCompile>
    <ClCompile Include="D:\Repos\OpenAvnu\lib\la_avdecc\src\logger.cpp">
      <Filter>Source Files</Filter>
    </ClCompile>
    <ClCompile Include="D:\Repos\OpenAvnu\lib\la_avdecc\src\streamFormatInfo.cpp">
      <Filter>Source Files</Filter>
    </ClCompile>
    <ClCompile Include="D:\Repos\OpenAvnu\lib\la_avdecc\src\utils.cpp">
      <Filter>Source Files</Filter>
    </ClCompile>
    <ClCompile Include="D:\Repos\OpenAvnu\lib\la_avdecc\src\watchDog.cpp">
      <Filter>Source Files</Filter>
    </ClCompile>
    <ClCompile Include="D:\Repos\OpenAvnu\lib\la_avdecc\src\protocol\protocolAcmpdu.cpp">
      <Filter>Source Files\Protocol</Filter>
    </ClCompile>
    <ClCompile Include="D:\Repos\OpenAvnu\lib\la_avdecc\src\protocol\protocolAdpdu.cpp">
      <Filter>Source Files\Protocol</Filter>
    </ClCompile>
    <ClCompile Include="D:\Repos\OpenAvnu\lib\la_avdecc\src\protocol\protocolAecpdu.cpp">
      <Filter>Source Files\Protocol</Filter>
    </ClCompile>
    <ClCompile Include="D:\Repos\OpenAvnu\lib\la_avdecc\src\protocol\protocolAemAecpdu.cpp">
      <Filter>Source Files\Protocol</Filter>
    </ClCompile>
    <ClCompile Include="D:\Repos\OpenAvnu\lib\la_avdecc\src\protocol\protocolAemPayloads.cpp">
      <Filter>Source Files\Protocol</Filter>
    </ClCompile>
    <ClCompile Include="D:\Repos\OpenAvnu\lib\la_avdecc\src\protocol\protocolAaAecpdu.cpp">
      <Filter>Source Files\Protocol</Filter>
    </ClCompile>
    <ClCompile Include="D:\Repos\OpenAvnu\lib\la_avdecc\src\protocol\protocolAvtpdu.cpp">
      <Filter>Source Files\Protocol</Filter>
    </ClCompile>
    <ClCompile Include="D:\Repos\OpenAvnu\lib\la_avdecc\src\protocol\protocolDefines.cpp">
      <Filter>Source Files\Protocol</Filter>
    </ClCompile>
    <ClCompile Include="D:\Repos\OpenAvnu\lib\la_avdecc\src\protocol\protocolVuAecpdu.cpp">
      <Filter>Source Files\Protocol</Filter>
    </ClCompile>
    <ClCompile Include="D:\Repos\OpenAvnu\lib\la_avdecc\src\protocol\protocolMvuAecpdu.cpp">
      <Filter>Source Files\Protocol</Filter>
    </ClCompile>
    <ClCompile Include="D:\Repos\OpenAvnu\lib\la_avdecc\src\protocol\protocolMvuPayloads.cpp">
      <Filter>Source Files\Protocol</Filter>
    </ClCompile>
    <ClCompile Include="D:\Repos\OpenAvnu\lib\la_avdecc\src\protocolInterface\protocolInterface.cpp">
      <Filter>Source Files\Protocol Interface</Filter>
    </ClCompile>
    <ClCompile Include="D:\Repos\OpenAvnu\lib\la_avdecc\src\protocolInterface\protocolInterface_pcap.cpp">
      <Filter>Source Files\Protocol Interface</Filter>
    </ClCompile>
    <ClCompile Include="D:\Repos\OpenAvnu\lib\la_avdecc\src\protocolInterface\pcapDynamicLinking.cpp">
      <Filter>Source Files\Protocol Interface</Filter>
    </ClCompile>
    <ClCompile Include="D:\Repos\OpenAvnu\lib\la_avdecc\src\protocolInterface\protocolInterface_virtual.cpp">
      <Filter>Source Files\Protocol Interface</Filter>
    </ClCompile>
    <ClCompile Include="D:\Repos\OpenAvnu\lib\la_avdecc\src\stateMachine\advertiseStateMachine.cpp">
      <Filter>Source Files\State Machines</Filter>
    </ClCompile>
    <ClCompile Include="D:\Repos\OpenAvnu\lib\la_avdecc\src\stateMachine\commandStateMachine.cpp">
      <Filter>Source Files\State Machines</Filter>
    </ClCompile>
    <ClCompile Include="D:\Repos\OpenAvnu\lib\la_avdecc\src\stateMachine\discoveryStateMachine.cpp">
      <Filter>Source Files\State Machines</Filter>
    </ClCompile>
    <ClCompile Include="D:\Repos\OpenAvnu\lib\la_avdecc\src\stateMachine\stateMachineManager.cpp">
      <Filter>Source Files\State Machines</Filter>
    </ClCompile>
    <ClCompile Include="D:\Repos\OpenAvnu\lib\la_avdecc\src\entity\entityModelTypes.cpp">
      <Filter>Source Files\Entity</Filter>
    </ClCompile>
    <ClCompile Include="D:\Repos\OpenAvnu\lib\la_avdecc\src\entity\localEntityImpl.cpp">
      <Filter>Source Files\Entity</Filter>
    </ClCompile>
    <ClCompile Include="D:\Repos\OpenAvnu\lib\la_avdecc\src\entity\aemHandler.cpp">
      <Filter>Source Files\Entity</Filter>
    </ClCompile>
    <ClCompile Include="D:\Repos\OpenAvnu\lib\la_avdecc\src\entity\aggregateEntityImpl.cpp">
      <Filter>Source Files\Entity</Filter>
    </ClCompile>
    <ClCompile Include="D:\Repos\OpenAvnu\lib\la_avdecc\src\entity\controllerCapabilityDelegate.cpp">
      <Filter>Source Files\Entity</Filter>
    </ClCompile>
    <ClCompile Include="D:\Repos\OpenAvnu\lib\la_avdecc\src\entity\controllerEntityImpl.cpp">
      <Filter>Source Files\Entity</Filter>
    </ClCompile>
    <ClCompile Include="D:\Repos\OpenAvnu\lib\la_avdecc\src\entity\entityModelControlValues.cpp">
      <Filter>Source Files\Entity</Filter>
    </ClCompile>
    <ClCompile Include="D:\Repos\OpenAvnu\lib\la_avdecc\src\entity\entityModelJsonSerializer.cpp">
      <Filter>Source Files\Entity</Filter>
    </ClCompile>
  </ItemGroup>
  <ItemGroup>
    <ClInclude Include="D:\Repos\OpenAvnu\build-test\lib\la_avdecc\src\config.h">
      <Filter>Header Files</Filter>
    </ClInclude>
    <ClInclude Include="D:\Repos\OpenAvnu\lib\la_avdecc\src\endStationImpl.hpp">
      <Filter>Header Files</Filter>
    </ClInclude>
    <ClInclude Include="D:\Repos\OpenAvnu\lib\la_avdecc\src\logHelper.hpp">
      <Filter>Header Files</Filter>
    </ClInclude>
    <ClInclude Include="D:\Repos\OpenAvnu\lib\la_avdecc\src\utils.hpp">
      <Filter>Header Files</Filter>
    </ClInclude>
    <ClInclude Include="D:\Repos\OpenAvnu\lib\la_avdecc\src\protocol\protocolAemControlValuesPayloads.hpp">
      <Filter>Header Files\Protocol</Filter>
    </ClInclude>
    <ClInclude Include="D:\Repos\OpenAvnu\lib\la_avdecc\src\protocol\protocolAemPayloads.hpp">
      <Filter>Header Files\Protocol</Filter>
    </ClInclude>
    <ClInclude Include="D:\Repos\OpenAvnu\lib\la_avdecc\src\protocol\protocolMvuPayloads.hpp">
      <Filter>Header Files\Protocol</Filter>
    </ClInclude>
    <ClInclude Include="D:\Repos\OpenAvnu\lib\la_avdecc\src\protocolInterface\ethernetPacketDispatch.hpp">
      <Filter>Header Files\Protocol Interface</Filter>
    </ClInclude>
    <ClInclude Include="D:\Repos\OpenAvnu\lib\la_avdecc\src\protocolInterface\protocolInterface_pcap.hpp">
      <Filter>Header Files\Protocol Interface</Filter>
    </ClInclude>
    <ClInclude Include="D:\Repos\OpenAvnu\lib\la_avdecc\src\protocolInterface\pcapInterface.hpp">
      <Filter>Header Files\Protocol Interface</Filter>
    </ClInclude>
    <ClInclude Include="D:\Repos\OpenAvnu\lib\la_avdecc\src\protocolInterface\protocolInterface_virtual.hpp">
      <Filter>Header Files\Protocol Interface</Filter>
    </ClInclude>
    <ClInclude Include="D:\Repos\OpenAvnu\lib\la_avdecc\src\stateMachine\advertiseStateMachine.hpp">
      <Filter>Header Files\State Machines</Filter>
    </ClInclude>
    <ClInclude Include="D:\Repos\OpenAvnu\lib\la_avdecc\src\stateMachine\commandStateMachine.hpp">
      <Filter>Header Files\State Machines</Filter>
    </ClInclude>
    <ClInclude Include="D:\Repos\OpenAvnu\lib\la_avdecc\src\stateMachine\discoveryStateMachine.hpp">
      <Filter>Header Files\State Machines</Filter>
    </ClInclude>
    <ClInclude Include="D:\Repos\OpenAvnu\lib\la_avdecc\src\stateMachine\protocolInterfaceDelegate.hpp">
      <Filter>Header Files\State Machines</Filter>
    </ClInclude>
    <ClInclude Include="D:\Repos\OpenAvnu\lib\la_avdecc\src\stateMachine\stateMachineManager.hpp">
      <Filter>Header Files\State Machines</Filter>
    </ClInclude>
    <ClInclude Include="D:\Repos\OpenAvnu\lib\la_avdecc\src\entity\entityImpl.hpp">
      <Filter>Header Files\Entity</Filter>
    </ClInclude>
    <ClInclude Include="D:\Repos\OpenAvnu\lib\la_avdecc\src\entity\aemHandler.hpp">
      <Filter>Header Files\Entity</Filter>
    </ClInclude>
    <ClInclude Include="D:\Repos\OpenAvnu\lib\la_avdecc\src\entity\aggregateEntityImpl.hpp">
      <Filter>Header Files\Entity</Filter>
    </ClInclude>
    <ClInclude Include="D:\Repos\OpenAvnu\lib\la_avdecc\src\entity\controllerCapabilityDelegate.hpp">
      <Filter>Header Files\Entity</Filter>
    </ClInclude>
    <ClInclude Include="D:\Repos\OpenAvnu\lib\la_avdecc\src\entity\controllerEntityImpl.hpp">
      <Filter>Header Files\Entity</Filter>
    </ClInclude>
    <ClInclude Include="D:\Repos\OpenAvnu\lib\la_avdecc\include\la\avdecc\avdecc.hpp">
      <Filter>Header Files\Public</Filter>
    </ClInclude>
    <ClInclude Include="D:\Repos\OpenAvnu\lib\la_avdecc\include\la\avdecc\executor.hpp">
      <Filter>Header Files\Public</Filter>
    </ClInclude>
    <ClInclude Include="D:\Repos\OpenAvnu\lib\la_avdecc\include\la\avdecc\logger.hpp">
      <Filter>Header Files\Public</Filter>
    </ClInclude>
    <ClInclude Include="D:\Repos\OpenAvnu\lib\la_avdecc\include\la\avdecc\memoryBuffer.hpp">
      <Filter>Header Files\Public</Filter>
    </ClInclude>
    <ClInclude Include="D:\Repos\OpenAvnu\lib\la_avdecc\include\la\avdecc\utils.hpp">
      <Filter>Header Files\Public</Filter>
    </ClInclude>
    <ClInclude Include="D:\Repos\OpenAvnu\lib\la_avdecc\include\la\avdecc\watchDog.hpp">
      <Filter>Header Files\Public</Filter>
    </ClInclude>
    <ClInclude Include="D:\Repos\OpenAvnu\lib\la_avdecc\include\la\avdecc\internals\aggregateEntity.hpp">
      <Filter>Header Files\Public\internals</Filter>
    </ClInclude>
    <ClInclude Include="D:\Repos\OpenAvnu\lib\la_avdecc\include\la\avdecc\internals\controllerEntity.hpp">
      <Filter>Header Files\Public\internals</Filter>
    </ClInclude>
    <ClInclude Include="D:\Repos\OpenAvnu\lib\la_avdecc\include\la\avdecc\internals\endian.hpp">
      <Filter>Header Files\Public\internals</Filter>
    </ClInclude>
    <ClInclude Include="D:\Repos\OpenAvnu\lib\la_avdecc\include\la\avdecc\internals\endStation.hpp">
      <Filter>Header Files\Public\internals</Filter>
    </ClInclude>
    <ClInclude Include="D:\Repos\OpenAvnu\lib\la_avdecc\include\la\avdecc\internals\entity.hpp">
      <Filter>Header Files\Public\internals</Filter>
    </ClInclude>
    <ClInclude Include="D:\Repos\OpenAvnu\lib\la_avdecc\include\la\avdecc\internals\entityAddressAccessTypes.hpp">
      <Filter>Header Files\Public\internals</Filter>
    </ClInclude>
    <ClInclude Include="D:\Repos\OpenAvnu\lib\la_avdecc\include\la\avdecc\internals\entityEnums.hpp">
      <Filter>Header Files\Public\internals</Filter>
    </ClInclude>
    <ClInclude Include="D:\Repos\OpenAvnu\lib\la_avdecc\include\la\avdecc\internals\entityModel.hpp">
      <Filter>Header Files\Public\internals</Filter>
    </ClInclude>
    <ClInclude Include="D:\Repos\OpenAvnu\lib\la_avdecc\include\la\avdecc\internals\entityModelControlValues.hpp">
      <Filter>Header Files\Public\internals</Filter>
    </ClInclude>
    <ClInclude Include="D:\Repos\OpenAvnu\lib\la_avdecc\include\la\avdecc\internals\entityModelControlValuesTraits.hpp">
      <Filter>Header Files\Public\internals</Filter>
    </ClInclude>
    <ClInclude Include="D:\Repos\OpenAvnu\lib\la_avdecc\include\la\avdecc\internals\entityModelTree.hpp">
      <Filter>Header Files\Public\internals</Filter>
    </ClInclude>
    <ClInclude Include="D:\Repos\OpenAvnu\lib\la_avdecc\include\la\avdecc\internals\entityModelTreeCommon.hpp">
      <Filter>Header Files\Public\internals</Filter>
    </ClInclude>
    <ClInclude Include="D:\Repos\OpenAvnu\lib\la_avdecc\include\la\avdecc\internals\entityModelTreeDynamic.hpp">
      <Filter>Header Files\Public\internals</Filter>
    </ClInclude>
    <ClInclude Include="D:\Repos\OpenAvnu\lib\la_avdecc\include\la\avdecc\internals\entityModelTreeStatic.hpp">
      <Filter>Header Files\Public\internals</Filter>
    </ClInclude>
    <ClInclude Include="D:\Repos\OpenAvnu\lib\la_avdecc\include\la\avdecc\internals\entityModelTypes.hpp">
      <Filter>Header Files\Public\internals</Filter>
    </ClInclude>
    <ClInclude Include="D:\Repos\OpenAvnu\lib\la_avdecc\include\la\avdecc\internals\exception.hpp">
      <Filter>Header Files\Public\internals</Filter>
    </ClInclude>
    <ClInclude Include="D:\Repos\OpenAvnu\lib\la_avdecc\include\la\avdecc\internals\exports.hpp">
      <Filter>Header Files\Public\internals</Filter>
    </ClInclude>
    <ClInclude Include="D:\Repos\OpenAvnu\lib\la_avdecc\include\la\avdecc\internals\instrumentationNotifier.hpp">
      <Filter>Header Files\Public\internals</Filter>
    </ClInclude>
    <ClInclude Include="D:\Repos\OpenAvnu\lib\la_avdecc\include\la\avdecc\internals\jsonSerialization.hpp">
      <Filter>Header Files\Public\internals</Filter>
    </ClInclude>
    <ClInclude Include="D:\Repos\OpenAvnu\lib\la_avdecc\include\la\avdecc\internals\logItems.hpp">
      <Filter>Header Files\Public\internals</Filter>
    </ClInclude>
    <ClInclude Include="D:\Repos\OpenAvnu\lib\la_avdecc\include\la\avdecc\internals\protocolAaAecpdu.hpp">
      <Filter>Header Files\Public\internals</Filter>
    </ClInclude>
    <ClInclude Include="D:\Repos\OpenAvnu\lib\la_avdecc\include\la\avdecc\internals\protocolAcmpdu.hpp">
      <Filter>Header Files\Public\internals</Filter>
    </ClInclude>
    <ClInclude Include="D:\Repos\OpenAvnu\lib\la_avdecc\include\la\avdecc\internals\protocolAdpdu.hpp">
      <Filter>Header Files\Public\internals</Filter>
    </ClInclude>
    <ClInclude Include="D:\Repos\OpenAvnu\lib\la_avdecc\include\la\avdecc\internals\protocolAecpdu.hpp">
      <Filter>Header Files\Public\internals</Filter>
    </ClInclude>
    <ClInclude Include="D:\Repos\OpenAvnu\lib\la_avdecc\include\la\avdecc\internals\protocolAemAecpdu.hpp">
      <Filter>Header Files\Public\internals</Filter>
    </ClInclude>
    <ClInclude Include="D:\Repos\OpenAvnu\lib\la_avdecc\include\la\avdecc\internals\protocolAemPayloadSizes.hpp">
      <Filter>Header Files\Public\internals</Filter>
    </ClInclude>
    <ClInclude Include="D:\Repos\OpenAvnu\lib\la_avdecc\include\la\avdecc\internals\protocolAvtpdu.hpp">
      <Filter>Header Files\Public\internals</Filter>
    </ClInclude>
    <ClInclude Include="D:\Repos\OpenAvnu\lib\la_avdecc\include\la\avdecc\internals\protocolDefines.hpp">
      <Filter>Header Files\Public\internals</Filter>
    </ClInclude>
    <ClInclude Include="D:\Repos\OpenAvnu\lib\la_avdecc\include\la\avdecc\internals\protocolMvuAecpdu.hpp">
      <Filter>Header Files\Public\internals</Filter>
    </ClInclude>
    <ClInclude Include="D:\Repos\OpenAvnu\lib\la_avdecc\include\la\avdecc\internals\protocolMvuPayloadSizes.hpp">
      <Filter>Header Files\Public\internals</Filter>
    </ClInclude>
    <ClInclude Include="D:\Repos\OpenAvnu\lib\la_avdecc\include\la\avdecc\internals\protocolVuAecpdu.hpp">
      <Filter>Header Files\Public\internals</Filter>
    </ClInclude>
    <ClInclude Include="D:\Repos\OpenAvnu\lib\la_avdecc\include\la\avdecc\internals\protocolInterface.hpp">
      <Filter>Header Files\Public\internals</Filter>
    </ClInclude>
    <ClInclude Include="D:\Repos\OpenAvnu\lib\la_avdecc\include\la\avdecc\internals\serialization.hpp">
      <Filter>Header Files\Public\internals</Filter>
    </ClInclude>
    <ClInclude Include="D:\Repos\OpenAvnu\lib\la_avdecc\include\la\avdecc\internals\streamFormatInfo.hpp">
      <Filter>Header Files\Public\internals</Filter>
    </ClInclude>
    <ClInclude Include="D:\Repos\OpenAvnu\lib\la_avdecc\include\la\avdecc\internals\uniqueIdentifier.hpp">
      <Filter>Header Files\Public\internals</Filter>
    </ClInclude>
    <ClInclude Include="D:\Repos\OpenAvnu\lib\la_avdecc\include\la\avdecc\internals\jsonTypes.hpp">
      <Filter>Header Files\Public\internals</Filter>
    </ClInclude>
    <ClInclude Include="D:\Repos\OpenAvnu\lib\la_avdecc\src\pch.hpp">
      <Filter>Header Files</Filter>
    </ClInclude>
    <ClInclude Include="D:\Repos\OpenAvnu\build-test\lib\la_avdecc\src\CMakeFiles\la_avdecc_cxx.dir\Debug\cmake_pch.hxx">
      <Filter>Precompile Header File</Filter>
    </ClInclude>
    <ClInclude Include="D:\Repos\OpenAvnu\build-test\lib\la_avdecc\src\CMakeFiles\la_avdecc_cxx.dir\Release\cmake_pch.hxx">
      <Filter>Precompile Header File</Filter>
    </ClInclude>
    <ClInclude Include="D:\Repos\OpenAvnu\build-test\lib\la_avdecc\src\CMakeFiles\la_avdecc_cxx.dir\MinSizeRel\cmake_pch.hxx">
      <Filter>Precompile Header File</Filter>
    </ClInclude>
    <ClInclude Include="D:\Repos\OpenAvnu\build-test\lib\la_avdecc\src\CMakeFiles\la_avdecc_cxx.dir\RelWithDebInfo\cmake_pch.hxx">
      <Filter>Precompile Header File</Filter>
    </ClInclude>
  </ItemGroup>
  <ItemGroup>
    <CustomBuild Include="D:\Repos\OpenAvnu\lib\la_avdecc\src\CMakeLists.txt" />
  </ItemGroup>
  <ItemGroup>
    <Natvis Include="D:\Repos\OpenAvnu\lib\la_avdecc\externals\3rdparty\json\nlohmann_json.natvis" />
  </ItemGroup>
  <ItemGroup>
    <None Include="D:\Repos\OpenAvnu\lib\la_avdecc\src\entity\localEntityImpl.ipp">
      <Filter>Header Files\Entity</Filter>
    </None>
  </ItemGroup>
  <ItemGroup>
    <ResourceCompile Include="D:\Repos\OpenAvnu\build-test\lib\la_avdecc\src\resources.rc">
      <Filter>Source Files</Filter>
    </ResourceCompile>
  </ItemGroup>
  <ItemGroup>
    <Filter Include="Header Files">
      <UniqueIdentifier>{373F89B3-ADDA-3FE4-8D14-460676C03A9A}</UniqueIdentifier>
    </Filter>
    <Filter Include="Header Files\Entity">
      <UniqueIdentifier>{A1A3B02A-A7B2-3FAE-9606-EBDCCBD242B9}</UniqueIdentifier>
    </Filter>
    <Filter Include="Header Files\Protocol">
      <UniqueIdentifier>{CCF8798D-ADD3-377F-9588-1512BD69E60A}</UniqueIdentifier>
    </Filter>
    <Filter Include="Header Files\Protocol Interface">
      <UniqueIdentifier>{1BCECFE7-A754-3332-8293-F31734641D44}</UniqueIdentifier>
    </Filter>
    <Filter Include="Header Files\Public">
      <UniqueIdentifier>{84A15CB5-AA40-35C5-9F58-6C47DC1F7F65}</UniqueIdentifier>
    </Filter>
    <Filter Include="Header Files\Public\internals">
      <UniqueIdentifier>{C63E5A22-E35A-3988-BF05-82DEDD1A301F}</UniqueIdentifier>
    </Filter>
    <Filter Include="Header Files\State Machines">
      <UniqueIdentifier>{AE42BBE1-460A-3864-B3B0-C456C696CC47}</UniqueIdentifier>
    </Filter>
    <Filter Include="Precompile Header File">
      <UniqueIdentifier>{4F0EA536-B667-31FB-8A4B-D19CF3719284}</UniqueIdentifier>
    </Filter>
    <Filter Include="Source Files">
      <UniqueIdentifier>{443D7461-6F26-3BA9-AF42-C6034EACC9E7}</UniqueIdentifier>
    </Filter>
    <Filter Include="Source Files\Entity">
      <UniqueIdentifier>{9F2A5098-63C6-36AB-BFE4-5A2D1C96D5A5}</UniqueIdentifier>
    </Filter>
    <Filter Include="Source Files\Protocol">
      <UniqueIdentifier>{47D15349-CDA4-3CBF-9702-F07D30807489}</UniqueIdentifier>
    </Filter>
    <Filter Include="Source Files\Protocol Interface">
      <UniqueIdentifier>{5C5210BA-5D6E-34E9-87DD-178C0C11ECD9}</UniqueIdentifier>
    </Filter>
    <Filter Include="Source Files\State Machines">
      <UniqueIdentifier>{CC450F99-94A9-3610-93F7-19BFE737C802}</UniqueIdentifier>
    </Filter>
  </ItemGroup>
</Project>
